{"version":4,"terraform_version":"1.11.4","serial":41,"lineage":"f867959f-1c20-5657-1bcd-777cb1dec144","outputs":{"repositories":{"value":{".github":{"full_name":"monkescience/.github","html_url":"https://github.com/monkescience/.github","name":".github"},"contracts":{"full_name":"monkescience/contracts","html_url":"https://github.com/monkescience/contracts","name":"contracts"},"docs":{"full_name":"monkescience/docs","html_url":"https://github.com/monkescience/docs","name":"docs"},"gitops":{"full_name":"monkescience/gitops","html_url":"https://github.com/monkescience/gitops","name":"gitops"},"gitops-local":{"full_name":"monkescience/gitops-local","html_url":"https://github.com/monkescience/gitops-local","name":"gitops-local"},"gitops-mixin":{"full_name":"monkescience/gitops-mixin","html_url":"https://github.com/monkescience/gitops-mixin","name":"gitops-mixin"},"grimoire":{"full_name":"monkescience/grimoire","html_url":"https://github.com/monkescience/grimoire","name":"grimoire"},"hivemind":{"full_name":"monkescience/hivemind","html_url":"https://github.com/monkescience/hivemind","name":"hivemind"},"iac":{"full_name":"monkescience/iac","html_url":"https://github.com/monkescience/iac","name":"iac"},"iac-github":{"full_name":"monkescience/iac-github","html_url":"https://github.com/monkescience/iac-github","name":"iac-github"},"phasor":{"full_name":"monkescience/phasor","html_url":"https://github.com/monkescience/phasor","name":"phasor"},"phasor-backend":{"full_name":"monkescience/phasor-backend","html_url":"https://github.com/monkescience/phasor-backend","name":"phasor-backend"},"phasor-frontend":{"full_name":"monkescience/phasor-frontend","html_url":"https://github.com/monkescience/phasor-frontend","name":"phasor-frontend"},"reference-service-go":{"full_name":"monkescience/reference-service-go","html_url":"https://github.com/monkescience/reference-service-go","name":"reference-service-go"},"renovate":{"full_name":"monkescience/renovate","html_url":"https://github.com/monkescience/renovate","name":"renovate"},"skillsmith":{"full_name":"monkescience/skillsmith","html_url":"https://github.com/monkescience/skillsmith","name":"skillsmith"},"spectra":{"full_name":"monkescience/spectra","html_url":"https://github.com/monkescience/spectra","name":"spectra"},"testastic":{"full_name":"monkescience/testastic","html_url":"https://github.com/monkescience/testastic","name":"testastic"},"vital":{"full_name":"monkescience/vital","html_url":"https://github.com/monkescience/vital","name":"vital"}},"type":["object",{".github":["object",{"full_name":"string","html_url":"string","name":"string"}],"contracts":["object",{"full_name":"string","html_url":"string","name":"string"}],"docs":["object",{"full_name":"string","html_url":"string","name":"string"}],"gitops":["object",{"full_name":"string","html_url":"string","name":"string"}],"gitops-local":["object",{"full_name":"string","html_url":"string","name":"string"}],"gitops-mixin":["object",{"full_name":"string","html_url":"string","name":"string"}],"grimoire":["object",{"full_name":"string","html_url":"string","name":"string"}],"hivemind":["object",{"full_name":"string","html_url":"string","name":"string"}],"iac":["object",{"full_name":"string","html_url":"string","name":"string"}],"iac-github":["object",{"full_name":"string","html_url":"string","name":"string"}],"phasor":["object",{"full_name":"string","html_url":"string","name":"string"}],"phasor-backend":["object",{"full_name":"string","html_url":"string","name":"string"}],"phasor-frontend":["object",{"full_name":"string","html_url":"string","name":"string"}],"reference-service-go":["object",{"full_name":"string","html_url":"string","name":"string"}],"renovate":["object",{"full_name":"string","html_url":"string","name":"string"}],"skillsmith":["object",{"full_name":"string","html_url":"string","name":"string"}],"spectra":["object",{"full_name":"string","html_url":"string","name":"string"}],"testastic":["object",{"full_name":"string","html_url":"string","name":"string"}],"vital":["object",{"full_name":"string","html_url":"string","name":"string"}]}]}},"resources":[{"module":"module.base","mode":"managed","type":"github_branch_default","name":"default_branch","provider":"provider[\"registry.opentofu.org/integrations/github\"]","instances":[{"index_key":".github","schema_version":0,"attributes":{"branch":"main","etag":"W/\"a59e15f06b5fb9125431fb477c96211233b81492dc1847af8750e0e7670e4ac1\"","id":".github","rename":false,"repository":".github"},"sensitive_attributes":[],"private":"bnVsbA==","dependencies":["module.base.github_repository.repository"]},{"index_key":"contracts","schema_version":0,"attributes":{"branch":"main","etag":"W/\"c29313e09178f0c167698eddab03c6ea18d0297b46e3548564bf3c277620e5af\"","id":"contracts","rename":false,"repository":"contracts"},"sensitive_attributes":[],"private":"bnVsbA==","dependencies":["module.base.github_repository.repository"]},{"index_key":"docs","schema_version":0,"attributes":{"branch":"main","etag":"W/\"3fe45e9359d657428c88acb2c6b45be3733ba14ace226cd2c87fbce8b6ed9b0b\"","id":"docs","rename":null,"repository":"docs"},"sensitive_attributes":[],"private":"eyJzY2hlbWFfdmVyc2lvbiI6IjAifQ==","dependencies":["module.base.github_repository.repository"]},{"index_key":"gitops","schema_version":0,"attributes":{"branch":"main","etag":"W/\"e9fa05d6df53fc5bda87f6ebacea969533656b7980a9ad72fd6b74870bd4afb3\"","id":"gitops","rename":null,"repository":"gitops"},"sensitive_attributes":[],"private":"eyJzY2hlbWFfdmVyc2lvbiI6IjAifQ==","dependencies":["module.base.github_repository.repository"]},{"index_key":"gitops-local","schema_version":0,"attributes":{"branch":"main","etag":"W/\"99feda2ba27676add527d6c2c594c504aa426ff2c7f3f1140a085b159159a378\"","id":"gitops-local","rename":null,"repository":"gitops-local"},"sensitive_attributes":[],"private":"eyJzY2hlbWFfdmVyc2lvbiI6IjAifQ==","dependencies":["module.base.github_repository.repository"]},{"index_key":"gitops-mixin","schema_version":0,"attributes":{"branch":"main","etag":"W/\"ca9230ac8125773967b3530691aac0e71384a7884795788e1e7d10653ab8a757\"","id":"gitops-mixin","rename":null,"repository":"gitops-mixin"},"sensitive_attributes":[],"private":"eyJzY2hlbWFfdmVyc2lvbiI6IjAifQ==","dependencies":["module.base.github_repository.repository"]},{"index_key":"grimoire","schema_version":0,"attributes":{"branch":"main","etag":"W/\"c72a1dacf7a7b48024a5e2f8a2b9dfaf0ca5433043a4c34f36cad0c0676bab2e\"","id":"grimoire","rename":false,"repository":"grimoire"},"sensitive_attributes":[],"private":"bnVsbA==","dependencies":["module.base.github_repository.repository"]},{"index_key":"hivemind","schema_version":0,"attributes":{"branch":"main","etag":"W/\"9baa6d576361a78081acd2700ca8e3830260ecaf5642719dc0dae620b1bead38\"","id":"hivemind","rename":false,"repository":"hivemind"},"sensitive_attributes":[],"private":"bnVsbA==","dependencies":["module.base.github_repository.repository"]},{"index_key":"iac","schema_version":0,"attributes":{"branch":"main","etag":"W/\"725eaedfb55ddd452e487a0cfa9ece5bcd55ac92ddf973dbab04117453d8a4c9\"","id":"iac","rename":null,"repository":"iac"},"sensitive_attributes":[],"private":"eyJzY2hlbWFfdmVyc2lvbiI6IjAifQ==","dependencies":["module.base.github_repository.repository"]},{"index_key":"iac-github","schema_version":0,"attributes":{"branch":"main","etag":"W/\"7a5472229dad873a306b75d60e5996d501cb6af70b338cd8b0c43aa1368bfa48\"","id":"iac-github","rename":false,"repository":"iac-github"},"sensitive_attributes":[],"private":"bnVsbA==","dependencies":["module.base.github_repository.repository"]},{"index_key":"phasor","schema_version":0,"attributes":{"branch":"main","etag":"W/\"c51bb7d32afefc41633f62481d6e34364dc124a4c9f357bb8b0041266b929fa6\"","id":"phasor","rename":null,"repository":"phasor"},"sensitive_attributes":[],"private":"eyJzY2hlbWFfdmVyc2lvbiI6IjAifQ==","dependencies":["module.base.github_repository.repository"]},{"index_key":"phasor-backend","schema_version":0,"attributes":{"branch":"main","etag":"W/\"17fba17fef5a11eca27112a4c20fe0203d9936e3cf2c49551bd704dc462c1af1\"","id":"phasor-backend","rename":false,"repository":"phasor-backend"},"sensitive_attributes":[],"private":"bnVsbA==","dependencies":["module.base.github_repository.repository"]},{"index_key":"phasor-frontend","schema_version":0,"attributes":{"branch":"main","etag":"W/\"ce1df9a20579ed5197c93dd80c2316a796df6ada30f167a952ac05f0c722a93c\"","id":"phasor-frontend","rename":false,"repository":"phasor-frontend"},"sensitive_attributes":[],"private":"bnVsbA==","dependencies":["module.base.github_repository.repository"]},{"index_key":"reference-service-go","schema_version":0,"attributes":{"branch":"main","etag":"W/\"371ed215ff2085bc359f87d8832a325e8cc22a8e56a7d9090bfad59c93bceea7\"","id":"reference-service-go","rename":null,"repository":"reference-service-go"},"sensitive_attributes":[],"private":"eyJzY2hlbWFfdmVyc2lvbiI6IjAifQ==","dependencies":["module.base.github_repository.repository"]},{"index_key":"renovate","schema_version":0,"attributes":{"branch":"main","etag":"W/\"f0acaf4b0e934e7872c62d88de8adeafe4439ce313f9e051d2c03c33a94a96a0\"","id":"renovate","rename":null,"repository":"renovate"},"sensitive_attributes":[],"private":"eyJzY2hlbWFfdmVyc2lvbiI6IjAifQ==","dependencies":["module.base.github_repository.repository"]},{"index_key":"skillsmith","schema_version":0,"attributes":{"branch":"main","etag":"W/\"ccbf4f83095da8c4f41e0c0860d3f2ffa31835cfe7ee0a59dc9480cc0cda2389\"","id":"skillsmith","rename":false,"repository":"skillsmith"},"sensitive_attributes":[],"private":"bnVsbA==","dependencies":["module.base.github_repository.repository"]},{"index_key":"spectra","schema_version":0,"attributes":{"branch":"main","etag":"W/\"4cf219a93b5353985459ece3b36896d2ea5e56a1228b3c97997b9024778d530a\"","id":"spectra","rename":false,"repository":"spectra"},"sensitive_attributes":[],"private":"bnVsbA==","dependencies":["module.base.github_repository.repository"]},{"index_key":"testastic","schema_version":0,"attributes":{"branch":"main","etag":"W/\"b52714674f9412eaedc166b97fadbed8fb3810cd9d1e26a3ea55501cafb39fba\"","id":"testastic","rename":null,"repository":"testastic"},"sensitive_attributes":[],"private":"eyJzY2hlbWFfdmVyc2lvbiI6IjAifQ==","dependencies":["module.base.github_repository.repository"]},{"index_key":"vital","schema_version":0,"attributes":{"branch":"main","etag":"W/\"297fcae70065feaf290c36072f79e696f94fe471272f1c38a49f442aa0891d7d\"","id":"vital","rename":null,"repository":"vital"},"sensitive_attributes":[],"private":"eyJzY2hlbWFfdmVyc2lvbiI6IjAifQ==","dependencies":["module.base.github_repository.repository"]}]},{"module":"module.base","mode":"managed","type":"github_branch_protection","name":"default_branch","provider":"provider[\"registry.opentofu.org/integrations/github\"]","instances":[{"index_key":".github","schema_version":2,"attributes":{"allows_deletions":false,"allows_force_pushes":false,"enforce_admins":false,"force_push_bypassers":[],"id":"BPR_kwDOQ3S6fc4EQ4dD","lock_branch":false,"pattern":"main","repository_id":"R_kgDOQ3S6fQ","require_conversation_resolution":true,"require_signed_commits":false,"required_linear_history":true,"required_pull_request_reviews":[{"dismiss_stale_reviews":true,"dismissal_restrictions":[],"pull_request_bypassers":[],"require_code_owner_reviews":false,"require_last_push_approval":false,"required_approving_review_count":0,"restrict_dismissals":false}],"required_status_checks":[],"restrict_pushes":[]},"sensitive_attributes":[],"private":"eyJzY2hlbWFfdmVyc2lvbiI6IjIifQ==","dependencies":["module.base.github_repository.repository"]},{"index_key":"contracts","schema_version":2,"attributes":{"allows_deletions":false,"allows_force_pushes":false,"enforce_admins":false,"force_push_bypassers":[],"id":"BPR_kwDOQ76ul84ER5tp","lock_branch":false,"pattern":"main","repository_id":"R_kgDOQ76ulw","require_conversation_resolution":true,"require_signed_commits":false,"required_linear_history":true,"required_pull_request_reviews":[{"dismiss_stale_reviews":true,"dismissal_restrictions":[],"pull_request_bypassers":[],"require_code_owner_reviews":false,"require_last_push_approval":false,"required_approving_review_count":0,"restrict_dismissals":false}],"required_status_checks":[],"restrict_pushes":[]},"sensitive_attributes":[],"private":"eyJzY2hlbWFfdmVyc2lvbiI6IjIifQ==","dependencies":["module.base.github_repository.repository"]},{"index_key":"docs","schema_version":2,"attributes":{"allows_deletions":false,"allows_force_pushes":false,"enforce_admins":false,"force_push_bypassers":[],"id":"BPR_kwDOQjZ7zM4EQ4lp","lock_branch":false,"pattern":"main","repository_id":"R_kgDOQjZ7zA","require_conversation_resolution":true,"require_signed_commits":false,"required_linear_history":true,"required_pull_request_reviews":[{"dismiss_stale_reviews":true,"dismissal_restrictions":[],"pull_request_bypassers":[],"require_code_owner_reviews":false,"require_last_push_approval":false,"required_approving_review_count":0,"restrict_dismissals":false}],"required_status_checks":[],"restrict_pushes":[]},"sensitive_attributes":[],"private":"eyJzY2hlbWFfdmVyc2lvbiI6IjIifQ==","dependencies":["module.base.github_repository.repository"]},{"index_key":"gitops","schema_version":2,"attributes":{"allows_deletions":false,"allows_force_pushes":false,"enforce_admins":false,"force_push_bypassers":[],"id":"BPR_kwDOO3tnBc4EQ4lq","lock_branch":false,"pattern":"main","repository_id":"R_kgDOO3tnBQ","require_conversation_resolution":true,"require_signed_commits":false,"required_linear_history":true,"required_pull_request_reviews":[{"dismiss_stale_reviews":true,"dismissal_restrictions":[],"pull_request_bypassers":[],"require_code_owner_reviews":false,"require_last_push_approval":false,"required_approving_review_count":0,"restrict_dismissals":false}],"required_status_checks":[],"restrict_pushes":[]},"sensitive_attributes":[],"private":"eyJzY2hlbWFfdmVyc2lvbiI6IjIifQ==","dependencies":["module.base.github_repository.repository"]},{"index_key":"gitops-local","schema_version":2,"attributes":{"allows_deletions":false,"allows_force_pushes":false,"enforce_admins":false,"force_push_bypassers":[],"id":"BPR_kwDOQnFNIs4EQ4q4","lock_branch":false,"pattern":"main","repository_id":"R_kgDOQnFNIg","require_conversation_resolution":true,"require_signed_commits":false,"required_linear_history":true,"required_pull_request_reviews":[{"dismiss_stale_reviews":true,"dismissal_restrictions":[],"pull_request_bypassers":[],"require_code_owner_reviews":false,"require_last_push_approval":false,"required_approving_review_count":0,"restrict_dismissals":false}],"required_status_checks":[],"restrict_pushes":[]},"sensitive_attributes":[],"private":"eyJzY2hlbWFfdmVyc2lvbiI6IjIifQ==","dependencies":["module.base.github_repository.repository"]},{"index_key":"gitops-mixin","schema_version":2,"attributes":{"allows_deletions":false,"allows_force_pushes":false,"enforce_admins":false,"force_push_bypassers":[],"id":"BPR_kwDOQoHbsM4EQ4xH","lock_branch":false,"pattern":"main","repository_id":"R_kgDOQoHbsA","require_conversation_resolution":true,"require_signed_commits":false,"required_linear_history":true,"required_pull_request_reviews":[{"dismiss_stale_reviews":true,"dismissal_restrictions":[],"pull_request_bypassers":[],"require_code_owner_reviews":false,"require_last_push_approval":false,"required_approving_review_count":0,"restrict_dismissals":false}],"required_status_checks":[],"restrict_pushes":[]},"sensitive_attributes":[],"private":"eyJzY2hlbWFfdmVyc2lvbiI6IjIifQ==","dependencies":["module.base.github_repository.repository"]},{"index_key":"iac","schema_version":2,"attributes":{"allows_deletions":false,"allows_force_pushes":false,"enforce_admins":false,"force_push_bypassers":[],"id":"BPR_kwDOOTBcfM4EQ4yj","lock_branch":false,"pattern":"main","repository_id":"R_kgDOOTBcfA","require_conversation_resolution":true,"require_signed_commits":false,"required_linear_history":true,"required_pull_request_reviews":[{"dismiss_stale_reviews":true,"dismissal_restrictions":[],"pull_request_bypassers":[],"require_code_owner_reviews":false,"require_last_push_approval":false,"required_approving_review_count":0,"restrict_dismissals":false}],"required_status_checks":[],"restrict_pushes":[]},"sensitive_attributes":[],"private":"eyJzY2hlbWFfdmVyc2lvbiI6IjIifQ==","dependencies":["module.base.github_repository.repository"]},{"index_key":"iac-github","schema_version":2,"attributes":{"allows_deletions":false,"allows_force_pushes":false,"enforce_admins":false,"force_push_bypassers":[],"id":"BPR_kwDOQ7XFsc4ERz6d","lock_branch":false,"pattern":"main","repository_id":"R_kgDOQ7XFsQ","require_conversation_resolution":true,"require_signed_commits":false,"required_linear_history":true,"required_pull_request_reviews":[{"dismiss_stale_reviews":true,"dismissal_restrictions":[],"pull_request_bypassers":[],"require_code_owner_reviews":false,"require_last_push_approval":false,"required_approving_review_count":0,"restrict_dismissals":false}],"required_status_checks":[],"restrict_pushes":[]},"sensitive_attributes":[],"private":"eyJzY2hlbWFfdmVyc2lvbiI6IjIifQ==","dependencies":["module.base.github_repository.repository"]},{"index_key":"phasor","schema_version":2,"attributes":{"allows_deletions":false,"allows_force_pushes":false,"enforce_admins":false,"force_push_bypassers":[],"id":"BPR_kwDOQlFN9c4EQ4yv","lock_branch":false,"pattern":"main","repository_id":"R_kgDOQlFN9Q","require_conversation_resolution":true,"require_signed_commits":false,"required_linear_history":true,"required_pull_request_reviews":[{"dismiss_stale_reviews":true,"dismissal_restrictions":[],"pull_request_bypassers":[],"require_code_owner_reviews":false,"require_last_push_approval":false,"required_approving_review_count":0,"restrict_dismissals":false}],"required_status_checks":[],"restrict_pushes":[]},"sensitive_attributes":[],"private":"eyJzY2hlbWFfdmVyc2lvbiI6IjIifQ==","dependencies":["module.base.github_repository.repository"]},{"index_key":"reference-service-go","schema_version":2,"attributes":{"allows_deletions":false,"allows_force_pushes":false,"enforce_admins":false,"force_push_bypassers":[],"id":"BPR_kwDOOrml5c4EQ40v","lock_branch":false,"pattern":"main","repository_id":"R_kgDOOrml5Q","require_conversation_resolution":true,"require_signed_commits":false,"required_linear_history":true,"required_pull_request_reviews":[{"dismiss_stale_reviews":true,"dismissal_restrictions":[],"pull_request_bypassers":[],"require_code_owner_reviews":false,"require_last_push_approval":false,"required_approving_review_count":0,"restrict_dismissals":false}],"required_status_checks":[],"restrict_pushes":[]},"sensitive_attributes":[],"private":"eyJzY2hlbWFfdmVyc2lvbiI6IjIifQ==","dependencies":["module.base.github_repository.repository"]},{"index_key":"renovate","schema_version":2,"attributes":{"allows_deletions":false,"allows_force_pushes":false,"enforce_admins":false,"force_push_bypassers":[],"id":"BPR_kwDOOrpcuc4EQ4k7","lock_branch":false,"pattern":"main","repository_id":"R_kgDOOrpcuQ","require_conversation_resolution":true,"require_signed_commits":false,"required_linear_history":true,"required_pull_request_reviews":[{"dismiss_stale_reviews":true,"dismissal_restrictions":[],"pull_request_bypassers":[],"require_code_owner_reviews":false,"require_last_push_approval":false,"required_approving_review_count":0,"restrict_dismissals":false}],"required_status_checks":[],"restrict_pushes":[]},"sensitive_attributes":[],"private":"eyJzY2hlbWFfdmVyc2lvbiI6IjIifQ==","dependencies":["module.base.github_repository.repository"]},{"index_key":"testastic","schema_version":2,"attributes":{"allows_deletions":false,"allows_force_pushes":false,"enforce_admins":false,"force_push_bypassers":[],"id":"BPR_kwDOQnz4ks4EQ40w","lock_branch":false,"pattern":"main","repository_id":"R_kgDOQnz4kg","require_conversation_resolution":true,"require_signed_commits":false,"required_linear_history":true,"required_pull_request_reviews":[{"dismiss_stale_reviews":true,"dismissal_restrictions":[],"pull_request_bypassers":[],"require_code_owner_reviews":false,"require_last_push_approval":false,"required_approving_review_count":0,"restrict_dismissals":false}],"required_status_checks":[],"restrict_pushes":[]},"sensitive_attributes":[],"private":"eyJzY2hlbWFfdmVyc2lvbiI6IjIifQ==","dependencies":["module.base.github_repository.repository"]},{"index_key":"vital","schema_version":2,"attributes":{"allows_deletions":false,"allows_force_pushes":false,"enforce_admins":false,"force_push_bypassers":[],"id":"BPR_kwDOPav2Qs4ETjWt","lock_branch":false,"pattern":"main","repository_id":"R_kgDOPav2Qg","require_conversation_resolution":true,"require_signed_commits":false,"required_linear_history":true,"required_pull_request_reviews":[{"dismiss_stale_reviews":true,"dismissal_restrictions":[],"pull_request_bypassers":[],"require_code_owner_reviews":false,"require_last_push_approval":false,"required_approving_review_count":0,"restrict_dismissals":false}],"required_status_checks":[],"restrict_pushes":[]},"sensitive_attributes":[],"private":"eyJzY2hlbWFfdmVyc2lvbiI6IjIifQ==","dependencies":["module.base.github_repository.repository"]}]},{"module":"module.base","mode":"managed","type":"github_repository","name":"repository","provider":"provider[\"registry.opentofu.org/integrations/github\"]","instances":[{"index_key":".github","schema_version":1,"attributes":{"allow_auto_merge":true,"allow_merge_commit":false,"allow_rebase_merge":false,"allow_squash_merge":true,"allow_update_branch":false,"archive_on_destroy":null,"archived":false,"auto_init":true,"default_branch":"main","delete_branch_on_merge":true,"description":"","etag":"W/\"a59e15f06b5fb9125431fb477c96211233b81492dc1847af8750e0e7670e4ac1\"","fork":"false","full_name":"monkescience/.github","git_clone_url":"git://github.com/monkescience/.github.git","gitignore_template":null,"has_discussions":false,"has_downloads":false,"has_issues":false,"has_projects":false,"has_wiki":false,"homepage_url":"","html_url":"https://github.com/monkescience/.github","http_clone_url":"https://github.com/monkescience/.github.git","id":".github","ignore_vulnerability_alerts_during_read":null,"is_template":false,"license_template":"mit","merge_commit_message":"PR_TITLE","merge_commit_title":"MERGE_MESSAGE","name":".github","node_id":"R_kgDOQ3S6fQ","pages":[],"primary_language":"","private":false,"repo_id":1131723389,"security_and_analysis":[{"advanced_security":[],"code_security":[],"secret_scanning":[{"status":"disabled"}],"secret_scanning_ai_detection":[],"secret_scanning_non_provider_patterns":[],"secret_scanning_push_protection":[{"status":"disabled"}]}],"source_owner":"","source_repo":"","squash_merge_commit_message":"BLANK","squash_merge_commit_title":"PR_TITLE","ssh_clone_url":"git@github.com:monkescience/.github.git","svn_url":"https://github.com/monkescience/.github","template":[],"topics":[],"visibility":"public","vulnerability_alerts":true,"web_commit_signoff_required":false},"sensitive_attributes":[],"private":"eyJzY2hlbWFfdmVyc2lvbiI6IjEifQ=="},{"index_key":"contracts","schema_version":1,"attributes":{"allow_auto_merge":true,"allow_merge_commit":false,"allow_rebase_merge":false,"allow_squash_merge":true,"allow_update_branch":false,"archive_on_destroy":null,"archived":false,"auto_init":true,"default_branch":"main","delete_branch_on_merge":true,"description":"","etag":"W/\"c29313e09178f0c167698eddab03c6ea18d0297b46e3548564bf3c277620e5af\"","fork":"false","full_name":"monkescience/contracts","git_clone_url":"git://github.com/monkescience/contracts.git","gitignore_template":null,"has_discussions":false,"has_downloads":false,"has_issues":true,"has_projects":false,"has_wiki":false,"homepage_url":"","html_url":"https://github.com/monkescience/contracts","http_clone_url":"https://github.com/monkescience/contracts.git","id":"contracts","ignore_vulnerability_alerts_during_read":null,"is_template":false,"license_template":"mit","merge_commit_message":"PR_TITLE","merge_commit_title":"MERGE_MESSAGE","name":"contracts","node_id":"R_kgDOQ76ulw","pages":[],"primary_language":"Makefile","private":false,"repo_id":1136570007,"security_and_analysis":[{"advanced_security":[],"code_security":[],"secret_scanning":[{"status":"disabled"}],"secret_scanning_ai_detection":[],"secret_scanning_non_provider_patterns":[],"secret_scanning_push_protection":[{"status":"disabled"}]}],"source_owner":"","source_repo":"","squash_merge_commit_message":"BLANK","squash_merge_commit_title":"PR_TITLE","ssh_clone_url":"git@github.com:monkescience/contracts.git","svn_url":"https://github.com/monkescience/contracts","template":[],"topics":[],"visibility":"public","vulnerability_alerts":true,"web_commit_signoff_required":false},"sensitive_attributes":[],"private":"eyJzY2hlbWFfdmVyc2lvbiI6IjEifQ=="},{"index_key":"docs","schema_version":1,"attributes":{"allow_auto_merge":true,"allow_merge_commit":false,"allow_rebase_merge":false,"allow_squash_merge":true,"allow_update_branch":false,"archive_on_destroy":null,"archived":false,"auto_init":true,"default_branch":"main","delete_branch_on_merge":true,"description":"","etag":"W/\"0e9d279bd906cf6774b81d2467ec4b218e9468a03357266b871c96f5cb7a0ed4\"","fork":"false","full_name":"monkescience/docs","git_clone_url":"git://github.com/monkescience/docs.git","gitignore_template":null,"has_discussions":false,"has_downloads":false,"has_issues":true,"has_projects":false,"has_wiki":false,"homepage_url":"","html_url":"https://github.com/monkescience/docs","http_clone_url":"https://github.com/monkescience/docs.git","id":"docs","ignore_vulnerability_alerts_during_read":null,"is_template":false,"license_template":"mit","merge_commit_message":"PR_TITLE","merge_commit_title":"MERGE_MESSAGE","name":"docs","node_id":"R_kgDOQjZ7zA","pages":[],"primary_language":"","private":false,"repo_id":1110866892,"security_and_analysis":[{"advanced_security":[],"code_security":[],"secret_scanning":[{"status":"disabled"}],"secret_scanning_ai_detection":[],"secret_scanning_non_provider_patterns":[],"secret_scanning_push_protection":[{"status":"disabled"}]}],"source_owner":"","source_repo":"","squash_merge_commit_message":"BLANK","squash_merge_commit_title":"PR_TITLE","ssh_clone_url":"git@github.com:monkescience/docs.git","svn_url":"https://github.com/monkescience/docs","template":[],"topics":[],"visibility":"public","vulnerability_alerts":true,"web_commit_signoff_required":false},"sensitive_attributes":[],"private":"eyJzY2hlbWFfdmVyc2lvbiI6IjEifQ=="},{"index_key":"gitops","schema_version":1,"attributes":{"allow_auto_merge":true,"allow_merge_commit":false,"allow_rebase_merge":false,"allow_squash_merge":true,"allow_update_branch":false,"archive_on_destroy":null,"archived":false,"auto_init":true,"default_branch":"main","delete_branch_on_merge":true,"description":"","etag":"W/\"f512217026980179e06d03b258494783b5b0c73edface04b2ef4dd19cd89764a\"","fork":"false","full_name":"monkescience/gitops","git_clone_url":"git://github.com/monkescience/gitops.git","gitignore_template":null,"has_discussions":false,"has_downloads":false,"has_issues":true,"has_projects":false,"has_wiki":false,"homepage_url":"","html_url":"https://github.com/monkescience/gitops","http_clone_url":"https://github.com/monkescience/gitops.git","id":"gitops","ignore_vulnerability_alerts_during_read":null,"is_template":false,"license_template":"mit","merge_commit_message":"PR_TITLE","merge_commit_title":"MERGE_MESSAGE","name":"gitops","node_id":"R_kgDOO3tnBQ","pages":[],"primary_language":"","private":false,"repo_id":997943045,"security_and_analysis":[{"advanced_security":[],"code_security":[],"secret_scanning":[{"status":"disabled"}],"secret_scanning_ai_detection":[],"secret_scanning_non_provider_patterns":[],"secret_scanning_push_protection":[{"status":"disabled"}]}],"source_owner":"","source_repo":"","squash_merge_commit_message":"BLANK","squash_merge_commit_title":"PR_TITLE","ssh_clone_url":"git@github.com:monkescience/gitops.git","svn_url":"https://github.com/monkescience/gitops","template":[],"topics":[],"visibility":"public","vulnerability_alerts":true,"web_commit_signoff_required":false},"sensitive_attributes":[],"private":"eyJzY2hlbWFfdmVyc2lvbiI6IjEifQ=="},{"index_key":"gitops-local","schema_version":1,"attributes":{"allow_auto_merge":true,"allow_merge_commit":false,"allow_rebase_merge":false,"allow_squash_merge":true,"allow_update_branch":false,"archive_on_destroy":null,"archived":false,"auto_init":true,"default_branch":"main","delete_branch_on_merge":true,"description":"","etag":"W/\"323fbb9325dda362808477d908a68cf4b452706f5914a9f19d98d8d8b6bcf821\"","fork":"false","full_name":"monkescience/gitops-local","git_clone_url":"git://github.com/monkescience/gitops-local.git","gitignore_template":null,"has_discussions":false,"has_downloads":false,"has_issues":true,"has_projects":false,"has_wiki":false,"homepage_url":"","html_url":"https://github.com/monkescience/gitops-local","http_clone_url":"https://github.com/monkescience/gitops-local.git","id":"gitops-local","ignore_vulnerability_alerts_during_read":null,"is_template":false,"license_template":"mit","merge_commit_message":"PR_TITLE","merge_commit_title":"MERGE_MESSAGE","name":"gitops-local","node_id":"R_kgDOQnFNIg","pages":[],"primary_language":"Shell","private":false,"repo_id":1114721570,"security_and_analysis":[{"advanced_security":[],"code_security":[],"secret_scanning":[{"status":"disabled"}],"secret_scanning_ai_detection":[],"secret_scanning_non_provider_patterns":[],"secret_scanning_push_protection":[{"status":"disabled"}]}],"source_owner":"","source_repo":"","squash_merge_commit_message":"BLANK","squash_merge_commit_title":"PR_TITLE","ssh_clone_url":"git@github.com:monkescience/gitops-local.git","svn_url":"https://github.com/monkescience/gitops-local","template":[],"topics":[],"visibility":"public","vulnerability_alerts":true,"web_commit_signoff_required":false},"sensitive_attributes":[],"private":"eyJzY2hlbWFfdmVyc2lvbiI6IjEifQ=="},{"index_key":"gitops-mixin","schema_version":1,"attributes":{"allow_auto_merge":true,"allow_merge_commit":false,"allow_rebase_merge":false,"allow_squash_merge":true,"allow_update_branch":false,"archive_on_destroy":null,"archived":false,"auto_init":true,"default_branch":"main","delete_branch_on_merge":true,"description":"","etag":"W/\"1995ef7a69bf054c6c57fff0953ae31914e8b4747831f0fc1f3b498b2a56b761\"","fork":"false","full_name":"monkescience/gitops-mixin","git_clone_url":"git://github.com/monkescience/gitops-mixin.git","gitignore_template":null,"has_discussions":false,"has_downloads":false,"has_issues":true,"has_projects":false,"has_wiki":false,"homepage_url":"","html_url":"https://github.com/monkescience/gitops-mixin","http_clone_url":"https://github.com/monkescience/gitops-mixin.git","id":"gitops-mixin","ignore_vulnerability_alerts_during_read":null,"is_template":false,"license_template":"mit","merge_commit_message":"PR_TITLE","merge_commit_title":"MERGE_MESSAGE","name":"gitops-mixin","node_id":"R_kgDOQoHbsA","pages":[],"primary_language":"Jsonnet","private":false,"repo_id":1115806640,"security_and_analysis":[{"advanced_security":[],"code_security":[],"secret_scanning":[{"status":"disabled"}],"secret_scanning_ai_detection":[],"secret_scanning_non_provider_patterns":[],"secret_scanning_push_protection":[{"status":"disabled"}]}],"source_owner":"","source_repo":"","squash_merge_commit_message":"BLANK","squash_merge_commit_title":"PR_TITLE","ssh_clone_url":"git@github.com:monkescience/gitops-mixin.git","svn_url":"https://github.com/monkescience/gitops-mixin","template":[],"topics":[],"visibility":"public","vulnerability_alerts":true,"web_commit_signoff_required":false},"sensitive_attributes":[],"private":"eyJzY2hlbWFfdmVyc2lvbiI6IjEifQ=="},{"index_key":"grimoire","schema_version":1,"attributes":{"allow_auto_merge":true,"allow_merge_commit":false,"allow_rebase_merge":false,"allow_squash_merge":true,"allow_update_branch":false,"archive_on_destroy":null,"archived":false,"auto_init":true,"default_branch":"main","delete_branch_on_merge":true,"description":"","etag":"W/\"c72a1dacf7a7b48024a5e2f8a2b9dfaf0ca5433043a4c34f36cad0c0676bab2e\"","fork":"false","full_name":"monkescience/grimoire","git_clone_url":"git://github.com/monkescience/grimoire.git","gitignore_template":null,"has_discussions":false,"has_downloads":false,"has_issues":true,"has_projects":false,"has_wiki":false,"homepage_url":"","html_url":"https://github.com/monkescience/grimoire","http_clone_url":"https://github.com/monkescience/grimoire.git","id":"grimoire","ignore_vulnerability_alerts_during_read":null,"is_template":false,"license_template":"mit","merge_commit_message":"PR_TITLE","merge_commit_title":"MERGE_MESSAGE","name":"grimoire","node_id":"R_kgDOQ-i_IA","pages":[],"primary_language":"Go","private":false,"repo_id":1139326752,"security_and_analysis":[{"advanced_security":[],"code_security":[],"secret_scanning":[{"status":"disabled"}],"secret_scanning_ai_detection":[],"secret_scanning_non_provider_patterns":[],"secret_scanning_push_protection":[{"status":"disabled"}]}],"source_owner":"","source_repo":"","squash_merge_commit_message":"BLANK","squash_merge_commit_title":"PR_TITLE","ssh_clone_url":"git@github.com:monkescience/grimoire.git","svn_url":"https://github.com/monkescience/grimoire","template":[],"topics":[],"visibility":"public","vulnerability_alerts":true,"web_commit_signoff_required":false},"sensitive_attributes":[],"private":"eyJzY2hlbWFfdmVyc2lvbiI6IjEifQ=="},{"index_key":"hivemind","schema_version":1,"attributes":{"allow_auto_merge":true,"allow_merge_commit":false,"allow_rebase_merge":false,"allow_squash_merge":true,"allow_update_branch":false,"archive_on_destroy":null,"archived":false,"auto_init":true,"default_branch":"main","delete_branch_on_merge":true,"description":"","etag":"W/\"9baa6d576361a78081acd2700ca8e3830260ecaf5642719dc0dae620b1bead38\"","fork":"false","full_name":"monkescience/hivemind","git_clone_url":"git://github.com/monkescience/hivemind.git","gitignore_template":null,"has_discussions":false,"has_downloads":false,"has_issues":true,"has_projects":false,"has_wiki":false,"homepage_url":"","html_url":"https://github.com/monkescience/hivemind","http_clone_url":"https://github.com/monkescience/hivemind.git","id":"hivemind","ignore_vulnerability_alerts_during_read":null,"is_template":false,"license_template":"mit","merge_commit_message":"PR_TITLE","merge_commit_title":"MERGE_MESSAGE","name":"hivemind","node_id":"R_kgDOREdmAQ","pages":[],"primary_language":"","private":false,"repo_id":1145529857,"security_and_analysis":[{"advanced_security":[],"code_security":[],"secret_scanning":[{"status":"disabled"}],"secret_scanning_ai_detection":[],"secret_scanning_non_provider_patterns":[],"secret_scanning_push_protection":[{"status":"disabled"}]}],"source_owner":"","source_repo":"","squash_merge_commit_message":"BLANK","squash_merge_commit_title":"PR_TITLE","ssh_clone_url":"git@github.com:monkescience/hivemind.git","svn_url":"https://github.com/monkescience/hivemind","template":[],"topics":[],"visibility":"public","vulnerability_alerts":true,"web_commit_signoff_required":false},"sensitive_attributes":[],"private":"eyJzY2hlbWFfdmVyc2lvbiI6IjEifQ=="},{"index_key":"iac","schema_version":1,"attributes":{"allow_auto_merge":true,"allow_merge_commit":false,"allow_rebase_merge":false,"allow_squash_merge":true,"allow_update_branch":false,"archive_on_destroy":null,"archived":false,"auto_init":true,"default_branch":"main","delete_branch_on_merge":true,"description":"","etag":"W/\"73a6b64b30097a99ae9a2d6ce6959ca17822ca0096541d2e3b71c18daecdc417\"","fork":"false","full_name":"monkescience/iac","git_clone_url":"git://github.com/monkescience/iac.git","gitignore_template":null,"has_discussions":false,"has_downloads":false,"has_issues":true,"has_projects":false,"has_wiki":false,"homepage_url":"","html_url":"https://github.com/monkescience/iac","http_clone_url":"https://github.com/monkescience/iac.git","id":"iac","ignore_vulnerability_alerts_during_read":null,"is_template":false,"license_template":"mit","merge_commit_message":"PR_TITLE","merge_commit_title":"MERGE_MESSAGE","name":"iac","node_id":"R_kgDOOTBcfA","pages":[],"primary_language":"HCL","private":false,"repo_id":959470716,"security_and_analysis":[{"advanced_security":[],"code_security":[],"secret_scanning":[{"status":"disabled"}],"secret_scanning_ai_detection":[],"secret_scanning_non_provider_patterns":[],"secret_scanning_push_protection":[{"status":"disabled"}]}],"source_owner":"","source_repo":"","squash_merge_commit_message":"BLANK","squash_merge_commit_title":"PR_TITLE","ssh_clone_url":"git@github.com:monkescience/iac.git","svn_url":"https://github.com/monkescience/iac","template":[],"topics":[],"visibility":"public","vulnerability_alerts":true,"web_commit_signoff_required":false},"sensitive_attributes":[],"private":"eyJzY2hlbWFfdmVyc2lvbiI6IjEifQ=="},{"index_key":"iac-github","schema_version":1,"attributes":{"allow_auto_merge":true,"allow_merge_commit":false,"allow_rebase_merge":false,"allow_squash_merge":true,"allow_update_branch":false,"archive_on_destroy":null,"archived":false,"auto_init":true,"default_branch":"main","delete_branch_on_merge":true,"description":"","etag":"W/\"7a5472229dad873a306b75d60e5996d501cb6af70b338cd8b0c43aa1368bfa48\"","fork":"false","full_name":"monkescience/iac-github","git_clone_url":"git://github.com/monkescience/iac-github.git","gitignore_template":null,"has_discussions":false,"has_downloads":false,"has_issues":true,"has_projects":false,"has_wiki":false,"homepage_url":"","html_url":"https://github.com/monkescience/iac-github","http_clone_url":"https://github.com/monkescience/iac-github.git","id":"iac-github","ignore_vulnerability_alerts_during_read":null,"is_template":false,"license_template":"mit","merge_commit_message":"PR_TITLE","merge_commit_title":"MERGE_MESSAGE","name":"iac-github","node_id":"R_kgDOQ7XFsQ","pages":[],"primary_language":"HCL","private":false,"repo_id":1135986097,"security_and_analysis":[{"advanced_security":[],"code_security":[],"secret_scanning":[{"status":"disabled"}],"secret_scanning_ai_detection":[],"secret_scanning_non_provider_patterns":[],"secret_scanning_push_protection":[{"status":"disabled"}]}],"source_owner":"","source_repo":"","squash_merge_commit_message":"BLANK","squash_merge_commit_title":"PR_TITLE","ssh_clone_url":"git@github.com:monkescience/iac-github.git","svn_url":"https://github.com/monkescience/iac-github","template":[],"topics":[],"visibility":"public","vulnerability_alerts":true,"web_commit_signoff_required":false},"sensitive_attributes":[],"private":"eyJzY2hlbWFfdmVyc2lvbiI6IjEifQ=="},{"index_key":"phasor","schema_version":1,"attributes":{"allow_auto_merge":true,"allow_merge_commit":false,"allow_rebase_merge":false,"allow_squash_merge":true,"allow_update_branch":false,"archive_on_destroy":null,"archived":false,"auto_init":true,"default_branch":"main","delete_branch_on_merge":true,"description":"","etag":"W/\"70f1a7c1c34817b180e604534950c6df97fccd92bf9180a3dcba9b6efd75830e\"","fork":"false","full_name":"monkescience/phasor","git_clone_url":"git://github.com/monkescience/phasor.git","gitignore_template":null,"has_discussions":false,"has_downloads":false,"has_issues":true,"has_projects":false,"has_wiki":false,"homepage_url":"","html_url":"https://github.com/monkescience/phasor","http_clone_url":"https://github.com/monkescience/phasor.git","id":"phasor","ignore_vulnerability_alerts_during_read":null,"is_template":false,"license_template":"mit","merge_commit_message":"PR_TITLE","merge_commit_title":"MERGE_MESSAGE","name":"phasor","node_id":"R_kgDOQlFN9Q","pages":[],"primary_language":"Go","private":false,"repo_id":1112624629,"security_and_analysis":[{"advanced_security":[],"code_security":[],"secret_scanning":[{"status":"disabled"}],"secret_scanning_ai_detection":[],"secret_scanning_non_provider_patterns":[],"secret_scanning_push_protection":[{"status":"disabled"}]}],"source_owner":"","source_repo":"","squash_merge_commit_message":"BLANK","squash_merge_commit_title":"PR_TITLE","ssh_clone_url":"git@github.com:monkescience/phasor.git","svn_url":"https://github.com/monkescience/phasor","template":[],"topics":[],"visibility":"public","vulnerability_alerts":true,"web_commit_signoff_required":false},"sensitive_attributes":[],"private":"eyJzY2hlbWFfdmVyc2lvbiI6IjEifQ=="},{"index_key":"phasor-backend","schema_version":1,"attributes":{"allow_auto_merge":true,"allow_merge_commit":false,"allow_rebase_merge":false,"allow_squash_merge":true,"allow_update_branch":false,"archive_on_destroy":null,"archived":false,"auto_init":true,"default_branch":"main","delete_branch_on_merge":true,"description":"","etag":"W/\"17fba17fef5a11eca27112a4c20fe0203d9936e3cf2c49551bd704dc462c1af1\"","fork":"false","full_name":"monkescience/phasor-backend","git_clone_url":"git://github.com/monkescience/phasor-backend.git","gitignore_template":null,"has_discussions":false,"has_downloads":false,"has_issues":true,"has_projects":false,"has_wiki":false,"homepage_url":"","html_url":"https://github.com/monkescience/phasor-backend","http_clone_url":"https://github.com/monkescience/phasor-backend.git","id":"phasor-backend","ignore_vulnerability_alerts_during_read":null,"is_template":false,"license_template":"mit","merge_commit_message":"PR_TITLE","merge_commit_title":"MERGE_MESSAGE","name":"phasor-backend","node_id":"R_kgDOQ7XBdQ","pages":[],"primary_language":"Go","private":false,"repo_id":1135985013,"security_and_analysis":[{"advanced_security":[],"code_security":[],"secret_scanning":[{"status":"disabled"}],"secret_scanning_ai_detection":[],"secret_scanning_non_provider_patterns":[],"secret_scanning_push_protection":[{"status":"disabled"}]}],"source_owner":"","source_repo":"","squash_merge_commit_message":"BLANK","squash_merge_commit_title":"PR_TITLE","ssh_clone_url":"git@github.com:monkescience/phasor-backend.git","svn_url":"https://github.com/monkescience/phasor-backend","template":[],"topics":[],"visibility":"public","vulnerability_alerts":true,"web_commit_signoff_required":false},"sensitive_attributes":[],"private":"eyJzY2hlbWFfdmVyc2lvbiI6IjEifQ=="},{"index_key":"phasor-frontend","schema_version":1,"attributes":{"allow_auto_merge":true,"allow_merge_commit":false,"allow_rebase_merge":false,"allow_squash_merge":true,"allow_update_branch":false,"archive_on_destroy":null,"archived":false,"auto_init":true,"default_branch":"main","delete_branch_on_merge":true,"description":"","etag":"W/\"ce1df9a20579ed5197c93dd80c2316a796df6ada30f167a952ac05f0c722a93c\"","fork":"false","full_name":"monkescience/phasor-frontend","git_clone_url":"git://github.com/monkescience/phasor-frontend.git","gitignore_template":null,"has_discussions":false,"has_downloads":false,"has_issues":true,"has_projects":false,"has_wiki":false,"homepage_url":"","html_url":"https://github.com/monkescience/phasor-frontend","http_clone_url":"https://github.com/monkescience/phasor-frontend.git","id":"phasor-frontend","ignore_vulnerability_alerts_during_read":null,"is_template":false,"license_template":"mit","merge_commit_message":"PR_TITLE","merge_commit_title":"MERGE_MESSAGE","name":"phasor-frontend","node_id":"R_kgDOQ7XBgA","pages":[],"primary_language":"Go","private":false,"repo_id":1135985024,"security_and_analysis":[{"advanced_security":[],"code_security":[],"secret_scanning":[{"status":"disabled"}],"secret_scanning_ai_detection":[],"secret_scanning_non_provider_patterns":[],"secret_scanning_push_protection":[{"status":"disabled"}]}],"source_owner":"","source_repo":"","squash_merge_commit_message":"BLANK","squash_merge_commit_title":"PR_TITLE","ssh_clone_url":"git@github.com:monkescience/phasor-frontend.git","svn_url":"https://github.com/monkescience/phasor-frontend","template":[],"topics":[],"visibility":"public","vulnerability_alerts":true,"web_commit_signoff_required":false},"sensitive_attributes":[],"private":"eyJzY2hlbWFfdmVyc2lvbiI6IjEifQ=="},{"index_key":"reference-service-go","schema_version":1,"attributes":{"allow_auto_merge":true,"allow_merge_commit":false,"allow_rebase_merge":false,"allow_squash_merge":true,"allow_update_branch":false,"archive_on_destroy":null,"archived":false,"auto_init":true,"default_branch":"main","delete_branch_on_merge":true,"description":"","etag":"W/\"67ed52c47816327d1ce8947e3eeca7a51d2466ad4dd6c6597793f552bc3aed96\"","fork":"false","full_name":"monkescience/reference-service-go","git_clone_url":"git://github.com/monkescience/reference-service-go.git","gitignore_template":null,"has_discussions":false,"has_downloads":false,"has_issues":true,"has_projects":false,"has_wiki":false,"homepage_url":"","html_url":"https://github.com/monkescience/reference-service-go","http_clone_url":"https://github.com/monkescience/reference-service-go.git","id":"reference-service-go","ignore_vulnerability_alerts_during_read":null,"is_template":false,"license_template":"mit","merge_commit_message":"PR_TITLE","merge_commit_title":"MERGE_MESSAGE","name":"reference-service-go","node_id":"R_kgDOOrml5Q","pages":[],"primary_language":"Go","private":false,"repo_id":985245157,"security_and_analysis":[{"advanced_security":[],"code_security":[],"secret_scanning":[{"status":"disabled"}],"secret_scanning_ai_detection":[],"secret_scanning_non_provider_patterns":[],"secret_scanning_push_protection":[{"status":"disabled"}]}],"source_owner":"","source_repo":"","squash_merge_commit_message":"BLANK","squash_merge_commit_title":"PR_TITLE","ssh_clone_url":"git@github.com:monkescience/reference-service-go.git","svn_url":"https://github.com/monkescience/reference-service-go","template":[],"topics":[],"visibility":"public","vulnerability_alerts":true,"web_commit_signoff_required":false},"sensitive_attributes":[],"private":"eyJzY2hlbWFfdmVyc2lvbiI6IjEifQ=="},{"index_key":"renovate","schema_version":1,"attributes":{"allow_auto_merge":true,"allow_merge_commit":false,"allow_rebase_merge":false,"allow_squash_merge":true,"allow_update_branch":false,"archive_on_destroy":null,"archived":false,"auto_init":true,"default_branch":"main","delete_branch_on_merge":true,"description":"","etag":"W/\"5e6455f5cfdfe8d8f66210a50bfce9778c4284df65ad0651fcac109bbd0c6e3b\"","fork":"false","full_name":"monkescience/renovate","git_clone_url":"git://github.com/monkescience/renovate.git","gitignore_template":null,"has_discussions":false,"has_downloads":false,"has_issues":true,"has_projects":false,"has_wiki":false,"homepage_url":"","html_url":"https://github.com/monkescience/renovate","http_clone_url":"https://github.com/monkescience/renovate.git","id":"renovate","ignore_vulnerability_alerts_during_read":null,"is_template":false,"license_template":"mit","merge_commit_message":"PR_TITLE","merge_commit_title":"MERGE_MESSAGE","name":"renovate","node_id":"R_kgDOOrpcuQ","pages":[],"primary_language":"","private":false,"repo_id":985291961,"security_and_analysis":[{"advanced_security":[],"code_security":[],"secret_scanning":[{"status":"disabled"}],"secret_scanning_ai_detection":[],"secret_scanning_non_provider_patterns":[],"secret_scanning_push_protection":[{"status":"disabled"}]}],"source_owner":"","source_repo":"","squash_merge_commit_message":"BLANK","squash_merge_commit_title":"PR_TITLE","ssh_clone_url":"git@github.com:monkescience/renovate.git","svn_url":"https://github.com/monkescience/renovate","template":[],"topics":[],"visibility":"public","vulnerability_alerts":true,"web_commit_signoff_required":false},"sensitive_attributes":[],"private":"eyJzY2hlbWFfdmVyc2lvbiI6IjEifQ=="},{"index_key":"skillsmith","schema_version":1,"attributes":{"allow_auto_merge":true,"allow_merge_commit":false,"allow_rebase_merge":false,"allow_squash_merge":true,"allow_update_branch":false,"archive_on_destroy":null,"archived":false,"auto_init":true,"default_branch":"main","delete_branch_on_merge":true,"description":"","etag":"W/\"ccbf4f83095da8c4f41e0c0860d3f2ffa31835cfe7ee0a59dc9480cc0cda2389\"","fork":"false","full_name":"monkescience/skillsmith","git_clone_url":"git://github.com/monkescience/skillsmith.git","gitignore_template":null,"has_discussions":false,"has_downloads":false,"has_issues":true,"has_projects":false,"has_wiki":false,"homepage_url":"","html_url":"https://github.com/monkescience/skillsmith","http_clone_url":"https://github.com/monkescience/skillsmith.git","id":"skillsmith","ignore_vulnerability_alerts_during_read":null,"is_template":false,"license_template":"mit","merge_commit_message":"PR_TITLE","merge_commit_title":"MERGE_MESSAGE","name":"skillsmith","node_id":"R_kgDORAa7YQ","pages":[],"primary_language":"Go","private":false,"repo_id":1141291873,"security_and_analysis":[{"advanced_security":[],"code_security":[],"secret_scanning":[{"status":"disabled"}],"secret_scanning_ai_detection":[],"secret_scanning_non_provider_patterns":[],"secret_scanning_push_protection":[{"status":"disabled"}]}],"source_owner":"","source_repo":"","squash_merge_commit_message":"BLANK","squash_merge_commit_title":"PR_TITLE","ssh_clone_url":"git@github.com:monkescience/skillsmith.git","svn_url":"https://github.com/monkescience/skillsmith","template":[],"topics":[],"visibility":"public","vulnerability_alerts":true,"web_commit_signoff_required":false},"sensitive_attributes":[],"private":"eyJzY2hlbWFfdmVyc2lvbiI6IjEifQ=="},{"index_key":"spectra","schema_version":1,"attributes":{"allow_auto_merge":true,"allow_merge_commit":false,"allow_rebase_merge":false,"allow_squash_merge":true,"allow_update_branch":false,"archive_on_destroy":null,"archived":false,"auto_init":true,"default_branch":"main","delete_branch_on_merge":true,"description":"","etag":"W/\"4cf219a93b5353985459ece3b36896d2ea5e56a1228b3c97997b9024778d530a\"","fork":"false","full_name":"monkescience/spectra","git_clone_url":"git://github.com/monkescience/spectra.git","gitignore_template":null,"has_discussions":false,"has_downloads":false,"has_issues":true,"has_projects":false,"has_wiki":false,"homepage_url":"","html_url":"https://github.com/monkescience/spectra","http_clone_url":"https://github.com/monkescience/spectra.git","id":"spectra","ignore_vulnerability_alerts_during_read":null,"is_template":false,"license_template":"mit","merge_commit_message":"PR_TITLE","merge_commit_title":"MERGE_MESSAGE","name":"spectra","node_id":"R_kgDOQ5OrmQ","pages":[],"primary_language":"Go","private":false,"repo_id":1133751193,"security_and_analysis":[{"advanced_security":[],"code_security":[],"secret_scanning":[{"status":"disabled"}],"secret_scanning_ai_detection":[],"secret_scanning_non_provider_patterns":[],"secret_scanning_push_protection":[{"status":"disabled"}]}],"source_owner":"","source_repo":"","squash_merge_commit_message":"BLANK","squash_merge_commit_title":"PR_TITLE","ssh_clone_url":"git@github.com:monkescience/spectra.git","svn_url":"https://github.com/monkescience/spectra","template":[],"topics":[],"visibility":"public","vulnerability_alerts":true,"web_commit_signoff_required":false},"sensitive_attributes":[],"private":"eyJzY2hlbWFfdmVyc2lvbiI6IjEifQ=="},{"index_key":"testastic","schema_version":1,"attributes":{"allow_auto_merge":true,"allow_merge_commit":false,"allow_rebase_merge":false,"allow_squash_merge":true,"allow_update_branch":false,"archive_on_destroy":null,"archived":false,"auto_init":true,"default_branch":"main","delete_branch_on_merge":true,"description":"","etag":"W/\"64e35563fa4a99c7573e2b4f205e2824dad82968d12db4b5db8555cb9d5a3ac5\"","fork":"false","full_name":"monkescience/testastic","git_clone_url":"git://github.com/monkescience/testastic.git","gitignore_template":null,"has_discussions":false,"has_downloads":false,"has_issues":true,"has_projects":false,"has_wiki":false,"homepage_url":"","html_url":"https://github.com/monkescience/testastic","http_clone_url":"https://github.com/monkescience/testastic.git","id":"testastic","ignore_vulnerability_alerts_during_read":null,"is_template":false,"license_template":"mit","merge_commit_message":"PR_TITLE","merge_commit_title":"MERGE_MESSAGE","name":"testastic","node_id":"R_kgDOQnz4kg","pages":[],"primary_language":"Go","private":false,"repo_id":1115486354,"security_and_analysis":[{"advanced_security":[],"code_security":[],"secret_scanning":[{"status":"disabled"}],"secret_scanning_ai_detection":[],"secret_scanning_non_provider_patterns":[],"secret_scanning_push_protection":[{"status":"disabled"}]}],"source_owner":"","source_repo":"","squash_merge_commit_message":"BLANK","squash_merge_commit_title":"PR_TITLE","ssh_clone_url":"git@github.com:monkescience/testastic.git","svn_url":"https://github.com/monkescience/testastic","template":[],"topics":[],"visibility":"public","vulnerability_alerts":true,"web_commit_signoff_required":false},"sensitive_attributes":[],"private":"eyJzY2hlbWFfdmVyc2lvbiI6IjEifQ=="},{"index_key":"vital","schema_version":1,"attributes":{"allow_auto_merge":true,"allow_merge_commit":false,"allow_rebase_merge":false,"allow_squash_merge":true,"allow_update_branch":false,"archive_on_destroy":null,"archived":false,"auto_init":true,"default_branch":"main","delete_branch_on_merge":true,"description":"","etag":"W/\"2cc5090405034c12f153628293e02ea026cb61994bbc13be46ffd2fce34adb66\"","fork":"false","full_name":"monkescience/vital","git_clone_url":"git://github.com/monkescience/vital.git","gitignore_template":null,"has_discussions":false,"has_downloads":false,"has_issues":true,"has_projects":false,"has_wiki":false,"homepage_url":"","html_url":"https://github.com/monkescience/vital","http_clone_url":"https://github.com/monkescience/vital.git","id":"vital","ignore_vulnerability_alerts_during_read":null,"is_template":false,"license_template":"mit","merge_commit_message":"PR_TITLE","merge_commit_title":"MERGE_MESSAGE","name":"vital","node_id":"R_kgDOPav2Qg","pages":[],"primary_language":"Go","private":false,"repo_id":1034679874,"security_and_analysis":[{"advanced_security":[],"code_security":[],"secret_scanning":[{"status":"disabled"}],"secret_scanning_ai_detection":[],"secret_scanning_non_provider_patterns":[],"secret_scanning_push_protection":[{"status":"disabled"}]}],"source_owner":"","source_repo":"","squash_merge_commit_message":"BLANK","squash_merge_commit_title":"PR_TITLE","ssh_clone_url":"git@github.com:monkescience/vital.git","svn_url":"https://github.com/monkescience/vital","template":[],"topics":[],"visibility":"public","vulnerability_alerts":true,"web_commit_signoff_required":false},"sensitive_attributes":[],"private":"eyJzY2hlbWFfdmVyc2lvbiI6IjEifQ=="}]},{"module":"module.base","mode":"managed","type":"github_repository_ruleset","name":"branch_naming","provider":"provider[\"registry.opentofu.org/integrations/github\"]","instances":[{"index_key":".github","schema_version":1,"attributes":{"bypass_actors":[],"conditions":[{"ref_name":[{"exclude":["~DEFAULT_BRANCH","refs/heads/renovate/*","refs/heads/release-please--*"],"include":["~ALL"]}]}],"enforcement":"active","etag":"W/\"6b85e84de44dba46745b0458b59e476fe4ffdb23efdaa0476dc3e2981f4f3690\"","id":"11713138","name":"branch-naming","node_id":"RRS_lACqUmVwb3NpdG9yec5DdLp9zgCyunI","repository":".github","rules":[{"branch_name_pattern":[{"name":"","negate":false,"operator":"regex","pattern":"^(feat|fix|chore|docs|refactor|test|ci|build|perf|style|revert)/[a-z0-9-]+$"}],"commit_author_email_pattern":[],"commit_message_pattern":[],"committer_email_pattern":[],"creation":false,"deletion":false,"file_extension_restriction":[],"file_path_restriction":[],"max_file_path_length":[],"max_file_size":[],"merge_queue":[],"non_fast_forward":false,"pull_request":[],"required_code_scanning":[],"required_deployments":[],"required_linear_history":false,"required_signatures":false,"required_status_checks":[],"tag_name_pattern":[],"update":false,"update_allows_fetch_and_merge":false}],"ruleset_id":11713138,"target":"branch"},"sensitive_attributes":[],"private":"eyJzY2hlbWFfdmVyc2lvbiI6IjEifQ==","dependencies":["module.base.github_repository.repository"]},{"index_key":"contracts","schema_version":1,"attributes":{"bypass_actors":[],"conditions":[{"ref_name":[{"exclude":["~DEFAULT_BRANCH","refs/heads/renovate/*","refs/heads/release-please--*"],"include":["~ALL"]}]}],"enforcement":"active","etag":"W/\"8531ee933b648904267e70e3bd551ae72853092c9ebf267adf60ba12660787ca\"","id":"11907085","name":"branch-naming","node_id":"RRS_lACqUmVwb3NpdG9yec5Dvq6XzgC1sA0","repository":"contracts","rules":[{"branch_name_pattern":[{"name":"","negate":false,"operator":"regex","pattern":"^(feat|fix|chore|docs|refactor|test|ci|build|perf|style|revert)/[a-z0-9-]+$"}],"commit_author_email_pattern":[],"commit_message_pattern":[],"committer_email_pattern":[],"creation":false,"deletion":false,"file_extension_restriction":[],"file_path_restriction":[],"max_file_path_length":[],"max_file_size":[],"merge_queue":[],"non_fast_forward":false,"pull_request":[],"required_code_scanning":[],"required_deployments":[],"required_linear_history":false,"required_signatures":false,"required_status_checks":[],"tag_name_pattern":[],"update":false,"update_allows_fetch_and_merge":false}],"ruleset_id":11907085,"target":"branch"},"sensitive_attributes":[],"private":"eyJzY2hlbWFfdmVyc2lvbiI6IjEifQ==","dependencies":["module.base.github_repository.repository"]},{"index_key":"docs","schema_version":1,"attributes":{"bypass_actors":[],"conditions":[{"ref_name":[{"exclude":["~DEFAULT_BRANCH","refs/heads/renovate/*","refs/heads/release-please--*"],"include":["~ALL"]}]}],"enforcement":"active","etag":"W/\"d7fd8334ae3257d9c1a081a35c962426e19382ac316f3c390ee1cd3d63e20b86\"","id":"11713133","name":"branch-naming","node_id":"RRS_lACqUmVwb3NpdG9yec5CNnvMzgCyum0","repository":"docs","rules":[{"branch_name_pattern":[{"name":"","negate":false,"operator":"regex","pattern":"^(feat|fix|chore|docs|refactor|test|ci|build|perf|style|revert)/[a-z0-9-]+$"}],"commit_author_email_pattern":[],"commit_message_pattern":[],"committer_email_pattern":[],"creation":false,"deletion":false,"file_extension_restriction":[],"file_path_restriction":[],"max_file_path_length":[],"max_file_size":[],"merge_queue":[],"non_fast_forward":false,"pull_request":[],"required_code_scanning":[],"required_deployments":[],"required_linear_history":false,"required_signatures":false,"required_status_checks":[],"tag_name_pattern":[],"update":false,"update_allows_fetch_and_merge":false}],"ruleset_id":11713133,"target":"branch"},"sensitive_attributes":[],"private":"eyJzY2hlbWFfdmVyc2lvbiI6IjEifQ==","dependencies":["module.base.github_repository.repository"]},{"index_key":"gitops","schema_version":1,"attributes":{"bypass_actors":[],"conditions":[{"ref_name":[{"exclude":["~DEFAULT_BRANCH","refs/heads/renovate/*","refs/heads/release-please--*"],"include":["~ALL"]}]}],"enforcement":"active","etag":"W/\"a0e82977214a2b33dc4a751cceee5fa719c1ccdee591e0e26f1463bf4323c828\"","id":"11713139","name":"branch-naming","node_id":"RRS_lACqUmVwb3NpdG9yec47e2cFzgCyunM","repository":"gitops","rules":[{"branch_name_pattern":[{"name":"","negate":false,"operator":"regex","pattern":"^(feat|fix|chore|docs|refactor|test|ci|build|perf|style|revert)/[a-z0-9-]+$"}],"commit_author_email_pattern":[],"commit_message_pattern":[],"committer_email_pattern":[],"creation":false,"deletion":false,"file_extension_restriction":[],"file_path_restriction":[],"max_file_path_length":[],"max_file_size":[],"merge_queue":[],"non_fast_forward":false,"pull_request":[],"required_code_scanning":[],"required_deployments":[],"required_linear_history":false,"required_signatures":false,"required_status_checks":[],"tag_name_pattern":[],"update":false,"update_allows_fetch_and_merge":false}],"ruleset_id":11713139,"target":"branch"},"sensitive_attributes":[],"private":"eyJzY2hlbWFfdmVyc2lvbiI6IjEifQ==","dependencies":["module.base.github_repository.repository"]},{"index_key":"gitops-local","schema_version":1,"attributes":{"bypass_actors":[],"conditions":[{"ref_name":[{"exclude":["~DEFAULT_BRANCH","refs/heads/renovate/*","refs/heads/release-please--*"],"include":["~ALL"]}]}],"enforcement":"active","etag":"W/\"fa048af36eb15bf652eea8acc30fec7e805c6276076bb21cfdd5274edc0ce2b3\"","id":"11713137","name":"branch-naming","node_id":"RRS_lACqUmVwb3NpdG9yec5CcU0izgCyunE","repository":"gitops-local","rules":[{"branch_name_pattern":[{"name":"","negate":false,"operator":"regex","pattern":"^(feat|fix|chore|docs|refactor|test|ci|build|perf|style|revert)/[a-z0-9-]+$"}],"commit_author_email_pattern":[],"commit_message_pattern":[],"committer_email_pattern":[],"creation":false,"deletion":false,"file_extension_restriction":[],"file_path_restriction":[],"max_file_path_length":[],"max_file_size":[],"merge_queue":[],"non_fast_forward":false,"pull_request":[],"required_code_scanning":[],"required_deployments":[],"required_linear_history":false,"required_signatures":false,"required_status_checks":[],"tag_name_pattern":[],"update":false,"update_allows_fetch_and_merge":false}],"ruleset_id":11713137,"target":"branch"},"sensitive_attributes":[],"private":"eyJzY2hlbWFfdmVyc2lvbiI6IjEifQ==","dependencies":["module.base.github_repository.repository"]},{"index_key":"gitops-mixin","schema_version":1,"attributes":{"bypass_actors":[],"conditions":[{"ref_name":[{"exclude":["~DEFAULT_BRANCH","refs/heads/renovate/*","refs/heads/release-please--*"],"include":["~ALL"]}]}],"enforcement":"active","etag":"W/\"e3087ead12418bc24650b8a59b1ee253f60fec776b0fd1d7a214c9e0bc54581c\"","id":"11713140","name":"branch-naming","node_id":"RRS_lACqUmVwb3NpdG9yec5CgduwzgCyunQ","repository":"gitops-mixin","rules":[{"branch_name_pattern":[{"name":"","negate":false,"operator":"regex","pattern":"^(feat|fix|chore|docs|refactor|test|ci|build|perf|style|revert)/[a-z0-9-]+$"}],"commit_author_email_pattern":[],"commit_message_pattern":[],"committer_email_pattern":[],"creation":false,"deletion":false,"file_extension_restriction":[],"file_path_restriction":[],"max_file_path_length":[],"max_file_size":[],"merge_queue":[],"non_fast_forward":false,"pull_request":[],"required_code_scanning":[],"required_deployments":[],"required_linear_history":false,"required_signatures":false,"required_status_checks":[],"tag_name_pattern":[],"update":false,"update_allows_fetch_and_merge":false}],"ruleset_id":11713140,"target":"branch"},"sensitive_attributes":[],"private":"eyJzY2hlbWFfdmVyc2lvbiI6IjEifQ==","dependencies":["module.base.github_repository.repository"]},{"index_key":"grimoire","schema_version":1,"attributes":{"bypass_actors":[],"conditions":[{"ref_name":[{"exclude":["~DEFAULT_BRANCH","refs/heads/renovate/*","refs/heads/release-please--*"],"include":["~ALL"]}]}],"enforcement":"active","etag":"W/\"cc472fe2b2d19cf856100095b10aa4fc8ddb77b083780188b088b100be114a0b\"","id":"12023805","name":"branch-naming","node_id":"RRS_lACqUmVwb3NpdG9yec5D6L8gzgC3d_0","repository":"grimoire","rules":[{"branch_name_pattern":[{"name":"","negate":false,"operator":"regex","pattern":"^(feat|fix|chore|docs|refactor|test|ci|build|perf|style|revert)/[a-z0-9-]+$"}],"commit_author_email_pattern":[],"commit_message_pattern":[],"committer_email_pattern":[],"creation":false,"deletion":false,"file_extension_restriction":[],"file_path_restriction":[],"max_file_path_length":[],"max_file_size":[],"merge_queue":[],"non_fast_forward":false,"pull_request":[],"required_code_scanning":[],"required_deployments":[],"required_linear_history":false,"required_signatures":false,"required_status_checks":[],"tag_name_pattern":[],"update":false,"update_allows_fetch_and_merge":false}],"ruleset_id":12023805,"target":"branch"},"sensitive_attributes":[],"private":"eyJzY2hlbWFfdmVyc2lvbiI6IjEifQ==","dependencies":["module.base.github_repository.repository"]},{"index_key":"hivemind","schema_version":1,"attributes":{"bypass_actors":[],"conditions":[{"ref_name":[{"exclude":["~DEFAULT_BRANCH","refs/heads/renovate/*","refs/heads/release-please--*"],"include":["~ALL"]}]}],"enforcement":"active","etag":"W/\"f414aa59d2859b52f8e30f8167c898af54dd459766d45ee0e386bad029ac1e49\"","id":"12273613","name":"branch-naming","node_id":"RRS_lACqUmVwb3NpdG9yec5ER2YBzgC7R80","repository":"hivemind","rules":[{"branch_name_pattern":[{"name":"","negate":false,"operator":"regex","pattern":"^(feat|fix|chore|docs|refactor|test|ci|build|perf|style|revert)/[a-z0-9-]+$"}],"commit_author_email_pattern":[],"commit_message_pattern":[],"committer_email_pattern":[],"creation":false,"deletion":false,"file_extension_restriction":[],"file_path_restriction":[],"max_file_path_length":[],"max_file_size":[],"merge_queue":[],"non_fast_forward":false,"pull_request":[],"required_code_scanning":[],"required_deployments":[],"required_linear_history":false,"required_signatures":false,"required_status_checks":[],"tag_name_pattern":[],"update":false,"update_allows_fetch_and_merge":false}],"ruleset_id":12273613,"target":"branch"},"sensitive_attributes":[],"private":"eyJzY2hlbWFfdmVyc2lvbiI6IjEifQ==","dependencies":["module.base.github_repository.repository"]},{"index_key":"iac","schema_version":1,"attributes":{"bypass_actors":[],"conditions":[{"ref_name":[{"exclude":["~DEFAULT_BRANCH","refs/heads/renovate/*","refs/heads/release-please--*"],"include":["~ALL"]}]}],"enforcement":"active","etag":"W/\"81565a304b612fb191a027fe8ebec0a4220604dfe6a6531374203dab625b14fe\"","id":"11713168","name":"branch-naming","node_id":"RRS_lACqUmVwb3NpdG9yec45MFx8zgCyupA","repository":"iac","rules":[{"branch_name_pattern":[{"name":"","negate":false,"operator":"regex","pattern":"^(feat|fix|chore|docs|refactor|test|ci|build|perf|style|revert)/[a-z0-9-]+$"}],"commit_author_email_pattern":[],"commit_message_pattern":[],"committer_email_pattern":[],"creation":false,"deletion":false,"file_extension_restriction":[],"file_path_restriction":[],"max_file_path_length":[],"max_file_size":[],"merge_queue":[],"non_fast_forward":false,"pull_request":[],"required_code_scanning":[],"required_deployments":[],"required_linear_history":false,"required_signatures":false,"required_status_checks":[],"tag_name_pattern":[],"update":false,"update_allows_fetch_and_merge":false}],"ruleset_id":11713168,"target":"branch"},"sensitive_attributes":[],"private":"eyJzY2hlbWFfdmVyc2lvbiI6IjEifQ==","dependencies":["module.base.github_repository.repository"]},{"index_key":"iac-github","schema_version":1,"attributes":{"bypass_actors":[],"conditions":[{"ref_name":[{"exclude":["~DEFAULT_BRANCH","refs/heads/renovate/*","refs/heads/release-please--*"],"include":["~ALL"]}]}],"enforcement":"active","etag":"W/\"38ec3db08743b7cf75340a05a742b1bf78a39ad4570b9cd3d4eb62db4916dbb8\"","id":"11887532","name":"branch-naming","node_id":"RRS_lACqUmVwb3NpdG9yec5DtcWxzgC1Y6w","repository":"iac-github","rules":[{"branch_name_pattern":[{"name":"","negate":false,"operator":"regex","pattern":"^(feat|fix|chore|docs|refactor|test|ci|build|perf|style|revert)/[a-z0-9-]+$"}],"commit_author_email_pattern":[],"commit_message_pattern":[],"committer_email_pattern":[],"creation":false,"deletion":false,"file_extension_restriction":[],"file_path_restriction":[],"max_file_path_length":[],"max_file_size":[],"merge_queue":[],"non_fast_forward":false,"pull_request":[],"required_code_scanning":[],"required_deployments":[],"required_linear_history":false,"required_signatures":false,"required_status_checks":[],"tag_name_pattern":[],"update":false,"update_allows_fetch_and_merge":false}],"ruleset_id":11887532,"target":"branch"},"sensitive_attributes":[],"private":"eyJzY2hlbWFfdmVyc2lvbiI6IjEifQ==","dependencies":["module.base.github_repository.repository"]},{"index_key":"phasor","schema_version":1,"attributes":{"bypass_actors":[],"conditions":[{"ref_name":[{"exclude":["~DEFAULT_BRANCH","refs/heads/renovate/*","refs/heads/release-please--*"],"include":["~ALL"]}]}],"enforcement":"active","etag":"W/\"08d569694f6d8868bb94704a3b19117d5c0cebb187031a917780d6a4f7462ca5\"","id":"11713185","name":"branch-naming","node_id":"RRS_lACqUmVwb3NpdG9yec5CUU31zgCyuqE","repository":"phasor","rules":[{"branch_name_pattern":[{"name":"","negate":false,"operator":"regex","pattern":"^(feat|fix|chore|docs|refactor|test|ci|build|perf|style|revert)/[a-z0-9-]+$"}],"commit_author_email_pattern":[],"commit_message_pattern":[],"committer_email_pattern":[],"creation":false,"deletion":false,"file_extension_restriction":[],"file_path_restriction":[],"max_file_path_length":[],"max_file_size":[],"merge_queue":[],"non_fast_forward":false,"pull_request":[],"required_code_scanning":[],"required_deployments":[],"required_linear_history":false,"required_signatures":false,"required_status_checks":[],"tag_name_pattern":[],"update":false,"update_allows_fetch_and_merge":false}],"ruleset_id":11713185,"target":"branch"},"sensitive_attributes":[],"private":"eyJzY2hlbWFfdmVyc2lvbiI6IjEifQ==","dependencies":["module.base.github_repository.repository"]},{"index_key":"phasor-backend","schema_version":1,"attributes":{"bypass_actors":[],"conditions":[{"ref_name":[{"exclude":["~DEFAULT_BRANCH","refs/heads/renovate/*","refs/heads/release-please--*"],"include":["~ALL"]}]}],"enforcement":"active","etag":"W/\"258c9336dda21d45cf878030b3724c071bdb66d2380e0b271bc66ec1a6e56540\"","id":"11887490","name":"branch-naming","node_id":"RRS_lACqUmVwb3NpdG9yec5DtcF1zgC1Y4I","repository":"phasor-backend","rules":[{"branch_name_pattern":[{"name":"","negate":false,"operator":"regex","pattern":"^(feat|fix|chore|docs|refactor|test|ci|build|perf|style|revert)/[a-z0-9-]+$"}],"commit_author_email_pattern":[],"commit_message_pattern":[],"committer_email_pattern":[],"creation":false,"deletion":false,"file_extension_restriction":[],"file_path_restriction":[],"max_file_path_length":[],"max_file_size":[],"merge_queue":[],"non_fast_forward":false,"pull_request":[],"required_code_scanning":[],"required_deployments":[],"required_linear_history":false,"required_signatures":false,"required_status_checks":[],"tag_name_pattern":[],"update":false,"update_allows_fetch_and_merge":false}],"ruleset_id":11887490,"target":"branch"},"sensitive_attributes":[],"private":"eyJzY2hlbWFfdmVyc2lvbiI6IjEifQ==","dependencies":["module.base.github_repository.repository"]},{"index_key":"phasor-frontend","schema_version":1,"attributes":{"bypass_actors":[],"conditions":[{"ref_name":[{"exclude":["~DEFAULT_BRANCH","refs/heads/renovate/*","refs/heads/release-please--*"],"include":["~ALL"]}]}],"enforcement":"active","etag":"W/\"ea7d36d9d360bbb9af7e33a239a4a6ca3f9fa9db257f09d16f59c7f5a64acfb0\"","id":"11887489","name":"branch-naming","node_id":"RRS_lACqUmVwb3NpdG9yec5DtcGAzgC1Y4E","repository":"phasor-frontend","rules":[{"branch_name_pattern":[{"name":"","negate":false,"operator":"regex","pattern":"^(feat|fix|chore|docs|refactor|test|ci|build|perf|style|revert)/[a-z0-9-]+$"}],"commit_author_email_pattern":[],"commit_message_pattern":[],"committer_email_pattern":[],"creation":false,"deletion":false,"file_extension_restriction":[],"file_path_restriction":[],"max_file_path_length":[],"max_file_size":[],"merge_queue":[],"non_fast_forward":false,"pull_request":[],"required_code_scanning":[],"required_deployments":[],"required_linear_history":false,"required_signatures":false,"required_status_checks":[],"tag_name_pattern":[],"update":false,"update_allows_fetch_and_merge":false}],"ruleset_id":11887489,"target":"branch"},"sensitive_attributes":[],"private":"eyJzY2hlbWFfdmVyc2lvbiI6IjEifQ==","dependencies":["module.base.github_repository.repository"]},{"index_key":"reference-service-go","schema_version":1,"attributes":{"bypass_actors":[],"conditions":[{"ref_name":[{"exclude":["~DEFAULT_BRANCH","refs/heads/renovate/*","refs/heads/release-please--*"],"include":["~ALL"]}]}],"enforcement":"active","etag":"W/\"876844160dea11b48e4444f157537fe3bdde7866538422a6254ec6d8d7251dfb\"","id":"11713252","name":"branch-naming","node_id":"RRS_lACqUmVwb3NpdG9yec46uaXlzgCyuuQ","repository":"reference-service-go","rules":[{"branch_name_pattern":[{"name":"","negate":false,"operator":"regex","pattern":"^(feat|fix|chore|docs|refactor|test|ci|build|perf|style|revert)/[a-z0-9-]+$"}],"commit_author_email_pattern":[],"commit_message_pattern":[],"committer_email_pattern":[],"creation":false,"deletion":false,"file_extension_restriction":[],"file_path_restriction":[],"max_file_path_length":[],"max_file_size":[],"merge_queue":[],"non_fast_forward":false,"pull_request":[],"required_code_scanning":[],"required_deployments":[],"required_linear_history":false,"required_signatures":false,"required_status_checks":[],"tag_name_pattern":[],"update":false,"update_allows_fetch_and_merge":false}],"ruleset_id":11713252,"target":"branch"},"sensitive_attributes":[],"private":"eyJzY2hlbWFfdmVyc2lvbiI6IjEifQ==","dependencies":["module.base.github_repository.repository"]},{"index_key":"renovate","schema_version":1,"attributes":{"bypass_actors":[],"conditions":[{"ref_name":[{"exclude":["~DEFAULT_BRANCH","refs/heads/renovate/*","refs/heads/release-please--*"],"include":["~ALL"]}]}],"enforcement":"active","etag":"W/\"8fb10e3aab0acd914c29e55ab5b4ed3067415806ade14e2be5acce3fa525d054\"","id":"11713132","name":"branch-naming","node_id":"RRS_lACqUmVwb3NpdG9yec46uly5zgCyumw","repository":"renovate","rules":[{"branch_name_pattern":[{"name":"","negate":false,"operator":"regex","pattern":"^(feat|fix|chore|docs|refactor|test|ci|build|perf|style|revert)/[a-z0-9-]+$"}],"commit_author_email_pattern":[],"commit_message_pattern":[],"committer_email_pattern":[],"creation":false,"deletion":false,"file_extension_restriction":[],"file_path_restriction":[],"max_file_path_length":[],"max_file_size":[],"merge_queue":[],"non_fast_forward":false,"pull_request":[],"required_code_scanning":[],"required_deployments":[],"required_linear_history":false,"required_signatures":false,"required_status_checks":[],"tag_name_pattern":[],"update":false,"update_allows_fetch_and_merge":false}],"ruleset_id":11713132,"target":"branch"},"sensitive_attributes":[],"private":"eyJzY2hlbWFfdmVyc2lvbiI6IjEifQ==","dependencies":["module.base.github_repository.repository"]},{"index_key":"skillsmith","schema_version":1,"attributes":{"bypass_actors":[],"conditions":[{"ref_name":[{"exclude":["~DEFAULT_BRANCH","refs/heads/renovate/*","refs/heads/release-please--*"],"include":["~ALL"]}]}],"enforcement":"active","etag":"W/\"2ebdefe85d6da71ace750f31e05e96f8fb0ccfaacbebafac64519f7178e5bfea\"","id":"12108623","name":"branch-naming","node_id":"RRS_lACqUmVwb3NpdG9yec5EBrthzgC4w08","repository":"skillsmith","rules":[{"branch_name_pattern":[{"name":"","negate":false,"operator":"regex","pattern":"^(feat|fix|chore|docs|refactor|test|ci|build|perf|style|revert)/[a-z0-9-]+$"}],"commit_author_email_pattern":[],"commit_message_pattern":[],"committer_email_pattern":[],"creation":false,"deletion":false,"file_extension_restriction":[],"file_path_restriction":[],"max_file_path_length":[],"max_file_size":[],"merge_queue":[],"non_fast_forward":false,"pull_request":[],"required_code_scanning":[],"required_deployments":[],"required_linear_history":false,"required_signatures":false,"required_status_checks":[],"tag_name_pattern":[],"update":false,"update_allows_fetch_and_merge":false}],"ruleset_id":12108623,"target":"branch"},"sensitive_attributes":[],"private":"eyJzY2hlbWFfdmVyc2lvbiI6IjEifQ==","dependencies":["module.base.github_repository.repository"]},{"index_key":"spectra","schema_version":1,"attributes":{"bypass_actors":[],"conditions":[{"ref_name":[{"exclude":["~DEFAULT_BRANCH","refs/heads/renovate/*","refs/heads/release-please--*"],"include":["~ALL"]}]}],"enforcement":"active","etag":"W/\"047f1988776a3a154e060ad3b593803e2631fc45cce00a3573a8bc55d48fedc7\"","id":"11785112","name":"branch-naming","node_id":"RRS_lACqUmVwb3NpdG9yec5Dk6uZzgCz05g","repository":"spectra","rules":[{"branch_name_pattern":[{"name":"","negate":false,"operator":"regex","pattern":"^(feat|fix|chore|docs|refactor|test|ci|build|perf|style|revert)/[a-z0-9-]+$"}],"commit_author_email_pattern":[],"commit_message_pattern":[],"committer_email_pattern":[],"creation":false,"deletion":false,"file_extension_restriction":[],"file_path_restriction":[],"max_file_path_length":[],"max_file_size":[],"merge_queue":[],"non_fast_forward":false,"pull_request":[],"required_code_scanning":[],"required_deployments":[],"required_linear_history":false,"required_signatures":false,"required_status_checks":[],"tag_name_pattern":[],"update":false,"update_allows_fetch_and_merge":false}],"ruleset_id":11785112,"target":"branch"},"sensitive_attributes":[],"private":"eyJzY2hlbWFfdmVyc2lvbiI6IjEifQ==","dependencies":["module.base.github_repository.repository"]},{"index_key":"testastic","schema_version":1,"attributes":{"bypass_actors":[],"conditions":[{"ref_name":[{"exclude":["~DEFAULT_BRANCH","refs/heads/renovate/*","refs/heads/release-please--*"],"include":["~ALL"]}]}],"enforcement":"active","etag":"W/\"810140cf71f5d408e2130638d9dfc871d1b86c9f5e3ea3a025b357a3c7ca9b5f\"","id":"11713251","name":"branch-naming","node_id":"RRS_lACqUmVwb3NpdG9yec5CfPiSzgCyuuM","repository":"testastic","rules":[{"branch_name_pattern":[{"name":"","negate":false,"operator":"regex","pattern":"^(feat|fix|chore|docs|refactor|test|ci|build|perf|style|revert)/[a-z0-9-]+$"}],"commit_author_email_pattern":[],"commit_message_pattern":[],"committer_email_pattern":[],"creation":false,"deletion":false,"file_extension_restriction":[],"file_path_restriction":[],"max_file_path_length":[],"max_file_size":[],"merge_queue":[],"non_fast_forward":false,"pull_request":[],"required_code_scanning":[],"required_deployments":[],"required_linear_history":false,"required_signatures":false,"required_status_checks":[],"tag_name_pattern":[],"update":false,"update_allows_fetch_and_merge":false}],"ruleset_id":11713251,"target":"branch"},"sensitive_attributes":[],"private":"eyJzY2hlbWFfdmVyc2lvbiI6IjEifQ==","dependencies":["module.base.github_repository.repository"]},{"index_key":"vital","schema_version":1,"attributes":{"bypass_actors":[],"conditions":[{"ref_name":[{"exclude":["~DEFAULT_BRANCH","refs/heads/renovate/*","refs/heads/release-please--*"],"include":["~ALL"]}]}],"enforcement":"active","etag":"W/\"c774ef0dbd9c36e51ae3bd938783d9f4e809bc1ff17f888d5f8c21884f415534\"","id":"11713256","name":"branch-naming","node_id":"RRS_lACqUmVwb3NpdG9yec49q_ZCzgCyuug","repository":"vital","rules":[{"branch_name_pattern":[{"name":"","negate":false,"operator":"regex","pattern":"^(feat|fix|chore|docs|refactor|test|ci|build|perf|style|revert)/[a-z0-9-]+$"}],"commit_author_email_pattern":[],"commit_message_pattern":[],"committer_email_pattern":[],"creation":false,"deletion":false,"file_extension_restriction":[],"file_path_restriction":[],"max_file_path_length":[],"max_file_size":[],"merge_queue":[],"non_fast_forward":false,"pull_request":[],"required_code_scanning":[],"required_deployments":[],"required_linear_history":false,"required_signatures":false,"required_status_checks":[],"tag_name_pattern":[],"update":false,"update_allows_fetch_and_merge":false}],"ruleset_id":11713256,"target":"branch"},"sensitive_attributes":[],"private":"eyJzY2hlbWFfdmVyc2lvbiI6IjEifQ==","dependencies":["module.base.github_repository.repository"]}]},{"module":"module.base","mode":"managed","type":"github_repository_ruleset","name":"branch_protection","provider":"provider[\"registry.opentofu.org/integrations/github\"]","instances":[{"index_key":".github","schema_version":1,"attributes":{"bypass_actors":[{"actor_id":0,"actor_type":"OrganizationAdmin","bypass_mode":"always"}],"conditions":[{"ref_name":[{"exclude":[],"include":["~DEFAULT_BRANCH"]}]}],"enforcement":"active","etag":"W/\"4dd81a38a570d8187a9c2e95902ec62251a62d273ca3094377c40bf09ffb51c9\"","id":"11712627","name":"branch-protection","node_id":"RRS_lACqUmVwb3NpdG9yec5DdLp9zgCyuHM","repository":".github","rules":[{"branch_name_pattern":[],"commit_author_email_pattern":[],"commit_message_pattern":[],"committer_email_pattern":[],"creation":false,"deletion":true,"file_extension_restriction":[],"file_path_restriction":[],"max_file_path_length":[],"max_file_size":[],"merge_queue":[],"non_fast_forward":true,"pull_request":[{"dismiss_stale_reviews_on_push":true,"require_code_owner_review":false,"require_last_push_approval":false,"required_approving_review_count":0,"required_review_thread_resolution":true}],"required_code_scanning":[],"required_deployments":[],"required_linear_history":true,"required_signatures":false,"required_status_checks":[],"tag_name_pattern":[],"update":false,"update_allows_fetch_and_merge":false}],"ruleset_id":11712627,"target":"branch"},"sensitive_attributes":[],"private":"eyJzY2hlbWFfdmVyc2lvbiI6IjEifQ==","dependencies":["module.base.github_repository.repository"]},{"index_key":"contracts","schema_version":1,"attributes":{"bypass_actors":[{"actor_id":0,"actor_type":"OrganizationAdmin","bypass_mode":"always"}],"conditions":[{"ref_name":[{"exclude":[],"include":["~DEFAULT_BRANCH"]}]}],"enforcement":"active","etag":"W/\"3ba5bdbfdfaeee69c5ec0bbd2e406e8fb646d3d4cb0817c8bc9cd0fc37580e67\"","id":"11907086","name":"branch-protection","node_id":"RRS_lACqUmVwb3NpdG9yec5Dvq6XzgC1sA4","repository":"contracts","rules":[{"branch_name_pattern":[],"commit_author_email_pattern":[],"commit_message_pattern":[],"committer_email_pattern":[],"creation":false,"deletion":true,"file_extension_restriction":[],"file_path_restriction":[],"max_file_path_length":[],"max_file_size":[],"merge_queue":[],"non_fast_forward":true,"pull_request":[{"dismiss_stale_reviews_on_push":true,"require_code_owner_review":false,"require_last_push_approval":false,"required_approving_review_count":0,"required_review_thread_resolution":true}],"required_code_scanning":[],"required_deployments":[],"required_linear_history":true,"required_signatures":false,"required_status_checks":[],"tag_name_pattern":[],"update":false,"update_allows_fetch_and_merge":false}],"ruleset_id":11907086,"target":"branch"},"sensitive_attributes":[],"private":"eyJzY2hlbWFfdmVyc2lvbiI6IjEifQ==","dependencies":["module.base.github_repository.repository"]},{"index_key":"docs","schema_version":1,"attributes":{"bypass_actors":[{"actor_id":0,"actor_type":"OrganizationAdmin","bypass_mode":"always"}],"conditions":[{"ref_name":[{"exclude":[],"include":["~DEFAULT_BRANCH"]}]}],"enforcement":"active","etag":"W/\"49401e7cc80d043b8052b899ad366e6061925255952138baec2c7e35af6260cf\"","id":"11712944","name":"branch-protection","node_id":"RRS_lACqUmVwb3NpdG9yec5CNnvMzgCyubA","repository":"docs","rules":[{"branch_name_pattern":[],"commit_author_email_pattern":[],"commit_message_pattern":[],"committer_email_pattern":[],"creation":false,"deletion":true,"file_extension_restriction":[],"file_path_restriction":[],"max_file_path_length":[],"max_file_size":[],"merge_queue":[],"non_fast_forward":true,"pull_request":[{"dismiss_stale_reviews_on_push":true,"require_code_owner_review":false,"require_last_push_approval":false,"required_approving_review_count":0,"required_review_thread_resolution":true}],"required_code_scanning":[],"required_deployments":[],"required_linear_history":true,"required_signatures":false,"required_status_checks":[],"tag_name_pattern":[],"update":false,"update_allows_fetch_and_merge":false}],"ruleset_id":11712944,"target":"branch"},"sensitive_attributes":[],"private":"eyJzY2hlbWFfdmVyc2lvbiI6IjEifQ==","dependencies":["module.base.github_repository.repository"]},{"index_key":"gitops","schema_version":1,"attributes":{"bypass_actors":[{"actor_id":0,"actor_type":"OrganizationAdmin","bypass_mode":"always"}],"conditions":[{"ref_name":[{"exclude":[],"include":["~DEFAULT_BRANCH"]}]}],"enforcement":"active","etag":"W/\"da142823c237ce97538148afb92cbcc4f903a107dc87f647bd3a42e2b31b816a\"","id":"11712943","name":"branch-protection","node_id":"RRS_lACqUmVwb3NpdG9yec47e2cFzgCyua8","repository":"gitops","rules":[{"branch_name_pattern":[],"commit_author_email_pattern":[],"commit_message_pattern":[],"committer_email_pattern":[],"creation":false,"deletion":true,"file_extension_restriction":[],"file_path_restriction":[],"max_file_path_length":[],"max_file_size":[],"merge_queue":[],"non_fast_forward":true,"pull_request":[{"dismiss_stale_reviews_on_push":true,"require_code_owner_review":false,"require_last_push_approval":false,"required_approving_review_count":0,"required_review_thread_resolution":true}],"required_code_scanning":[],"required_deployments":[],"required_linear_history":true,"required_signatures":false,"required_status_checks":[],"tag_name_pattern":[],"update":false,"update_allows_fetch_and_merge":false}],"ruleset_id":11712943,"target":"branch"},"sensitive_attributes":[],"private":"eyJzY2hlbWFfdmVyc2lvbiI6IjEifQ==","dependencies":["module.base.github_repository.repository"]},{"index_key":"gitops-local","schema_version":1,"attributes":{"bypass_actors":[{"actor_id":0,"actor_type":"OrganizationAdmin","bypass_mode":"always"}],"conditions":[{"ref_name":[{"exclude":[],"include":["~DEFAULT_BRANCH"]}]}],"enforcement":"active","etag":"W/\"bdbe29292035044447470dc0a48c3cf59ecd41c2768b1f8c9c78b00f2ab52665\"","id":"11713050","name":"branch-protection","node_id":"RRS_lACqUmVwb3NpdG9yec5CcU0izgCyuho","repository":"gitops-local","rules":[{"branch_name_pattern":[],"commit_author_email_pattern":[],"commit_message_pattern":[],"committer_email_pattern":[],"creation":false,"deletion":true,"file_extension_restriction":[],"file_path_restriction":[],"max_file_path_length":[],"max_file_size":[],"merge_queue":[],"non_fast_forward":true,"pull_request":[{"dismiss_stale_reviews_on_push":true,"require_code_owner_review":false,"require_last_push_approval":false,"required_approving_review_count":0,"required_review_thread_resolution":true}],"required_code_scanning":[],"required_deployments":[],"required_linear_history":true,"required_signatures":false,"required_status_checks":[],"tag_name_pattern":[],"update":false,"update_allows_fetch_and_merge":false}],"ruleset_id":11713050,"target":"branch"},"sensitive_attributes":[],"private":"eyJzY2hlbWFfdmVyc2lvbiI6IjEifQ==","dependencies":["module.base.github_repository.repository"]},{"index_key":"gitops-mixin","schema_version":1,"attributes":{"bypass_actors":[{"actor_id":0,"actor_type":"OrganizationAdmin","bypass_mode":"always"}],"conditions":[{"ref_name":[{"exclude":[],"include":["~DEFAULT_BRANCH"]}]}],"enforcement":"active","etag":"W/\"789050502454ba827b9a570336546c90b505111941b14650657cda971f58d369\"","id":"11713149","name":"branch-protection","node_id":"RRS_lACqUmVwb3NpdG9yec5CgduwzgCyun0","repository":"gitops-mixin","rules":[{"branch_name_pattern":[],"commit_author_email_pattern":[],"commit_message_pattern":[],"committer_email_pattern":[],"creation":false,"deletion":true,"file_extension_restriction":[],"file_path_restriction":[],"max_file_path_length":[],"max_file_size":[],"merge_queue":[],"non_fast_forward":true,"pull_request":[{"dismiss_stale_reviews_on_push":true,"require_code_owner_review":false,"require_last_push_approval":false,"required_approving_review_count":0,"required_review_thread_resolution":true}],"required_code_scanning":[],"required_deployments":[],"required_linear_history":true,"required_signatures":false,"required_status_checks":[],"tag_name_pattern":[],"update":false,"update_allows_fetch_and_merge":false}],"ruleset_id":11713149,"target":"branch"},"sensitive_attributes":[],"private":"eyJzY2hlbWFfdmVyc2lvbiI6IjEifQ==","dependencies":["module.base.github_repository.repository"]},{"index_key":"grimoire","schema_version":1,"attributes":{"bypass_actors":[{"actor_id":0,"actor_type":"OrganizationAdmin","bypass_mode":"always"}],"conditions":[{"ref_name":[{"exclude":[],"include":["~DEFAULT_BRANCH"]}]}],"enforcement":"active","etag":"W/\"db293eff112d4f26322a7dce897b3fd5be24196206d4b09d79e9d18eefddeb20\"","id":"12023808","name":"branch-protection","node_id":"RRS_lACqUmVwb3NpdG9yec5D6L8gzgC3eAA","repository":"grimoire","rules":[{"branch_name_pattern":[],"commit_author_email_pattern":[],"commit_message_pattern":[],"committer_email_pattern":[],"creation":false,"deletion":true,"file_extension_restriction":[],"file_path_restriction":[],"max_file_path_length":[],"max_file_size":[],"merge_queue":[],"non_fast_forward":true,"pull_request":[{"dismiss_stale_reviews_on_push":true,"require_code_owner_review":false,"require_last_push_approval":false,"required_approving_review_count":0,"required_review_thread_resolution":true}],"required_code_scanning":[],"required_deployments":[],"required_linear_history":true,"required_signatures":false,"required_status_checks":[{"do_not_enforce_on_create":false,"required_check":[{"context":"lint","integration_id":0},{"context":"test","integration_id":0}],"strict_required_status_checks_policy":false}],"tag_name_pattern":[],"update":false,"update_allows_fetch_and_merge":false}],"ruleset_id":12023808,"target":"branch"},"sensitive_attributes":[],"private":"eyJzY2hlbWFfdmVyc2lvbiI6IjEifQ==","dependencies":["module.base.github_repository.repository"]},{"index_key":"hivemind","schema_version":1,"attributes":{"bypass_actors":[{"actor_id":0,"actor_type":"OrganizationAdmin","bypass_mode":"always"}],"conditions":[{"ref_name":[{"exclude":[],"include":["~DEFAULT_BRANCH"]}]}],"enforcement":"active","etag":"W/\"03bcec573ba9c1db948f9a5e13d228ff6f32e88519dfc2c45c2b7305909a4bdd\"","id":"12273614","name":"branch-protection","node_id":"RRS_lACqUmVwb3NpdG9yec5ER2YBzgC7R84","repository":"hivemind","rules":[{"branch_name_pattern":[],"commit_author_email_pattern":[],"commit_message_pattern":[],"committer_email_pattern":[],"creation":false,"deletion":true,"file_extension_restriction":[],"file_path_restriction":[],"max_file_path_length":[],"max_file_size":[],"merge_queue":[],"non_fast_forward":true,"pull_request":[{"dismiss_stale_reviews_on_push":true,"require_code_owner_review":false,"require_last_push_approval":false,"required_approving_review_count":0,"required_review_thread_resolution":true}],"required_code_scanning":[],"required_deployments":[],"required_linear_history":true,"required_signatures":false,"required_status_checks":[{"do_not_enforce_on_create":false,"required_check":[{"context":"lint","integration_id":0},{"context":"test","integration_id":0}],"strict_required_status_checks_policy":false}],"tag_name_pattern":[],"update":false,"update_allows_fetch_and_merge":false}],"ruleset_id":12273614,"target":"branch"},"sensitive_attributes":[],"private":"eyJzY2hlbWFfdmVyc2lvbiI6IjEifQ==","dependencies":["module.base.github_repository.repository"]},{"index_key":"iac","schema_version":1,"attributes":{"bypass_actors":[{"actor_id":0,"actor_type":"OrganizationAdmin","bypass_mode":"always"}],"conditions":[{"ref_name":[{"exclude":[],"include":["~DEFAULT_BRANCH"]}]}],"enforcement":"active","etag":"W/\"4e93a69755b294f8e85dcbec3e4f6f7751e9885e653fb0d7741e83e85c559287\"","id":"11713170","name":"branch-protection","node_id":"RRS_lACqUmVwb3NpdG9yec45MFx8zgCyupI","repository":"iac","rules":[{"branch_name_pattern":[],"commit_author_email_pattern":[],"commit_message_pattern":[],"committer_email_pattern":[],"creation":false,"deletion":true,"file_extension_restriction":[],"file_path_restriction":[],"max_file_path_length":[],"max_file_size":[],"merge_queue":[],"non_fast_forward":true,"pull_request":[{"dismiss_stale_reviews_on_push":true,"require_code_owner_review":false,"require_last_push_approval":false,"required_approving_review_count":0,"required_review_thread_resolution":true}],"required_code_scanning":[],"required_deployments":[],"required_linear_history":true,"required_signatures":false,"required_status_checks":[],"tag_name_pattern":[],"update":false,"update_allows_fetch_and_merge":false}],"ruleset_id":11713170,"target":"branch"},"sensitive_attributes":[],"private":"eyJzY2hlbWFfdmVyc2lvbiI6IjEifQ==","dependencies":["module.base.github_repository.repository"]},{"index_key":"iac-github","schema_version":1,"attributes":{"bypass_actors":[{"actor_id":0,"actor_type":"OrganizationAdmin","bypass_mode":"always"}],"conditions":[{"ref_name":[{"exclude":[],"include":["~DEFAULT_BRANCH"]}]}],"enforcement":"active","etag":"W/\"a36f97e4e10cbf4e75c5028199368cb05e6be58218235204efe9a619dbbfde88\"","id":"11887531","name":"branch-protection","node_id":"RRS_lACqUmVwb3NpdG9yec5DtcWxzgC1Y6s","repository":"iac-github","rules":[{"branch_name_pattern":[],"commit_author_email_pattern":[],"commit_message_pattern":[],"committer_email_pattern":[],"creation":false,"deletion":true,"file_extension_restriction":[],"file_path_restriction":[],"max_file_path_length":[],"max_file_size":[],"merge_queue":[],"non_fast_forward":true,"pull_request":[{"dismiss_stale_reviews_on_push":true,"require_code_owner_review":false,"require_last_push_approval":false,"required_approving_review_count":0,"required_review_thread_resolution":true}],"required_code_scanning":[],"required_deployments":[],"required_linear_history":true,"required_signatures":false,"required_status_checks":[{"do_not_enforce_on_create":false,"required_check":[{"context":"ci","integration_id":0}],"strict_required_status_checks_policy":false}],"tag_name_pattern":[],"update":false,"update_allows_fetch_and_merge":false}],"ruleset_id":11887531,"target":"branch"},"sensitive_attributes":[],"private":"eyJzY2hlbWFfdmVyc2lvbiI6IjEifQ==","dependencies":["module.base.github_repository.repository"]},{"index_key":"phasor","schema_version":1,"attributes":{"bypass_actors":[{"actor_id":0,"actor_type":"OrganizationAdmin","bypass_mode":"always"}],"conditions":[{"ref_name":[{"exclude":[],"include":["~DEFAULT_BRANCH"]}]}],"enforcement":"active","etag":"W/\"1be5f76de224f79c0d0ceecf396d95769e9efd0bea2031629692859375310647\"","id":"11713186","name":"branch-protection","node_id":"RRS_lACqUmVwb3NpdG9yec5CUU31zgCyuqI","repository":"phasor","rules":[{"branch_name_pattern":[],"commit_author_email_pattern":[],"commit_message_pattern":[],"committer_email_pattern":[],"creation":false,"deletion":true,"file_extension_restriction":[],"file_path_restriction":[],"max_file_path_length":[],"max_file_size":[],"merge_queue":[],"non_fast_forward":true,"pull_request":[{"dismiss_stale_reviews_on_push":true,"require_code_owner_review":false,"require_last_push_approval":false,"required_approving_review_count":0,"required_review_thread_resolution":true}],"required_code_scanning":[],"required_deployments":[],"required_linear_history":true,"required_signatures":false,"required_status_checks":[],"tag_name_pattern":[],"update":false,"update_allows_fetch_and_merge":false}],"ruleset_id":11713186,"target":"branch"},"sensitive_attributes":[],"private":"eyJzY2hlbWFfdmVyc2lvbiI6IjEifQ==","dependencies":["module.base.github_repository.repository"]},{"index_key":"phasor-backend","schema_version":1,"attributes":{"bypass_actors":[{"actor_id":0,"actor_type":"OrganizationAdmin","bypass_mode":"always"}],"conditions":[{"ref_name":[{"exclude":[],"include":["~DEFAULT_BRANCH"]}]}],"enforcement":"active","etag":"W/\"4dcf3ed30ae50182303272a5e389d194ca11b1d718e860c830245cc2a46226ac\"","id":"11887497","name":"branch-protection","node_id":"RRS_lACqUmVwb3NpdG9yec5DtcF1zgC1Y4k","repository":"phasor-backend","rules":[{"branch_name_pattern":[],"commit_author_email_pattern":[],"commit_message_pattern":[],"committer_email_pattern":[],"creation":false,"deletion":true,"file_extension_restriction":[],"file_path_restriction":[],"max_file_path_length":[],"max_file_size":[],"merge_queue":[],"non_fast_forward":true,"pull_request":[{"dismiss_stale_reviews_on_push":true,"require_code_owner_review":false,"require_last_push_approval":false,"required_approving_review_count":0,"required_review_thread_resolution":true}],"required_code_scanning":[],"required_deployments":[],"required_linear_history":true,"required_signatures":false,"required_status_checks":[{"do_not_enforce_on_create":false,"required_check":[{"context":"lint","integration_id":0},{"context":"test","integration_id":0}],"strict_required_status_checks_policy":false}],"tag_name_pattern":[],"update":false,"update_allows_fetch_and_merge":false}],"ruleset_id":11887497,"target":"branch"},"sensitive_attributes":[],"private":"eyJzY2hlbWFfdmVyc2lvbiI6IjEifQ==","dependencies":["module.base.github_repository.repository"]},{"index_key":"phasor-frontend","schema_version":1,"attributes":{"bypass_actors":[{"actor_id":0,"actor_type":"OrganizationAdmin","bypass_mode":"always"}],"conditions":[{"ref_name":[{"exclude":[],"include":["~DEFAULT_BRANCH"]}]}],"enforcement":"active","etag":"W/\"9f53ce5b915a6ea99ee4a353ea61b0b55d27742ab1ff5a73e0533435b435f0b7\"","id":"11887496","name":"branch-protection","node_id":"RRS_lACqUmVwb3NpdG9yec5DtcGAzgC1Y4g","repository":"phasor-frontend","rules":[{"branch_name_pattern":[],"commit_author_email_pattern":[],"commit_message_pattern":[],"committer_email_pattern":[],"creation":false,"deletion":true,"file_extension_restriction":[],"file_path_restriction":[],"max_file_path_length":[],"max_file_size":[],"merge_queue":[],"non_fast_forward":true,"pull_request":[{"dismiss_stale_reviews_on_push":true,"require_code_owner_review":false,"require_last_push_approval":false,"required_approving_review_count":0,"required_review_thread_resolution":true}],"required_code_scanning":[],"required_deployments":[],"required_linear_history":true,"required_signatures":false,"required_status_checks":[{"do_not_enforce_on_create":false,"required_check":[{"context":"lint","integration_id":0},{"context":"test","integration_id":0}],"strict_required_status_checks_policy":false}],"tag_name_pattern":[],"update":false,"update_allows_fetch_and_merge":false}],"ruleset_id":11887496,"target":"branch"},"sensitive_attributes":[],"private":"eyJzY2hlbWFfdmVyc2lvbiI6IjEifQ==","dependencies":["module.base.github_repository.repository"]},{"index_key":"reference-service-go","schema_version":1,"attributes":{"bypass_actors":[{"actor_id":0,"actor_type":"OrganizationAdmin","bypass_mode":"always"}],"conditions":[{"ref_name":[{"exclude":[],"include":["~DEFAULT_BRANCH"]}]}],"enforcement":"active","etag":"W/\"d3f6ca7ec5b73cbecb0e19f234b9d250227cf31304f00a9b67bbce25dda52498\"","id":"11713253","name":"branch-protection","node_id":"RRS_lACqUmVwb3NpdG9yec46uaXlzgCyuuU","repository":"reference-service-go","rules":[{"branch_name_pattern":[],"commit_author_email_pattern":[],"commit_message_pattern":[],"committer_email_pattern":[],"creation":false,"deletion":true,"file_extension_restriction":[],"file_path_restriction":[],"max_file_path_length":[],"max_file_size":[],"merge_queue":[],"non_fast_forward":true,"pull_request":[{"dismiss_stale_reviews_on_push":true,"require_code_owner_review":false,"require_last_push_approval":false,"required_approving_review_count":0,"required_review_thread_resolution":true}],"required_code_scanning":[],"required_deployments":[],"required_linear_history":true,"required_signatures":false,"required_status_checks":[],"tag_name_pattern":[],"update":false,"update_allows_fetch_and_merge":false}],"ruleset_id":11713253,"target":"branch"},"sensitive_attributes":[],"private":"eyJzY2hlbWFfdmVyc2lvbiI6IjEifQ==","dependencies":["module.base.github_repository.repository"]},{"index_key":"renovate","schema_version":1,"attributes":{"bypass_actors":[{"actor_id":0,"actor_type":"OrganizationAdmin","bypass_mode":"always"}],"conditions":[{"ref_name":[{"exclude":[],"include":["~DEFAULT_BRANCH"]}]}],"enforcement":"active","etag":"W/\"311df292acf36c9be4039a95ecf27a14298a016d48e3bbaa5a1111a2101fc212\"","id":"11712920","name":"branch-protection","node_id":"RRS_lACqUmVwb3NpdG9yec46uly5zgCyuZg","repository":"renovate","rules":[{"branch_name_pattern":[],"commit_author_email_pattern":[],"commit_message_pattern":[],"committer_email_pattern":[],"creation":false,"deletion":true,"file_extension_restriction":[],"file_path_restriction":[],"max_file_path_length":[],"max_file_size":[],"merge_queue":[],"non_fast_forward":true,"pull_request":[{"dismiss_stale_reviews_on_push":true,"require_code_owner_review":false,"require_last_push_approval":false,"required_approving_review_count":0,"required_review_thread_resolution":true}],"required_code_scanning":[],"required_deployments":[],"required_linear_history":true,"required_signatures":false,"required_status_checks":[],"tag_name_pattern":[],"update":false,"update_allows_fetch_and_merge":false}],"ruleset_id":11712920,"target":"branch"},"sensitive_attributes":[],"private":"eyJzY2hlbWFfdmVyc2lvbiI6IjEifQ==","dependencies":["module.base.github_repository.repository"]},{"index_key":"skillsmith","schema_version":1,"attributes":{"bypass_actors":[{"actor_id":0,"actor_type":"OrganizationAdmin","bypass_mode":"always"}],"conditions":[{"ref_name":[{"exclude":[],"include":["~DEFAULT_BRANCH"]}]}],"enforcement":"active","etag":"W/\"caf92397985be858a4b53ff8bc5aed233d1dc1fd1e7e515cbd4316a0e4ba61da\"","id":"12108625","name":"branch-protection","node_id":"RRS_lACqUmVwb3NpdG9yec5EBrthzgC4w1E","repository":"skillsmith","rules":[{"branch_name_pattern":[],"commit_author_email_pattern":[],"commit_message_pattern":[],"committer_email_pattern":[],"creation":false,"deletion":true,"file_extension_restriction":[],"file_path_restriction":[],"max_file_path_length":[],"max_file_size":[],"merge_queue":[],"non_fast_forward":true,"pull_request":[{"dismiss_stale_reviews_on_push":true,"require_code_owner_review":false,"require_last_push_approval":false,"required_approving_review_count":0,"required_review_thread_resolution":true}],"required_code_scanning":[],"required_deployments":[],"required_linear_history":true,"required_signatures":false,"required_status_checks":[{"do_not_enforce_on_create":false,"required_check":[{"context":"lint","integration_id":0},{"context":"test","integration_id":0}],"strict_required_status_checks_policy":false}],"tag_name_pattern":[],"update":false,"update_allows_fetch_and_merge":false}],"ruleset_id":12108625,"target":"branch"},"sensitive_attributes":[],"private":"eyJzY2hlbWFfdmVyc2lvbiI6IjEifQ==","dependencies":["module.base.github_repository.repository"]},{"index_key":"spectra","schema_version":1,"attributes":{"bypass_actors":[{"actor_id":0,"actor_type":"OrganizationAdmin","bypass_mode":"always"}],"conditions":[{"ref_name":[{"exclude":[],"include":["~DEFAULT_BRANCH"]}]}],"enforcement":"active","etag":"W/\"292261b7cc5316d99d3fc3e6bb639361bb7f23d0d0637c02f2e7ac9322f29e95\"","id":"11785116","name":"branch-protection","node_id":"RRS_lACqUmVwb3NpdG9yec5Dk6uZzgCz05w","repository":"spectra","rules":[{"branch_name_pattern":[],"commit_author_email_pattern":[],"commit_message_pattern":[],"committer_email_pattern":[],"creation":false,"deletion":true,"file_extension_restriction":[],"file_path_restriction":[],"max_file_path_length":[],"max_file_size":[],"merge_queue":[],"non_fast_forward":true,"pull_request":[{"dismiss_stale_reviews_on_push":true,"require_code_owner_review":false,"require_last_push_approval":false,"required_approving_review_count":0,"required_review_thread_resolution":true}],"required_code_scanning":[],"required_deployments":[],"required_linear_history":true,"required_signatures":false,"required_status_checks":[{"do_not_enforce_on_create":false,"required_check":[{"context":"lint","integration_id":0},{"context":"test","integration_id":0}],"strict_required_status_checks_policy":false}],"tag_name_pattern":[],"update":false,"update_allows_fetch_and_merge":false}],"ruleset_id":11785116,"target":"branch"},"sensitive_attributes":[],"private":"eyJzY2hlbWFfdmVyc2lvbiI6IjEifQ==","dependencies":["module.base.github_repository.repository"]},{"index_key":"testastic","schema_version":1,"attributes":{"bypass_actors":[{"actor_id":0,"actor_type":"OrganizationAdmin","bypass_mode":"always"}],"conditions":[{"ref_name":[{"exclude":[],"include":["~DEFAULT_BRANCH"]}]}],"enforcement":"active","etag":"W/\"fb0335a31a26684205f78daf006dc5779e2db7b23987b2cbfb13edbad95131cf\"","id":"11713258","name":"branch-protection","node_id":"RRS_lACqUmVwb3NpdG9yec5CfPiSzgCyuuo","repository":"testastic","rules":[{"branch_name_pattern":[],"commit_author_email_pattern":[],"commit_message_pattern":[],"committer_email_pattern":[],"creation":false,"deletion":true,"file_extension_restriction":[],"file_path_restriction":[],"max_file_path_length":[],"max_file_size":[],"merge_queue":[],"non_fast_forward":true,"pull_request":[{"dismiss_stale_reviews_on_push":true,"require_code_owner_review":false,"require_last_push_approval":false,"required_approving_review_count":0,"required_review_thread_resolution":true}],"required_code_scanning":[],"required_deployments":[],"required_linear_history":true,"required_signatures":false,"required_status_checks":[],"tag_name_pattern":[],"update":false,"update_allows_fetch_and_merge":false}],"ruleset_id":11713258,"target":"branch"},"sensitive_attributes":[],"private":"eyJzY2hlbWFfdmVyc2lvbiI6IjEifQ==","dependencies":["module.base.github_repository.repository"]},{"index_key":"vital","schema_version":1,"attributes":{"bypass_actors":[{"actor_id":0,"actor_type":"OrganizationAdmin","bypass_mode":"always"}],"conditions":[{"ref_name":[{"exclude":[],"include":["~DEFAULT_BRANCH"]}]}],"enforcement":"active","etag":"W/\"6d39be41a9e7c430ccdc33f25826c77ec93effb3913f50199aa458ce0f7ebebb\"","id":"11713257","name":"branch-protection","node_id":"RRS_lACqUmVwb3NpdG9yec49q_ZCzgCyuuk","repository":"vital","rules":[{"branch_name_pattern":[],"commit_author_email_pattern":[],"commit_message_pattern":[],"committer_email_pattern":[],"creation":false,"deletion":true,"file_extension_restriction":[],"file_path_restriction":[],"max_file_path_length":[],"max_file_size":[],"merge_queue":[],"non_fast_forward":true,"pull_request":[{"dismiss_stale_reviews_on_push":true,"require_code_owner_review":false,"require_last_push_approval":false,"required_approving_review_count":0,"required_review_thread_resolution":true}],"required_code_scanning":[],"required_deployments":[],"required_linear_history":true,"required_signatures":false,"required_status_checks":[],"tag_name_pattern":[],"update":false,"update_allows_fetch_and_merge":false}],"ruleset_id":11713257,"target":"branch"},"sensitive_attributes":[],"private":"eyJzY2hlbWFfdmVyc2lvbiI6IjEifQ==","dependencies":["module.base.github_repository.repository"]}]},{"module":"module.base","mode":"managed","type":"github_repository_ruleset","name":"conventional_commits","provider":"provider[\"registry.opentofu.org/integrations/github\"]","instances":[{"index_key":".github","schema_version":1,"attributes":{"bypass_actors":[{"actor_id":0,"actor_type":"OrganizationAdmin","bypass_mode":"always"}],"conditions":[{"ref_name":[{"exclude":[],"include":["~DEFAULT_BRANCH"]}]}],"enforcement":"active","etag":"W/\"8ff0a6c24e3498cd2751b4fca646034c6f7a02482048ff913021a1eda5be1157\"","id":"11713142","name":"conventional-commits","node_id":"RRS_lACqUmVwb3NpdG9yec5DdLp9zgCyunY","repository":".github","rules":[{"branch_name_pattern":[],"commit_author_email_pattern":[],"commit_message_pattern":[{"name":"","negate":false,"operator":"starts_with","pattern":"(feat|fix|docs|style|refactor|test|chore|build|ci|perf|revert)(\\(.+\\))?:"}],"committer_email_pattern":[],"creation":false,"deletion":false,"file_extension_restriction":[],"file_path_restriction":[],"max_file_path_length":[],"max_file_size":[],"merge_queue":[],"non_fast_forward":false,"pull_request":[],"required_code_scanning":[],"required_deployments":[],"required_linear_history":false,"required_signatures":false,"required_status_checks":[],"tag_name_pattern":[],"update":false,"update_allows_fetch_and_merge":false}],"ruleset_id":11713142,"target":"branch"},"sensitive_attributes":[],"private":"eyJzY2hlbWFfdmVyc2lvbiI6IjEifQ==","dependencies":["module.base.github_repository.repository"]},{"index_key":"contracts","schema_version":1,"attributes":{"bypass_actors":[{"actor_id":0,"actor_type":"OrganizationAdmin","bypass_mode":"always"}],"conditions":[{"ref_name":[{"exclude":[],"include":["~DEFAULT_BRANCH"]}]}],"enforcement":"active","etag":"W/\"49eb6819ce7e4ab8376924b7daf4e5fe8142af2dff86bd978098ab14372ecd09\"","id":"11907084","name":"conventional-commits","node_id":"RRS_lACqUmVwb3NpdG9yec5Dvq6XzgC1sAw","repository":"contracts","rules":[{"branch_name_pattern":[],"commit_author_email_pattern":[],"commit_message_pattern":[{"name":"","negate":false,"operator":"starts_with","pattern":"(feat|fix|docs|style|refactor|test|chore|build|ci|perf|revert)(\\(.+\\))?:"}],"committer_email_pattern":[],"creation":false,"deletion":false,"file_extension_restriction":[],"file_path_restriction":[],"max_file_path_length":[],"max_file_size":[],"merge_queue":[],"non_fast_forward":false,"pull_request":[],"required_code_scanning":[],"required_deployments":[],"required_linear_history":false,"required_signatures":false,"required_status_checks":[],"tag_name_pattern":[],"update":false,"update_allows_fetch_and_merge":false}],"ruleset_id":11907084,"target":"branch"},"sensitive_attributes":[],"private":"eyJzY2hlbWFfdmVyc2lvbiI6IjEifQ==","dependencies":["module.base.github_repository.repository"]},{"index_key":"docs","schema_version":1,"attributes":{"bypass_actors":[{"actor_id":0,"actor_type":"OrganizationAdmin","bypass_mode":"always"}],"conditions":[{"ref_name":[{"exclude":[],"include":["~DEFAULT_BRANCH"]}]}],"enforcement":"active","etag":"W/\"28a04d5fba73578c8b76ef53837d71c4f910cd006d804a9c2cd9a95dc196ab42\"","id":"11713146","name":"conventional-commits","node_id":"RRS_lACqUmVwb3NpdG9yec5CNnvMzgCyuno","repository":"docs","rules":[{"branch_name_pattern":[],"commit_author_email_pattern":[],"commit_message_pattern":[{"name":"","negate":false,"operator":"starts_with","pattern":"(feat|fix|docs|style|refactor|test|chore|build|ci|perf|revert)(\\(.+\\))?:"}],"committer_email_pattern":[],"creation":false,"deletion":false,"file_extension_restriction":[],"file_path_restriction":[],"max_file_path_length":[],"max_file_size":[],"merge_queue":[],"non_fast_forward":false,"pull_request":[],"required_code_scanning":[],"required_deployments":[],"required_linear_history":false,"required_signatures":false,"required_status_checks":[],"tag_name_pattern":[],"update":false,"update_allows_fetch_and_merge":false}],"ruleset_id":11713146,"target":"branch"},"sensitive_attributes":[],"private":"eyJzY2hlbWFfdmVyc2lvbiI6IjEifQ==","dependencies":["module.base.github_repository.repository"]},{"index_key":"gitops","schema_version":1,"attributes":{"bypass_actors":[{"actor_id":0,"actor_type":"OrganizationAdmin","bypass_mode":"always"}],"conditions":[{"ref_name":[{"exclude":[],"include":["~DEFAULT_BRANCH"]}]}],"enforcement":"active","etag":"W/\"e3ca8f4712a1fad7546dcfda64c83ab20ac2ec73fde6434457b3ce86b87bb0fa\"","id":"11713134","name":"conventional-commits","node_id":"RRS_lACqUmVwb3NpdG9yec47e2cFzgCyum4","repository":"gitops","rules":[{"branch_name_pattern":[],"commit_author_email_pattern":[],"commit_message_pattern":[{"name":"","negate":false,"operator":"starts_with","pattern":"(feat|fix|docs|style|refactor|test|chore|build|ci|perf|revert)(\\(.+\\))?:"}],"committer_email_pattern":[],"creation":false,"deletion":false,"file_extension_restriction":[],"file_path_restriction":[],"max_file_path_length":[],"max_file_size":[],"merge_queue":[],"non_fast_forward":false,"pull_request":[],"required_code_scanning":[],"required_deployments":[],"required_linear_history":false,"required_signatures":false,"required_status_checks":[],"tag_name_pattern":[],"update":false,"update_allows_fetch_and_merge":false}],"ruleset_id":11713134,"target":"branch"},"sensitive_attributes":[],"private":"eyJzY2hlbWFfdmVyc2lvbiI6IjEifQ==","dependencies":["module.base.github_repository.repository"]},{"index_key":"gitops-local","schema_version":1,"attributes":{"bypass_actors":[{"actor_id":0,"actor_type":"OrganizationAdmin","bypass_mode":"always"}],"conditions":[{"ref_name":[{"exclude":[],"include":["~DEFAULT_BRANCH"]}]}],"enforcement":"active","etag":"W/\"8fb57e15d639b2f32ea9a3925fa27e808b608a458cb86d1b62e7bfd2bacb5341\"","id":"11713143","name":"conventional-commits","node_id":"RRS_lACqUmVwb3NpdG9yec5CcU0izgCyunc","repository":"gitops-local","rules":[{"branch_name_pattern":[],"commit_author_email_pattern":[],"commit_message_pattern":[{"name":"","negate":false,"operator":"starts_with","pattern":"(feat|fix|docs|style|refactor|test|chore|build|ci|perf|revert)(\\(.+\\))?:"}],"committer_email_pattern":[],"creation":false,"deletion":false,"file_extension_restriction":[],"file_path_restriction":[],"max_file_path_length":[],"max_file_size":[],"merge_queue":[],"non_fast_forward":false,"pull_request":[],"required_code_scanning":[],"required_deployments":[],"required_linear_history":false,"required_signatures":false,"required_status_checks":[],"tag_name_pattern":[],"update":false,"update_allows_fetch_and_merge":false}],"ruleset_id":11713143,"target":"branch"},"sensitive_attributes":[],"private":"eyJzY2hlbWFfdmVyc2lvbiI6IjEifQ==","dependencies":["module.base.github_repository.repository"]},{"index_key":"gitops-mixin","schema_version":1,"attributes":{"bypass_actors":[{"actor_id":0,"actor_type":"OrganizationAdmin","bypass_mode":"always"}],"conditions":[{"ref_name":[{"exclude":[],"include":["~DEFAULT_BRANCH"]}]}],"enforcement":"active","etag":"W/\"ba3f72f359f4093153326dd5bc5121f6b86b45e41e98277c100add3c5dede160\"","id":"11713145","name":"conventional-commits","node_id":"RRS_lACqUmVwb3NpdG9yec5CgduwzgCyunk","repository":"gitops-mixin","rules":[{"branch_name_pattern":[],"commit_author_email_pattern":[],"commit_message_pattern":[{"name":"","negate":false,"operator":"starts_with","pattern":"(feat|fix|docs|style|refactor|test|chore|build|ci|perf|revert)(\\(.+\\))?:"}],"committer_email_pattern":[],"creation":false,"deletion":false,"file_extension_restriction":[],"file_path_restriction":[],"max_file_path_length":[],"max_file_size":[],"merge_queue":[],"non_fast_forward":false,"pull_request":[],"required_code_scanning":[],"required_deployments":[],"required_linear_history":false,"required_signatures":false,"required_status_checks":[],"tag_name_pattern":[],"update":false,"update_allows_fetch_and_merge":false}],"ruleset_id":11713145,"target":"branch"},"sensitive_attributes":[],"private":"eyJzY2hlbWFfdmVyc2lvbiI6IjEifQ==","dependencies":["module.base.github_repository.repository"]},{"index_key":"grimoire","schema_version":1,"attributes":{"bypass_actors":[{"actor_id":0,"actor_type":"OrganizationAdmin","bypass_mode":"always"}],"conditions":[{"ref_name":[{"exclude":[],"include":["~DEFAULT_BRANCH"]}]}],"enforcement":"active","etag":"W/\"ee14ff54fb2c6779104eaaa8f9e3640ebd3e4d02b503568518da3eeb2dac44b7\"","id":"12023807","name":"conventional-commits","node_id":"RRS_lACqUmVwb3NpdG9yec5D6L8gzgC3d_8","repository":"grimoire","rules":[{"branch_name_pattern":[],"commit_author_email_pattern":[],"commit_message_pattern":[{"name":"","negate":false,"operator":"starts_with","pattern":"(feat|fix|docs|style|refactor|test|chore|build|ci|perf|revert)(\\(.+\\))?:"}],"committer_email_pattern":[],"creation":false,"deletion":false,"file_extension_restriction":[],"file_path_restriction":[],"max_file_path_length":[],"max_file_size":[],"merge_queue":[],"non_fast_forward":false,"pull_request":[],"required_code_scanning":[],"required_deployments":[],"required_linear_history":false,"required_signatures":false,"required_status_checks":[],"tag_name_pattern":[],"update":false,"update_allows_fetch_and_merge":false}],"ruleset_id":12023807,"target":"branch"},"sensitive_attributes":[],"private":"eyJzY2hlbWFfdmVyc2lvbiI6IjEifQ==","dependencies":["module.base.github_repository.repository"]},{"index_key":"hivemind","schema_version":1,"attributes":{"bypass_actors":[{"actor_id":0,"actor_type":"OrganizationAdmin","bypass_mode":"always"}],"conditions":[{"ref_name":[{"exclude":[],"include":["~DEFAULT_BRANCH"]}]}],"enforcement":"active","etag":"W/\"aa21362f038966d24795023afe97931e590f31327161714efb098664a305a6de\"","id":"12273615","name":"conventional-commits","node_id":"RRS_lACqUmVwb3NpdG9yec5ER2YBzgC7R88","repository":"hivemind","rules":[{"branch_name_pattern":[],"commit_author_email_pattern":[],"commit_message_pattern":[{"name":"","negate":false,"operator":"starts_with","pattern":"(feat|fix|docs|style|refactor|test|chore|build|ci|perf|revert)(\\(.+\\))?:"}],"committer_email_pattern":[],"creation":false,"deletion":false,"file_extension_restriction":[],"file_path_restriction":[],"max_file_path_length":[],"max_file_size":[],"merge_queue":[],"non_fast_forward":false,"pull_request":[],"required_code_scanning":[],"required_deployments":[],"required_linear_history":false,"required_signatures":false,"required_status_checks":[],"tag_name_pattern":[],"update":false,"update_allows_fetch_and_merge":false}],"ruleset_id":12273615,"target":"branch"},"sensitive_attributes":[],"private":"eyJzY2hlbWFfdmVyc2lvbiI6IjEifQ==","dependencies":["module.base.github_repository.repository"]},{"index_key":"iac","schema_version":1,"attributes":{"bypass_actors":[{"actor_id":0,"actor_type":"OrganizationAdmin","bypass_mode":"always"}],"conditions":[{"ref_name":[{"exclude":[],"include":["~DEFAULT_BRANCH"]}]}],"enforcement":"active","etag":"W/\"70fb6536859a8b78c6563b7d222a3183d97241fc9fcf04ffcac179bf87ec9adb\"","id":"11713169","name":"conventional-commits","node_id":"RRS_lACqUmVwb3NpdG9yec45MFx8zgCyupE","repository":"iac","rules":[{"branch_name_pattern":[],"commit_author_email_pattern":[],"commit_message_pattern":[{"name":"","negate":false,"operator":"starts_with","pattern":"(feat|fix|docs|style|refactor|test|chore|build|ci|perf|revert)(\\(.+\\))?:"}],"committer_email_pattern":[],"creation":false,"deletion":false,"file_extension_restriction":[],"file_path_restriction":[],"max_file_path_length":[],"max_file_size":[],"merge_queue":[],"non_fast_forward":false,"pull_request":[],"required_code_scanning":[],"required_deployments":[],"required_linear_history":false,"required_signatures":false,"required_status_checks":[],"tag_name_pattern":[],"update":false,"update_allows_fetch_and_merge":false}],"ruleset_id":11713169,"target":"branch"},"sensitive_attributes":[],"private":"eyJzY2hlbWFfdmVyc2lvbiI6IjEifQ==","dependencies":["module.base.github_repository.repository"]},{"index_key":"iac-github","schema_version":1,"attributes":{"bypass_actors":[{"actor_id":0,"actor_type":"OrganizationAdmin","bypass_mode":"always"}],"conditions":[{"ref_name":[{"exclude":[],"include":["~DEFAULT_BRANCH"]}]}],"enforcement":"active","etag":"W/\"ce1328d9d73e67af69a9bfb49f44a8e726d51bbc993a233b01c1208bca115db7\"","id":"11887533","name":"conventional-commits","node_id":"RRS_lACqUmVwb3NpdG9yec5DtcWxzgC1Y60","repository":"iac-github","rules":[{"branch_name_pattern":[],"commit_author_email_pattern":[],"commit_message_pattern":[{"name":"","negate":false,"operator":"starts_with","pattern":"(feat|fix|docs|style|refactor|test|chore|build|ci|perf|revert)(\\(.+\\))?:"}],"committer_email_pattern":[],"creation":false,"deletion":false,"file_extension_restriction":[],"file_path_restriction":[],"max_file_path_length":[],"max_file_size":[],"merge_queue":[],"non_fast_forward":false,"pull_request":[],"required_code_scanning":[],"required_deployments":[],"required_linear_history":false,"required_signatures":false,"required_status_checks":[],"tag_name_pattern":[],"update":false,"update_allows_fetch_and_merge":false}],"ruleset_id":11887533,"target":"branch"},"sensitive_attributes":[],"private":"eyJzY2hlbWFfdmVyc2lvbiI6IjEifQ==","dependencies":["module.base.github_repository.repository"]},{"index_key":"phasor","schema_version":1,"attributes":{"bypass_actors":[{"actor_id":0,"actor_type":"OrganizationAdmin","bypass_mode":"always"}],"conditions":[{"ref_name":[{"exclude":[],"include":["~DEFAULT_BRANCH"]}]}],"enforcement":"active","etag":"W/\"47032eaf9d0cf68a577002886ac7417c018652f072e776b0064a75518cd47fd0\"","id":"11713184","name":"conventional-commits","node_id":"RRS_lACqUmVwb3NpdG9yec5CUU31zgCyuqA","repository":"phasor","rules":[{"branch_name_pattern":[],"commit_author_email_pattern":[],"commit_message_pattern":[{"name":"","negate":false,"operator":"starts_with","pattern":"(feat|fix|docs|style|refactor|test|chore|build|ci|perf|revert)(\\(.+\\))?:"}],"committer_email_pattern":[],"creation":false,"deletion":false,"file_extension_restriction":[],"file_path_restriction":[],"max_file_path_length":[],"max_file_size":[],"merge_queue":[],"non_fast_forward":false,"pull_request":[],"required_code_scanning":[],"required_deployments":[],"required_linear_history":false,"required_signatures":false,"required_status_checks":[],"tag_name_pattern":[],"update":false,"update_allows_fetch_and_merge":false}],"ruleset_id":11713184,"target":"branch"},"sensitive_attributes":[],"private":"eyJzY2hlbWFfdmVyc2lvbiI6IjEifQ==","dependencies":["module.base.github_repository.repository"]},{"index_key":"phasor-backend","schema_version":1,"attributes":{"bypass_actors":[{"actor_id":0,"actor_type":"OrganizationAdmin","bypass_mode":"always"}],"conditions":[{"ref_name":[{"exclude":[],"include":["~DEFAULT_BRANCH"]}]}],"enforcement":"active","etag":"W/\"81982fdd29131ae51cc7f7103001ca18bae03b0102f6d7451c6b4b39c2110caa\"","id":"11887493","name":"conventional-commits","node_id":"RRS_lACqUmVwb3NpdG9yec5DtcF1zgC1Y4U","repository":"phasor-backend","rules":[{"branch_name_pattern":[],"commit_author_email_pattern":[],"commit_message_pattern":[{"name":"","negate":false,"operator":"starts_with","pattern":"(feat|fix|docs|style|refactor|test|chore|build|ci|perf|revert)(\\(.+\\))?:"}],"committer_email_pattern":[],"creation":false,"deletion":false,"file_extension_restriction":[],"file_path_restriction":[],"max_file_path_length":[],"max_file_size":[],"merge_queue":[],"non_fast_forward":false,"pull_request":[],"required_code_scanning":[],"required_deployments":[],"required_linear_history":false,"required_signatures":false,"required_status_checks":[],"tag_name_pattern":[],"update":false,"update_allows_fetch_and_merge":false}],"ruleset_id":11887493,"target":"branch"},"sensitive_attributes":[],"private":"eyJzY2hlbWFfdmVyc2lvbiI6IjEifQ==","dependencies":["module.base.github_repository.repository"]},{"index_key":"phasor-frontend","schema_version":1,"attributes":{"bypass_actors":[{"actor_id":0,"actor_type":"OrganizationAdmin","bypass_mode":"always"}],"conditions":[{"ref_name":[{"exclude":[],"include":["~DEFAULT_BRANCH"]}]}],"enforcement":"active","etag":"W/\"451fcfdf63d75de7895674266c367647112beabeb10f4ec5bc1ea6847150390b\"","id":"11887494","name":"conventional-commits","node_id":"RRS_lACqUmVwb3NpdG9yec5DtcGAzgC1Y4Y","repository":"phasor-frontend","rules":[{"branch_name_pattern":[],"commit_author_email_pattern":[],"commit_message_pattern":[{"name":"","negate":false,"operator":"starts_with","pattern":"(feat|fix|docs|style|refactor|test|chore|build|ci|perf|revert)(\\(.+\\))?:"}],"committer_email_pattern":[],"creation":false,"deletion":false,"file_extension_restriction":[],"file_path_restriction":[],"max_file_path_length":[],"max_file_size":[],"merge_queue":[],"non_fast_forward":false,"pull_request":[],"required_code_scanning":[],"required_deployments":[],"required_linear_history":false,"required_signatures":false,"required_status_checks":[],"tag_name_pattern":[],"update":false,"update_allows_fetch_and_merge":false}],"ruleset_id":11887494,"target":"branch"},"sensitive_attributes":[],"private":"eyJzY2hlbWFfdmVyc2lvbiI6IjEifQ==","dependencies":["module.base.github_repository.repository"]},{"index_key":"reference-service-go","schema_version":1,"attributes":{"bypass_actors":[{"actor_id":0,"actor_type":"OrganizationAdmin","bypass_mode":"always"}],"conditions":[{"ref_name":[{"exclude":[],"include":["~DEFAULT_BRANCH"]}]}],"enforcement":"active","etag":"W/\"18b6360215b15e815a7217db6e5b84f6c4f2834c0b7c06f8a6477a79bbe06ef2\"","id":"11713249","name":"conventional-commits","node_id":"RRS_lACqUmVwb3NpdG9yec46uaXlzgCyuuE","repository":"reference-service-go","rules":[{"branch_name_pattern":[],"commit_author_email_pattern":[],"commit_message_pattern":[{"name":"","negate":false,"operator":"starts_with","pattern":"(feat|fix|docs|style|refactor|test|chore|build|ci|perf|revert)(\\(.+\\))?:"}],"committer_email_pattern":[],"creation":false,"deletion":false,"file_extension_restriction":[],"file_path_restriction":[],"max_file_path_length":[],"max_file_size":[],"merge_queue":[],"non_fast_forward":false,"pull_request":[],"required_code_scanning":[],"required_deployments":[],"required_linear_history":false,"required_signatures":false,"required_status_checks":[],"tag_name_pattern":[],"update":false,"update_allows_fetch_and_merge":false}],"ruleset_id":11713249,"target":"branch"},"sensitive_attributes":[],"private":"eyJzY2hlbWFfdmVyc2lvbiI6IjEifQ==","dependencies":["module.base.github_repository.repository"]},{"index_key":"renovate","schema_version":1,"attributes":{"bypass_actors":[{"actor_id":0,"actor_type":"OrganizationAdmin","bypass_mode":"always"}],"conditions":[{"ref_name":[{"exclude":[],"include":["~DEFAULT_BRANCH"]}]}],"enforcement":"active","etag":"W/\"eb2f4b314b8a0c5413440c4a1d9783567a698d1b9d33cfaf91bb85999cbe96df\"","id":"11713136","name":"conventional-commits","node_id":"RRS_lACqUmVwb3NpdG9yec46uly5zgCyunA","repository":"renovate","rules":[{"branch_name_pattern":[],"commit_author_email_pattern":[],"commit_message_pattern":[{"name":"","negate":false,"operator":"starts_with","pattern":"(feat|fix|docs|style|refactor|test|chore|build|ci|perf|revert)(\\(.+\\))?:"}],"committer_email_pattern":[],"creation":false,"deletion":false,"file_extension_restriction":[],"file_path_restriction":[],"max_file_path_length":[],"max_file_size":[],"merge_queue":[],"non_fast_forward":false,"pull_request":[],"required_code_scanning":[],"required_deployments":[],"required_linear_history":false,"required_signatures":false,"required_status_checks":[],"tag_name_pattern":[],"update":false,"update_allows_fetch_and_merge":false}],"ruleset_id":11713136,"target":"branch"},"sensitive_attributes":[],"private":"eyJzY2hlbWFfdmVyc2lvbiI6IjEifQ==","dependencies":["module.base.github_repository.repository"]},{"index_key":"skillsmith","schema_version":1,"attributes":{"bypass_actors":[{"actor_id":0,"actor_type":"OrganizationAdmin","bypass_mode":"always"}],"conditions":[{"ref_name":[{"exclude":[],"include":["~DEFAULT_BRANCH"]}]}],"enforcement":"active","etag":"W/\"fe907196c7198ba5fb6d86eb514095ca35cfc85e28ab2e407df64afdf0a62ab2\"","id":"12108624","name":"conventional-commits","node_id":"RRS_lACqUmVwb3NpdG9yec5EBrthzgC4w1A","repository":"skillsmith","rules":[{"branch_name_pattern":[],"commit_author_email_pattern":[],"commit_message_pattern":[{"name":"","negate":false,"operator":"starts_with","pattern":"(feat|fix|docs|style|refactor|test|chore|build|ci|perf|revert)(\\(.+\\))?:"}],"committer_email_pattern":[],"creation":false,"deletion":false,"file_extension_restriction":[],"file_path_restriction":[],"max_file_path_length":[],"max_file_size":[],"merge_queue":[],"non_fast_forward":false,"pull_request":[],"required_code_scanning":[],"required_deployments":[],"required_linear_history":false,"required_signatures":false,"required_status_checks":[],"tag_name_pattern":[],"update":false,"update_allows_fetch_and_merge":false}],"ruleset_id":12108624,"target":"branch"},"sensitive_attributes":[],"private":"eyJzY2hlbWFfdmVyc2lvbiI6IjEifQ==","dependencies":["module.base.github_repository.repository"]},{"index_key":"spectra","schema_version":1,"attributes":{"bypass_actors":[{"actor_id":0,"actor_type":"OrganizationAdmin","bypass_mode":"always"}],"conditions":[{"ref_name":[{"exclude":[],"include":["~DEFAULT_BRANCH"]}]}],"enforcement":"active","etag":"W/\"8c70a1fbb8efd73585bf4d571947eb69dfaf01ba8ee96a687176da7eca8ede65\"","id":"11785114","name":"conventional-commits","node_id":"RRS_lACqUmVwb3NpdG9yec5Dk6uZzgCz05o","repository":"spectra","rules":[{"branch_name_pattern":[],"commit_author_email_pattern":[],"commit_message_pattern":[{"name":"","negate":false,"operator":"starts_with","pattern":"(feat|fix|docs|style|refactor|test|chore|build|ci|perf|revert)(\\(.+\\))?:"}],"committer_email_pattern":[],"creation":false,"deletion":false,"file_extension_restriction":[],"file_path_restriction":[],"max_file_path_length":[],"max_file_size":[],"merge_queue":[],"non_fast_forward":false,"pull_request":[],"required_code_scanning":[],"required_deployments":[],"required_linear_history":false,"required_signatures":false,"required_status_checks":[],"tag_name_pattern":[],"update":false,"update_allows_fetch_and_merge":false}],"ruleset_id":11785114,"target":"branch"},"sensitive_attributes":[],"private":"eyJzY2hlbWFfdmVyc2lvbiI6IjEifQ==","dependencies":["module.base.github_repository.repository"]},{"index_key":"testastic","schema_version":1,"attributes":{"bypass_actors":[{"actor_id":0,"actor_type":"OrganizationAdmin","bypass_mode":"always"}],"conditions":[{"ref_name":[{"exclude":[],"include":["~DEFAULT_BRANCH"]}]}],"enforcement":"active","etag":"W/\"2e1ec77657a7813f4c1576fa78bd843bb3a9bb4d0ae1b605fcf730148fee3970\"","id":"11713255","name":"conventional-commits","node_id":"RRS_lACqUmVwb3NpdG9yec5CfPiSzgCyuuc","repository":"testastic","rules":[{"branch_name_pattern":[],"commit_author_email_pattern":[],"commit_message_pattern":[{"name":"","negate":false,"operator":"starts_with","pattern":"(feat|fix|docs|style|refactor|test|chore|build|ci|perf|revert)(\\(.+\\))?:"}],"committer_email_pattern":[],"creation":false,"deletion":false,"file_extension_restriction":[],"file_path_restriction":[],"max_file_path_length":[],"max_file_size":[],"merge_queue":[],"non_fast_forward":false,"pull_request":[],"required_code_scanning":[],"required_deployments":[],"required_linear_history":false,"required_signatures":false,"required_status_checks":[],"tag_name_pattern":[],"update":false,"update_allows_fetch_and_merge":false}],"ruleset_id":11713255,"target":"branch"},"sensitive_attributes":[],"private":"eyJzY2hlbWFfdmVyc2lvbiI6IjEifQ==","dependencies":["module.base.github_repository.repository"]},{"index_key":"vital","schema_version":1,"attributes":{"bypass_actors":[{"actor_id":0,"actor_type":"OrganizationAdmin","bypass_mode":"always"}],"conditions":[{"ref_name":[{"exclude":[],"include":["~DEFAULT_BRANCH"]}]}],"enforcement":"active","etag":"W/\"6e173454679bd90cd10cd97d6b9cc9d4842637f7b4dcc4df2b16d448c657efc0\"","id":"11713254","name":"conventional-commits","node_id":"RRS_lACqUmVwb3NpdG9yec49q_ZCzgCyuuY","repository":"vital","rules":[{"branch_name_pattern":[],"commit_author_email_pattern":[],"commit_message_pattern":[{"name":"","negate":false,"operator":"starts_with","pattern":"(feat|fix|docs|style|refactor|test|chore|build|ci|perf|revert)(\\(.+\\))?:"}],"committer_email_pattern":[],"creation":false,"deletion":false,"file_extension_restriction":[],"file_path_restriction":[],"max_file_path_length":[],"max_file_size":[],"merge_queue":[],"non_fast_forward":false,"pull_request":[],"required_code_scanning":[],"required_deployments":[],"required_linear_history":false,"required_signatures":false,"required_status_checks":[],"tag_name_pattern":[],"update":false,"update_allows_fetch_and_merge":false}],"ruleset_id":11713254,"target":"branch"},"sensitive_attributes":[],"private":"eyJzY2hlbWFfdmVyc2lvbiI6IjEifQ==","dependencies":["module.base.github_repository.repository"]}]}],"check_results":null}
