{"version":4,"terraform_version":"1.11.3","serial":35,"lineage":"f867959f-1c20-5657-1bcd-777cb1dec144","outputs":{"repositories":{"value":{".github":{"full_name":"monkescience/.github","html_url":"https://github.com/monkescience/.github","name":".github"},"docs":{"full_name":"monkescience/docs","html_url":"https://github.com/monkescience/docs","name":"docs"},"gitops":{"full_name":"monkescience/gitops","html_url":"https://github.com/monkescience/gitops","name":"gitops"},"gitops-local":{"full_name":"monkescience/gitops-local","html_url":"https://github.com/monkescience/gitops-local","name":"gitops-local"},"gitops-mixin":{"full_name":"monkescience/gitops-mixin","html_url":"https://github.com/monkescience/gitops-mixin","name":"gitops-mixin"},"iac":{"full_name":"monkescience/iac","html_url":"https://github.com/monkescience/iac","name":"iac"},"iac-github":{"full_name":"monkescience/iac-github","html_url":"https://github.com/monkescience/iac-github","name":"iac-github"},"phasor":{"full_name":"monkescience/phasor","html_url":"https://github.com/monkescience/phasor","name":"phasor"},"phasor-backend":{"full_name":"monkescience/phasor-backend","html_url":"https://github.com/monkescience/phasor-backend","name":"phasor-backend"},"phasor-frontend":{"full_name":"monkescience/phasor-frontend","html_url":"https://github.com/monkescience/phasor-frontend","name":"phasor-frontend"},"reference-service-go":{"full_name":"monkescience/reference-service-go","html_url":"https://github.com/monkescience/reference-service-go","name":"reference-service-go"},"renovate":{"full_name":"monkescience/renovate","html_url":"https://github.com/monkescience/renovate","name":"renovate"},"spectra":{"full_name":"monkescience/spectra","html_url":"https://github.com/monkescience/spectra","name":"spectra"},"testastic":{"full_name":"monkescience/testastic","html_url":"https://github.com/monkescience/testastic","name":"testastic"},"vital":{"full_name":"monkescience/vital","html_url":"https://github.com/monkescience/vital","name":"vital"}},"type":["object",{".github":["object",{"full_name":"string","html_url":"string","name":"string"}],"docs":["object",{"full_name":"string","html_url":"string","name":"string"}],"gitops":["object",{"full_name":"string","html_url":"string","name":"string"}],"gitops-local":["object",{"full_name":"string","html_url":"string","name":"string"}],"gitops-mixin":["object",{"full_name":"string","html_url":"string","name":"string"}],"iac":["object",{"full_name":"string","html_url":"string","name":"string"}],"iac-github":["object",{"full_name":"string","html_url":"string","name":"string"}],"phasor":["object",{"full_name":"string","html_url":"string","name":"string"}],"phasor-backend":["object",{"full_name":"string","html_url":"string","name":"string"}],"phasor-frontend":["object",{"full_name":"string","html_url":"string","name":"string"}],"reference-service-go":["object",{"full_name":"string","html_url":"string","name":"string"}],"renovate":["object",{"full_name":"string","html_url":"string","name":"string"}],"spectra":["object",{"full_name":"string","html_url":"string","name":"string"}],"testastic":["object",{"full_name":"string","html_url":"string","name":"string"}],"vital":["object",{"full_name":"string","html_url":"string","name":"string"}]}]}},"resources":[{"module":"module.base","mode":"managed","type":"github_branch_default","name":"default_branch","provider":"provider[\"registry.opentofu.org/integrations/github\"]","instances":[{"index_key":".github","schema_version":0,"attributes":{"branch":"main","etag":"W/\"a59e15f06b5fb9125431fb477c96211233b81492dc1847af8750e0e7670e4ac1\"","id":".github","rename":false,"repository":".github"},"sensitive_attributes":[],"private":"bnVsbA==","dependencies":["module.base.github_repository.repository"]},{"index_key":"docs","schema_version":0,"attributes":{"branch":"main","etag":"W/\"3fe45e9359d657428c88acb2c6b45be3733ba14ace226cd2c87fbce8b6ed9b0b\"","id":"docs","rename":null,"repository":"docs"},"sensitive_attributes":[],"private":"eyJzY2hlbWFfdmVyc2lvbiI6IjAifQ==","dependencies":["module.base.github_repository.repository"]},{"index_key":"gitops","schema_version":0,"attributes":{"branch":"main","etag":"W/\"e9fa05d6df53fc5bda87f6ebacea969533656b7980a9ad72fd6b74870bd4afb3\"","id":"gitops","rename":null,"repository":"gitops"},"sensitive_attributes":[],"private":"eyJzY2hlbWFfdmVyc2lvbiI6IjAifQ==","dependencies":["module.base.github_repository.repository"]},{"index_key":"gitops-local","schema_version":0,"attributes":{"branch":"main","etag":"W/\"99feda2ba27676add527d6c2c594c504aa426ff2c7f3f1140a085b159159a378\"","id":"gitops-local","rename":null,"repository":"gitops-local"},"sensitive_attributes":[],"private":"eyJzY2hlbWFfdmVyc2lvbiI6IjAifQ==","dependencies":["module.base.github_repository.repository"]},{"index_key":"gitops-mixin","schema_version":0,"attributes":{"branch":"main","etag":"W/\"ca9230ac8125773967b3530691aac0e71384a7884795788e1e7d10653ab8a757\"","id":"gitops-mixin","rename":null,"repository":"gitops-mixin"},"sensitive_attributes":[],"private":"eyJzY2hlbWFfdmVyc2lvbiI6IjAifQ==","dependencies":["module.base.github_repository.repository"]},{"index_key":"iac","schema_version":0,"attributes":{"branch":"main","etag":"W/\"725eaedfb55ddd452e487a0cfa9ece5bcd55ac92ddf973dbab04117453d8a4c9\"","id":"iac","rename":null,"repository":"iac"},"sensitive_attributes":[],"private":"eyJzY2hlbWFfdmVyc2lvbiI6IjAifQ==","dependencies":["module.base.github_repository.repository"]},{"index_key":"iac-github","schema_version":0,"attributes":{"branch":"main","etag":"W/\"7a5472229dad873a306b75d60e5996d501cb6af70b338cd8b0c43aa1368bfa48\"","id":"iac-github","rename":false,"repository":"iac-github"},"sensitive_attributes":[],"private":"bnVsbA==","dependencies":["module.base.github_repository.repository"]},{"index_key":"phasor","schema_version":0,"attributes":{"branch":"main","etag":"W/\"c51bb7d32afefc41633f62481d6e34364dc124a4c9f357bb8b0041266b929fa6\"","id":"phasor","rename":null,"repository":"phasor"},"sensitive_attributes":[],"private":"eyJzY2hlbWFfdmVyc2lvbiI6IjAifQ==","dependencies":["module.base.github_repository.repository"]},{"index_key":"phasor-backend","schema_version":0,"attributes":{"branch":"main","etag":"W/\"17fba17fef5a11eca27112a4c20fe0203d9936e3cf2c49551bd704dc462c1af1\"","id":"phasor-backend","rename":false,"repository":"phasor-backend"},"sensitive_attributes":[],"private":"bnVsbA==","dependencies":["module.base.github_repository.repository"]},{"index_key":"phasor-frontend","schema_version":0,"attributes":{"branch":"main","etag":"W/\"ce1df9a20579ed5197c93dd80c2316a796df6ada30f167a952ac05f0c722a93c\"","id":"phasor-frontend","rename":false,"repository":"phasor-frontend"},"sensitive_attributes":[],"private":"bnVsbA==","dependencies":["module.base.github_repository.repository"]},{"index_key":"reference-service-go","schema_version":0,"attributes":{"branch":"main","etag":"W/\"371ed215ff2085bc359f87d8832a325e8cc22a8e56a7d9090bfad59c93bceea7\"","id":"reference-service-go","rename":null,"repository":"reference-service-go"},"sensitive_attributes":[],"private":"eyJzY2hlbWFfdmVyc2lvbiI6IjAifQ==","dependencies":["module.base.github_repository.repository"]},{"index_key":"renovate","schema_version":0,"attributes":{"branch":"main","etag":"W/\"f0acaf4b0e934e7872c62d88de8adeafe4439ce313f9e051d2c03c33a94a96a0\"","id":"renovate","rename":null,"repository":"renovate"},"sensitive_attributes":[],"private":"eyJzY2hlbWFfdmVyc2lvbiI6IjAifQ==","dependencies":["module.base.github_repository.repository"]},{"index_key":"spectra","schema_version":0,"attributes":{"branch":"main","etag":"W/\"4cf219a93b5353985459ece3b36896d2ea5e56a1228b3c97997b9024778d530a\"","id":"spectra","rename":false,"repository":"spectra"},"sensitive_attributes":[],"private":"bnVsbA==","dependencies":["module.base.github_repository.repository"]},{"index_key":"testastic","schema_version":0,"attributes":{"branch":"main","etag":"W/\"b52714674f9412eaedc166b97fadbed8fb3810cd9d1e26a3ea55501cafb39fba\"","id":"testastic","rename":null,"repository":"testastic"},"sensitive_attributes":[],"private":"eyJzY2hlbWFfdmVyc2lvbiI6IjAifQ==","dependencies":["module.base.github_repository.repository"]},{"index_key":"vital","schema_version":0,"attributes":{"branch":"main","etag":"W/\"297fcae70065feaf290c36072f79e696f94fe471272f1c38a49f442aa0891d7d\"","id":"vital","rename":null,"repository":"vital"},"sensitive_attributes":[],"private":"eyJzY2hlbWFfdmVyc2lvbiI6IjAifQ==","dependencies":["module.base.github_repository.repository"]}]},{"module":"module.base","mode":"managed","type":"github_branch_protection","name":"default_branch","provider":"provider[\"registry.opentofu.org/integrations/github\"]","instances":[{"index_key":".github","schema_version":2,"attributes":{"allows_deletions":false,"allows_force_pushes":false,"enforce_admins":false,"force_push_bypassers":[],"id":"BPR_kwDOQ3S6fc4EQ4dD","lock_branch":false,"pattern":"main","repository_id":"R_kgDOQ3S6fQ","require_conversation_resolution":true,"require_signed_commits":false,"required_linear_history":true,"required_pull_request_reviews":[{"dismiss_stale_reviews":true,"dismissal_restrictions":[],"pull_request_bypassers":[],"require_code_owner_reviews":false,"require_last_push_approval":false,"required_approving_review_count":0,"restrict_dismissals":false}],"required_status_checks":[],"restrict_pushes":[]},"sensitive_attributes":[],"private":"eyJzY2hlbWFfdmVyc2lvbiI6IjIifQ==","dependencies":["module.base.github_repository.repository"]},{"index_key":"docs","schema_version":2,"attributes":{"allows_deletions":false,"allows_force_pushes":false,"enforce_admins":false,"force_push_bypassers":[],"id":"BPR_kwDOQjZ7zM4EQ4lp","lock_branch":false,"pattern":"main","repository_id":"R_kgDOQjZ7zA","require_conversation_resolution":true,"require_signed_commits":false,"required_linear_history":true,"required_pull_request_reviews":[{"dismiss_stale_reviews":true,"dismissal_restrictions":[],"pull_request_bypassers":[],"require_code_owner_reviews":false,"require_last_push_approval":false,"required_approving_review_count":0,"restrict_dismissals":false}],"required_status_checks":[],"restrict_pushes":[]},"sensitive_attributes":[],"private":"eyJzY2hlbWFfdmVyc2lvbiI6IjIifQ==","dependencies":["module.base.github_repository.repository"]},{"index_key":"gitops","schema_version":2,"attributes":{"allows_deletions":false,"allows_force_pushes":false,"enforce_admins":false,"force_push_bypassers":[],"id":"BPR_kwDOO3tnBc4EQ4lq","lock_branch":false,"pattern":"main","repository_id":"R_kgDOO3tnBQ","require_conversation_resolution":true,"require_signed_commits":false,"required_linear_history":true,"required_pull_request_reviews":[{"dismiss_stale_reviews":true,"dismissal_restrictions":[],"pull_request_bypassers":[],"require_code_owner_reviews":false,"require_last_push_approval":false,"required_approving_review_count":0,"restrict_dismissals":false}],"required_status_checks":[],"restrict_pushes":[]},"sensitive_attributes":[],"private":"eyJzY2hlbWFfdmVyc2lvbiI6IjIifQ==","dependencies":["module.base.github_repository.repository"]},{"index_key":"gitops-local","schema_version":2,"attributes":{"allows_deletions":false,"allows_force_pushes":false,"enforce_admins":false,"force_push_bypassers":[],"id":"BPR_kwDOQnFNIs4EQ4q4","lock_branch":false,"pattern":"main","repository_id":"R_kgDOQnFNIg","require_conversation_resolution":true,"require_signed_commits":false,"required_linear_history":true,"required_pull_request_reviews":[{"dismiss_stale_reviews":true,"dismissal_restrictions":[],"pull_request_bypassers":[],"require_code_owner_reviews":false,"require_last_push_approval":false,"required_approving_review_count":0,"restrict_dismissals":false}],"required_status_checks":[],"restrict_pushes":[]},"sensitive_attributes":[],"private":"eyJzY2hlbWFfdmVyc2lvbiI6IjIifQ==","dependencies":["module.base.github_repository.repository"]},{"index_key":"gitops-mixin","schema_version":2,"attributes":{"allows_deletions":false,"allows_force_pushes":false,"enforce_admins":false,"force_push_bypassers":[],"id":"BPR_kwDOQoHbsM4EQ4xH","lock_branch":false,"pattern":"main","repository_id":"R_kgDOQoHbsA","require_conversation_resolution":true,"require_signed_commits":false,"required_linear_history":true,"required_pull_request_reviews":[{"dismiss_stale_reviews":true,"dismissal_restrictions":[],"pull_request_bypassers":[],"require_code_owner_reviews":false,"require_last_push_approval":false,"required_approving_review_count":0,"restrict_dismissals":false}],"required_status_checks":[],"restrict_pushes":[]},"sensitive_attributes":[],"private":"eyJzY2hlbWFfdmVyc2lvbiI6IjIifQ==","dependencies":["module.base.github_repository.repository"]},{"index_key":"iac","schema_version":2,"attributes":{"allows_deletions":false,"allows_force_pushes":false,"enforce_admins":false,"force_push_bypassers":[],"id":"BPR_kwDOOTBcfM4EQ4yj","lock_branch":false,"pattern":"main","repository_id":"R_kgDOOTBcfA","require_conversation_resolution":true,"require_signed_commits":false,"required_linear_history":true,"required_pull_request_reviews":[{"dismiss_stale_reviews":true,"dismissal_restrictions":[],"pull_request_bypassers":[],"require_code_owner_reviews":false,"require_last_push_approval":false,"required_approving_review_count":0,"restrict_dismissals":false}],"required_status_checks":[],"restrict_pushes":[]},"sensitive_attributes":[],"private":"eyJzY2hlbWFfdmVyc2lvbiI6IjIifQ==","dependencies":["module.base.github_repository.repository"]},{"index_key":"iac-github","schema_version":2,"attributes":{"allows_deletions":false,"allows_force_pushes":false,"enforce_admins":false,"force_push_bypassers":[],"id":"BPR_kwDOQ7XFsc4ERz6d","lock_branch":false,"pattern":"main","repository_id":"R_kgDOQ7XFsQ","require_conversation_resolution":true,"require_signed_commits":false,"required_linear_history":true,"required_pull_request_reviews":[{"dismiss_stale_reviews":true,"dismissal_restrictions":[],"pull_request_bypassers":[],"require_code_owner_reviews":false,"require_last_push_approval":false,"required_approving_review_count":0,"restrict_dismissals":false}],"required_status_checks":[],"restrict_pushes":[]},"sensitive_attributes":[],"private":"eyJzY2hlbWFfdmVyc2lvbiI6IjIifQ==","dependencies":["module.base.github_repository.repository"]},{"index_key":"phasor","schema_version":2,"attributes":{"allows_deletions":false,"allows_force_pushes":false,"enforce_admins":false,"force_push_bypassers":[],"id":"BPR_kwDOQlFN9c4EQ4yv","lock_branch":false,"pattern":"main","repository_id":"R_kgDOQlFN9Q","require_conversation_resolution":true,"require_signed_commits":false,"required_linear_history":true,"required_pull_request_reviews":[{"dismiss_stale_reviews":true,"dismissal_restrictions":[],"pull_request_bypassers":[],"require_code_owner_reviews":false,"require_last_push_approval":false,"required_approving_review_count":0,"restrict_dismissals":false}],"required_status_checks":[],"restrict_pushes":[]},"sensitive_attributes":[],"private":"eyJzY2hlbWFfdmVyc2lvbiI6IjIifQ==","dependencies":["module.base.github_repository.repository"]},{"index_key":"reference-service-go","schema_version":2,"attributes":{"allows_deletions":false,"allows_force_pushes":false,"enforce_admins":false,"force_push_bypassers":[],"id":"BPR_kwDOOrml5c4EQ40v","lock_branch":false,"pattern":"main","repository_id":"R_kgDOOrml5Q","require_conversation_resolution":true,"require_signed_commits":false,"required_linear_history":true,"required_pull_request_reviews":[{"dismiss_stale_reviews":true,"dismissal_restrictions":[],"pull_request_bypassers":[],"require_code_owner_reviews":false,"require_last_push_approval":false,"required_approving_review_count":0,"restrict_dismissals":false}],"required_status_checks":[],"restrict_pushes":[]},"sensitive_attributes":[],"private":"eyJzY2hlbWFfdmVyc2lvbiI6IjIifQ==","dependencies":["module.base.github_repository.repository"]},{"index_key":"renovate","schema_version":2,"attributes":{"allows_deletions":false,"allows_force_pushes":false,"enforce_admins":false,"force_push_bypassers":[],"id":"BPR_kwDOOrpcuc4EQ4k7","lock_branch":false,"pattern":"main","repository_id":"R_kgDOOrpcuQ","require_conversation_resolution":true,"require_signed_commits":false,"required_linear_history":true,"required_pull_request_reviews":[{"dismiss_stale_reviews":true,"dismissal_restrictions":[],"pull_request_bypassers":[],"require_code_owner_reviews":false,"require_last_push_approval":false,"required_approving_review_count":0,"restrict_dismissals":false}],"required_status_checks":[],"restrict_pushes":[]},"sensitive_attributes":[],"private":"eyJzY2hlbWFfdmVyc2lvbiI6IjIifQ==","dependencies":["module.base.github_repository.repository"]},{"index_key":"testastic","schema_version":2,"attributes":{"allows_deletions":false,"allows_force_pushes":false,"enforce_admins":false,"force_push_bypassers":[],"id":"BPR_kwDOQnz4ks4EQ40w","lock_branch":false,"pattern":"main","repository_id":"R_kgDOQnz4kg","require_conversation_resolution":true,"require_signed_commits":false,"required_linear_history":true,"required_pull_request_reviews":[{"dismiss_stale_reviews":true,"dismissal_restrictions":[],"pull_request_bypassers":[],"require_code_owner_reviews":false,"require_last_push_approval":false,"required_approving_review_count":0,"restrict_dismissals":false}],"required_status_checks":[],"restrict_pushes":[]},"sensitive_attributes":[],"private":"eyJzY2hlbWFfdmVyc2lvbiI6IjIifQ==","dependencies":["module.base.github_repository.repository"]},{"index_key":"vital","schema_version":2,"attributes":{"allows_deletions":false,"allows_force_pushes":false,"enforce_admins":false,"force_push_bypassers":[],"id":"BPR_kwDOPav2Qs4EQ40u","lock_branch":false,"pattern":"main","repository_id":"R_kgDOPav2Qg","require_conversation_resolution":true,"require_signed_commits":false,"required_linear_history":true,"required_pull_request_reviews":[{"dismiss_stale_reviews":true,"dismissal_restrictions":[],"pull_request_bypassers":[],"require_code_owner_reviews":false,"require_last_push_approval":false,"required_approving_review_count":0,"restrict_dismissals":false}],"required_status_checks":[],"restrict_pushes":[]},"sensitive_attributes":[],"private":"eyJzY2hlbWFfdmVyc2lvbiI6IjIifQ==","dependencies":["module.base.github_repository.repository"]}]},{"module":"module.base","mode":"managed","type":"github_repository","name":"repository","provider":"provider[\"registry.opentofu.org/integrations/github\"]","instances":[{"index_key":".github","schema_version":1,"attributes":{"allow_auto_merge":true,"allow_merge_commit":false,"allow_rebase_merge":false,"allow_squash_merge":true,"allow_update_branch":false,"archive_on_destroy":null,"archived":false,"auto_init":true,"default_branch":"main","delete_branch_on_merge":true,"description":"","etag":"W/\"a59e15f06b5fb9125431fb477c96211233b81492dc1847af8750e0e7670e4ac1\"","fork":"false","full_name":"monkescience/.github","git_clone_url":"git://github.com/monkescience/.github.git","gitignore_template":null,"has_discussions":false,"has_downloads":false,"has_issues":false,"has_projects":false,"has_wiki":false,"homepage_url":"","html_url":"https://github.com/monkescience/.github","http_clone_url":"https://github.com/monkescience/.github.git","id":".github","ignore_vulnerability_alerts_during_read":null,"is_template":false,"license_template":"mit","merge_commit_message":"PR_TITLE","merge_commit_title":"MERGE_MESSAGE","name":".github","node_id":"R_kgDOQ3S6fQ","pages":[],"primary_language":"","private":false,"repo_id":1131723389,"security_and_analysis":[{"advanced_security":[],"code_security":[],"secret_scanning":[{"status":"disabled"}],"secret_scanning_ai_detection":[],"secret_scanning_non_provider_patterns":[],"secret_scanning_push_protection":[{"status":"disabled"}]}],"source_owner":"","source_repo":"","squash_merge_commit_message":"BLANK","squash_merge_commit_title":"PR_TITLE","ssh_clone_url":"git@github.com:monkescience/.github.git","svn_url":"https://github.com/monkescience/.github","template":[],"topics":[],"visibility":"public","vulnerability_alerts":true,"web_commit_signoff_required":false},"sensitive_attributes":[],"private":"eyJzY2hlbWFfdmVyc2lvbiI6IjEifQ=="},{"index_key":"docs","schema_version":1,"attributes":{"allow_auto_merge":true,"allow_merge_commit":false,"allow_rebase_merge":false,"allow_squash_merge":true,"allow_update_branch":false,"archive_on_destroy":null,"archived":false,"auto_init":true,"default_branch":"main","delete_branch_on_merge":true,"description":"","etag":"W/\"0e9d279bd906cf6774b81d2467ec4b218e9468a03357266b871c96f5cb7a0ed4\"","fork":"false","full_name":"monkescience/docs","git_clone_url":"git://github.com/monkescience/docs.git","gitignore_template":null,"has_discussions":false,"has_downloads":false,"has_issues":true,"has_projects":false,"has_wiki":false,"homepage_url":"","html_url":"https://github.com/monkescience/docs","http_clone_url":"https://github.com/monkescience/docs.git","id":"docs","ignore_vulnerability_alerts_during_read":null,"is_template":false,"license_template":"mit","merge_commit_message":"PR_TITLE","merge_commit_title":"MERGE_MESSAGE","name":"docs","node_id":"R_kgDOQjZ7zA","pages":[],"primary_language":"","private":false,"repo_id":1110866892,"security_and_analysis":[{"advanced_security":[],"code_security":[],"secret_scanning":[{"status":"disabled"}],"secret_scanning_ai_detection":[],"secret_scanning_non_provider_patterns":[],"secret_scanning_push_protection":[{"status":"disabled"}]}],"source_owner":"","source_repo":"","squash_merge_commit_message":"BLANK","squash_merge_commit_title":"PR_TITLE","ssh_clone_url":"git@github.com:monkescience/docs.git","svn_url":"https://github.com/monkescience/docs","template":[],"topics":[],"visibility":"public","vulnerability_alerts":true,"web_commit_signoff_required":false},"sensitive_attributes":[],"private":"eyJzY2hlbWFfdmVyc2lvbiI6IjEifQ=="},{"index_key":"gitops","schema_version":1,"attributes":{"allow_auto_merge":true,"allow_merge_commit":false,"allow_rebase_merge":false,"allow_squash_merge":true,"allow_update_branch":false,"archive_on_destroy":null,"archived":false,"auto_init":true,"default_branch":"main","delete_branch_on_merge":true,"description":"","etag":"W/\"f512217026980179e06d03b258494783b5b0c73edface04b2ef4dd19cd89764a\"","fork":"false","full_name":"monkescience/gitops","git_clone_url":"git://github.com/monkescience/gitops.git","gitignore_template":null,"has_discussions":false,"has_downloads":false,"has_issues":true,"has_projects":false,"has_wiki":false,"homepage_url":"","html_url":"https://github.com/monkescience/gitops","http_clone_url":"https://github.com/monkescience/gitops.git","id":"gitops","ignore_vulnerability_alerts_during_read":null,"is_template":false,"license_template":"mit","merge_commit_message":"PR_TITLE","merge_commit_title":"MERGE_MESSAGE","name":"gitops","node_id":"R_kgDOO3tnBQ","pages":[],"primary_language":"","private":false,"repo_id":997943045,"security_and_analysis":[{"advanced_security":[],"code_security":[],"secret_scanning":[{"status":"disabled"}],"secret_scanning_ai_detection":[],"secret_scanning_non_provider_patterns":[],"secret_scanning_push_protection":[{"status":"disabled"}]}],"source_owner":"","source_repo":"","squash_merge_commit_message":"BLANK","squash_merge_commit_title":"PR_TITLE","ssh_clone_url":"git@github.com:monkescience/gitops.git","svn_url":"https://github.com/monkescience/gitops","template":[],"topics":[],"visibility":"public","vulnerability_alerts":true,"web_commit_signoff_required":false},"sensitive_attributes":[],"private":"eyJzY2hlbWFfdmVyc2lvbiI6IjEifQ=="},{"index_key":"gitops-local","schema_version":1,"attributes":{"allow_auto_merge":true,"allow_merge_commit":false,"allow_rebase_merge":false,"allow_squash_merge":true,"allow_update_branch":false,"archive_on_destroy":null,"archived":false,"auto_init":true,"default_branch":"main","delete_branch_on_merge":true,"description":"","etag":"W/\"323fbb9325dda362808477d908a68cf4b452706f5914a9f19d98d8d8b6bcf821\"","fork":"false","full_name":"monkescience/gitops-local","git_clone_url":"git://github.com/monkescience/gitops-local.git","gitignore_template":null,"has_discussions":false,"has_downloads":false,"has_issues":true,"has_projects":false,"has_wiki":false,"homepage_url":"","html_url":"https://github.com/monkescience/gitops-local","http_clone_url":"https://github.com/monkescience/gitops-local.git","id":"gitops-local","ignore_vulnerability_alerts_during_read":null,"is_template":false,"license_template":"mit","merge_commit_message":"PR_TITLE","merge_commit_title":"MERGE_MESSAGE","name":"gitops-local","node_id":"R_kgDOQnFNIg","pages":[],"primary_language":"Shell","private":false,"repo_id":1114721570,"security_and_analysis":[{"advanced_security":[],"code_security":[],"secret_scanning":[{"status":"disabled"}],"secret_scanning_ai_detection":[],"secret_scanning_non_provider_patterns":[],"secret_scanning_push_protection":[{"status":"disabled"}]}],"source_owner":"","source_repo":"","squash_merge_commit_message":"BLANK","squash_merge_commit_title":"PR_TITLE","ssh_clone_url":"git@github.com:monkescience/gitops-local.git","svn_url":"https://github.com/monkescience/gitops-local","template":[],"topics":[],"visibility":"public","vulnerability_alerts":true,"web_commit_signoff_required":false},"sensitive_attributes":[],"private":"eyJzY2hlbWFfdmVyc2lvbiI6IjEifQ=="},{"index_key":"gitops-mixin","schema_version":1,"attributes":{"allow_auto_merge":true,"allow_merge_commit":false,"allow_rebase_merge":false,"allow_squash_merge":true,"allow_update_branch":false,"archive_on_destroy":null,"archived":false,"auto_init":true,"default_branch":"main","delete_branch_on_merge":true,"description":"","etag":"W/\"1995ef7a69bf054c6c57fff0953ae31914e8b4747831f0fc1f3b498b2a56b761\"","fork":"false","full_name":"monkescience/gitops-mixin","git_clone_url":"git://github.com/monkescience/gitops-mixin.git","gitignore_template":null,"has_discussions":false,"has_downloads":false,"has_issues":true,"has_projects":false,"has_wiki":false,"homepage_url":"","html_url":"https://github.com/monkescience/gitops-mixin","http_clone_url":"https://github.com/monkescience/gitops-mixin.git","id":"gitops-mixin","ignore_vulnerability_alerts_during_read":null,"is_template":false,"license_template":"mit","merge_commit_message":"PR_TITLE","merge_commit_title":"MERGE_MESSAGE","name":"gitops-mixin","node_id":"R_kgDOQoHbsA","pages":[],"primary_language":"Jsonnet","private":false,"repo_id":1115806640,"security_and_analysis":[{"advanced_security":[],"code_security":[],"secret_scanning":[{"status":"disabled"}],"secret_scanning_ai_detection":[],"secret_scanning_non_provider_patterns":[],"secret_scanning_push_protection":[{"status":"disabled"}]}],"source_owner":"","source_repo":"","squash_merge_commit_message":"BLANK","squash_merge_commit_title":"PR_TITLE","ssh_clone_url":"git@github.com:monkescience/gitops-mixin.git","svn_url":"https://github.com/monkescience/gitops-mixin","template":[],"topics":[],"visibility":"public","vulnerability_alerts":true,"web_commit_signoff_required":false},"sensitive_attributes":[],"private":"eyJzY2hlbWFfdmVyc2lvbiI6IjEifQ=="},{"index_key":"iac","schema_version":1,"attributes":{"allow_auto_merge":true,"allow_merge_commit":false,"allow_rebase_merge":false,"allow_squash_merge":true,"allow_update_branch":false,"archive_on_destroy":null,"archived":false,"auto_init":true,"default_branch":"main","delete_branch_on_merge":true,"description":"","etag":"W/\"73a6b64b30097a99ae9a2d6ce6959ca17822ca0096541d2e3b71c18daecdc417\"","fork":"false","full_name":"monkescience/iac","git_clone_url":"git://github.com/monkescience/iac.git","gitignore_template":null,"has_discussions":false,"has_downloads":false,"has_issues":true,"has_projects":false,"has_wiki":false,"homepage_url":"","html_url":"https://github.com/monkescience/iac","http_clone_url":"https://github.com/monkescience/iac.git","id":"iac","ignore_vulnerability_alerts_during_read":null,"is_template":false,"license_template":"mit","merge_commit_message":"PR_TITLE","merge_commit_title":"MERGE_MESSAGE","name":"iac","node_id":"R_kgDOOTBcfA","pages":[],"primary_language":"HCL","private":false,"repo_id":959470716,"security_and_analysis":[{"advanced_security":[],"code_security":[],"secret_scanning":[{"status":"disabled"}],"secret_scanning_ai_detection":[],"secret_scanning_non_provider_patterns":[],"secret_scanning_push_protection":[{"status":"disabled"}]}],"source_owner":"","source_repo":"","squash_merge_commit_message":"BLANK","squash_merge_commit_title":"PR_TITLE","ssh_clone_url":"git@github.com:monkescience/iac.git","svn_url":"https://github.com/monkescience/iac","template":[],"topics":[],"visibility":"public","vulnerability_alerts":true,"web_commit_signoff_required":false},"sensitive_attributes":[],"private":"eyJzY2hlbWFfdmVyc2lvbiI6IjEifQ=="},{"index_key":"iac-github","schema_version":1,"attributes":{"allow_auto_merge":true,"allow_merge_commit":false,"allow_rebase_merge":false,"allow_squash_merge":true,"allow_update_branch":false,"archive_on_destroy":null,"archived":false,"auto_init":true,"default_branch":"main","delete_branch_on_merge":true,"description":"","etag":"W/\"7a5472229dad873a306b75d60e5996d501cb6af70b338cd8b0c43aa1368bfa48\"","fork":"false","full_name":"monkescience/iac-github","git_clone_url":"git://github.com/monkescience/iac-github.git","gitignore_template":null,"has_discussions":false,"has_downloads":false,"has_issues":true,"has_projects":false,"has_wiki":false,"homepage_url":"","html_url":"https://github.com/monkescience/iac-github","http_clone_url":"https://github.com/monkescience/iac-github.git","id":"iac-github","ignore_vulnerability_alerts_during_read":null,"is_template":false,"license_template":"mit","merge_commit_message":"PR_TITLE","merge_commit_title":"MERGE_MESSAGE","name":"iac-github","node_id":"R_kgDOQ7XFsQ","pages":[],"primary_language":"HCL","private":false,"repo_id":1135986097,"security_and_analysis":[{"advanced_security":[],"code_security":[],"secret_scanning":[{"status":"disabled"}],"secret_scanning_ai_detection":[],"secret_scanning_non_provider_patterns":[],"secret_scanning_push_protection":[{"status":"disabled"}]}],"source_owner":"","source_repo":"","squash_merge_commit_message":"BLANK","squash_merge_commit_title":"PR_TITLE","ssh_clone_url":"git@github.com:monkescience/iac-github.git","svn_url":"https://github.com/monkescience/iac-github","template":[],"topics":[],"visibility":"public","vulnerability_alerts":true,"web_commit_signoff_required":false},"sensitive_attributes":[],"private":"eyJzY2hlbWFfdmVyc2lvbiI6IjEifQ=="},{"index_key":"phasor","schema_version":1,"attributes":{"allow_auto_merge":true,"allow_merge_commit":false,"allow_rebase_merge":false,"allow_squash_merge":true,"allow_update_branch":false,"archive_on_destroy":null,"archived":false,"auto_init":true,"default_branch":"main","delete_branch_on_merge":true,"description":"","etag":"W/\"70f1a7c1c34817b180e604534950c6df97fccd92bf9180a3dcba9b6efd75830e\"","fork":"false","full_name":"monkescience/phasor","git_clone_url":"git://github.com/monkescience/phasor.git","gitignore_template":null,"has_discussions":false,"has_downloads":false,"has_issues":true,"has_projects":false,"has_wiki":false,"homepage_url":"","html_url":"https://github.com/monkescience/phasor","http_clone_url":"https://github.com/monkescience/phasor.git","id":"phasor","ignore_vulnerability_alerts_during_read":null,"is_template":false,"license_template":"mit","merge_commit_message":"PR_TITLE","merge_commit_title":"MERGE_MESSAGE","name":"phasor","node_id":"R_kgDOQlFN9Q","pages":[],"primary_language":"Go","private":false,"repo_id":1112624629,"security_and_analysis":[{"advanced_security":[],"code_security":[],"secret_scanning":[{"status":"disabled"}],"secret_scanning_ai_detection":[],"secret_scanning_non_provider_patterns":[],"secret_scanning_push_protection":[{"status":"disabled"}]}],"source_owner":"","source_repo":"","squash_merge_commit_message":"BLANK","squash_merge_commit_title":"PR_TITLE","ssh_clone_url":"git@github.com:monkescience/phasor.git","svn_url":"https://github.com/monkescience/phasor","template":[],"topics":[],"visibility":"public","vulnerability_alerts":true,"web_commit_signoff_required":false},"sensitive_attributes":[],"private":"eyJzY2hlbWFfdmVyc2lvbiI6IjEifQ=="},{"index_key":"phasor-backend","schema_version":1,"attributes":{"allow_auto_merge":true,"allow_merge_commit":false,"allow_rebase_merge":false,"allow_squash_merge":true,"allow_update_branch":false,"archive_on_destroy":null,"archived":false,"auto_init":true,"default_branch":"main","delete_branch_on_merge":true,"description":"","etag":"W/\"17fba17fef5a11eca27112a4c20fe0203d9936e3cf2c49551bd704dc462c1af1\"","fork":"false","full_name":"monkescience/phasor-backend","git_clone_url":"git://github.com/monkescience/phasor-backend.git","gitignore_template":null,"has_discussions":false,"has_downloads":false,"has_issues":true,"has_projects":false,"has_wiki":false,"homepage_url":"","html_url":"https://github.com/monkescience/phasor-backend","http_clone_url":"https://github.com/monkescience/phasor-backend.git","id":"phasor-backend","ignore_vulnerability_alerts_during_read":null,"is_template":false,"license_template":"mit","merge_commit_message":"PR_TITLE","merge_commit_title":"MERGE_MESSAGE","name":"phasor-backend","node_id":"R_kgDOQ7XBdQ","pages":[],"primary_language":"Go","private":false,"repo_id":1135985013,"security_and_analysis":[{"advanced_security":[],"code_security":[],"secret_scanning":[{"status":"disabled"}],"secret_scanning_ai_detection":[],"secret_scanning_non_provider_patterns":[],"secret_scanning_push_protection":[{"status":"disabled"}]}],"source_owner":"","source_repo":"","squash_merge_commit_message":"BLANK","squash_merge_commit_title":"PR_TITLE","ssh_clone_url":"git@github.com:monkescience/phasor-backend.git","svn_url":"https://github.com/monkescience/phasor-backend","template":[],"topics":[],"visibility":"public","vulnerability_alerts":true,"web_commit_signoff_required":false},"sensitive_attributes":[],"private":"eyJzY2hlbWFfdmVyc2lvbiI6IjEifQ=="},{"index_key":"phasor-frontend","schema_version":1,"attributes":{"allow_auto_merge":true,"allow_merge_commit":false,"allow_rebase_merge":false,"allow_squash_merge":true,"allow_update_branch":false,"archive_on_destroy":null,"archived":false,"auto_init":true,"default_branch":"main","delete_branch_on_merge":true,"description":"","etag":"W/\"ce1df9a20579ed5197c93dd80c2316a796df6ada30f167a952ac05f0c722a93c\"","fork":"false","full_name":"monkescience/phasor-frontend","git_clone_url":"git://github.com/monkescience/phasor-frontend.git","gitignore_template":null,"has_discussions":false,"has_downloads":false,"has_issues":true,"has_projects":false,"has_wiki":false,"homepage_url":"","html_url":"https://github.com/monkescience/phasor-frontend","http_clone_url":"https://github.com/monkescience/phasor-frontend.git","id":"phasor-frontend","ignore_vulnerability_alerts_during_read":null,"is_template":false,"license_template":"mit","merge_commit_message":"PR_TITLE","merge_commit_title":"MERGE_MESSAGE","name":"phasor-frontend","node_id":"R_kgDOQ7XBgA","pages":[],"primary_language":"Go","private":false,"repo_id":1135985024,"security_and_analysis":[{"advanced_security":[],"code_security":[],"secret_scanning":[{"status":"disabled"}],"secret_scanning_ai_detection":[],"secret_scanning_non_provider_patterns":[],"secret_scanning_push_protection":[{"status":"disabled"}]}],"source_owner":"","source_repo":"","squash_merge_commit_message":"BLANK","squash_merge_commit_title":"PR_TITLE","ssh_clone_url":"git@github.com:monkescience/phasor-frontend.git","svn_url":"https://github.com/monkescience/phasor-frontend","template":[],"topics":[],"visibility":"public","vulnerability_alerts":true,"web_commit_signoff_required":false},"sensitive_attributes":[],"private":"eyJzY2hlbWFfdmVyc2lvbiI6IjEifQ=="},{"index_key":"reference-service-go","schema_version":1,"attributes":{"allow_auto_merge":true,"allow_merge_commit":false,"allow_rebase_merge":false,"allow_squash_merge":true,"allow_update_branch":false,"archive_on_destroy":null,"archived":false,"auto_init":true,"default_branch":"main","delete_branch_on_merge":true,"description":"","etag":"W/\"67ed52c47816327d1ce8947e3eeca7a51d2466ad4dd6c6597793f552bc3aed96\"","fork":"false","full_name":"monkescience/reference-service-go","git_clone_url":"git://github.com/monkescience/reference-service-go.git","gitignore_template":null,"has_discussions":false,"has_downloads":false,"has_issues":true,"has_projects":false,"has_wiki":false,"homepage_url":"","html_url":"https://github.com/monkescience/reference-service-go","http_clone_url":"https://github.com/monkescience/reference-service-go.git","id":"reference-service-go","ignore_vulnerability_alerts_during_read":null,"is_template":false,"license_template":"mit","merge_commit_message":"PR_TITLE","merge_commit_title":"MERGE_MESSAGE","name":"reference-service-go","node_id":"R_kgDOOrml5Q","pages":[],"primary_language":"Go","private":false,"repo_id":985245157,"security_and_analysis":[{"advanced_security":[],"code_security":[],"secret_scanning":[{"status":"disabled"}],"secret_scanning_ai_detection":[],"secret_scanning_non_provider_patterns":[],"secret_scanning_push_protection":[{"status":"disabled"}]}],"source_owner":"","source_repo":"","squash_merge_commit_message":"BLANK","squash_merge_commit_title":"PR_TITLE","ssh_clone_url":"git@github.com:monkescience/reference-service-go.git","svn_url":"https://github.com/monkescience/reference-service-go","template":[],"topics":[],"visibility":"public","vulnerability_alerts":true,"web_commit_signoff_required":false},"sensitive_attributes":[],"private":"eyJzY2hlbWFfdmVyc2lvbiI6IjEifQ=="},{"index_key":"renovate","schema_version":1,"attributes":{"allow_auto_merge":true,"allow_merge_commit":false,"allow_rebase_merge":false,"allow_squash_merge":true,"allow_update_branch":false,"archive_on_destroy":null,"archived":false,"auto_init":true,"default_branch":"main","delete_branch_on_merge":true,"description":"","etag":"W/\"5e6455f5cfdfe8d8f66210a50bfce9778c4284df65ad0651fcac109bbd0c6e3b\"","fork":"false","full_name":"monkescience/renovate","git_clone_url":"git://github.com/monkescience/renovate.git","gitignore_template":null,"has_discussions":false,"has_downloads":false,"has_issues":true,"has_projects":false,"has_wiki":false,"homepage_url":"","html_url":"https://github.com/monkescience/renovate","http_clone_url":"https://github.com/monkescience/renovate.git","id":"renovate","ignore_vulnerability_alerts_during_read":null,"is_template":false,"license_template":"mit","merge_commit_message":"PR_TITLE","merge_commit_title":"MERGE_MESSAGE","name":"renovate","node_id":"R_kgDOOrpcuQ","pages":[],"primary_language":"","private":false,"repo_id":985291961,"security_and_analysis":[{"advanced_security":[],"code_security":[],"secret_scanning":[{"status":"disabled"}],"secret_scanning_ai_detection":[],"secret_scanning_non_provider_patterns":[],"secret_scanning_push_protection":[{"status":"disabled"}]}],"source_owner":"","source_repo":"","squash_merge_commit_message":"BLANK","squash_merge_commit_title":"PR_TITLE","ssh_clone_url":"git@github.com:monkescience/renovate.git","svn_url":"https://github.com/monkescience/renovate","template":[],"topics":[],"visibility":"public","vulnerability_alerts":true,"web_commit_signoff_required":false},"sensitive_attributes":[],"private":"eyJzY2hlbWFfdmVyc2lvbiI6IjEifQ=="},{"index_key":"spectra","schema_version":1,"attributes":{"allow_auto_merge":true,"allow_merge_commit":false,"allow_rebase_merge":false,"allow_squash_merge":true,"allow_update_branch":false,"archive_on_destroy":null,"archived":false,"auto_init":true,"default_branch":"main","delete_branch_on_merge":true,"description":"","etag":"W/\"4cf219a93b5353985459ece3b36896d2ea5e56a1228b3c97997b9024778d530a\"","fork":"false","full_name":"monkescience/spectra","git_clone_url":"git://github.com/monkescience/spectra.git","gitignore_template":null,"has_discussions":false,"has_downloads":false,"has_issues":true,"has_projects":false,"has_wiki":false,"homepage_url":"","html_url":"https://github.com/monkescience/spectra","http_clone_url":"https://github.com/monkescience/spectra.git","id":"spectra","ignore_vulnerability_alerts_during_read":null,"is_template":false,"license_template":"mit","merge_commit_message":"PR_TITLE","merge_commit_title":"MERGE_MESSAGE","name":"spectra","node_id":"R_kgDOQ5OrmQ","pages":[],"primary_language":"Go","private":false,"repo_id":1133751193,"security_and_analysis":[{"advanced_security":[],"code_security":[],"secret_scanning":[{"status":"disabled"}],"secret_scanning_ai_detection":[],"secret_scanning_non_provider_patterns":[],"secret_scanning_push_protection":[{"status":"disabled"}]}],"source_owner":"","source_repo":"","squash_merge_commit_message":"BLANK","squash_merge_commit_title":"PR_TITLE","ssh_clone_url":"git@github.com:monkescience/spectra.git","svn_url":"https://github.com/monkescience/spectra","template":[],"topics":[],"visibility":"public","vulnerability_alerts":true,"web_commit_signoff_required":false},"sensitive_attributes":[],"private":"eyJzY2hlbWFfdmVyc2lvbiI6IjEifQ=="},{"index_key":"testastic","schema_version":1,"attributes":{"allow_auto_merge":true,"allow_merge_commit":false,"allow_rebase_merge":false,"allow_squash_merge":true,"allow_update_branch":false,"archive_on_destroy":null,"archived":false,"auto_init":true,"default_branch":"main","delete_branch_on_merge":true,"description":"","etag":"W/\"64e35563fa4a99c7573e2b4f205e2824dad82968d12db4b5db8555cb9d5a3ac5\"","fork":"false","full_name":"monkescience/testastic","git_clone_url":"git://github.com/monkescience/testastic.git","gitignore_template":null,"has_discussions":false,"has_downloads":false,"has_issues":true,"has_projects":false,"has_wiki":false,"homepage_url":"","html_url":"https://github.com/monkescience/testastic","http_clone_url":"https://github.com/monkescience/testastic.git","id":"testastic","ignore_vulnerability_alerts_during_read":null,"is_template":false,"license_template":"mit","merge_commit_message":"PR_TITLE","merge_commit_title":"MERGE_MESSAGE","name":"testastic","node_id":"R_kgDOQnz4kg","pages":[],"primary_language":"Go","private":false,"repo_id":1115486354,"security_and_analysis":[{"advanced_security":[],"code_security":[],"secret_scanning":[{"status":"disabled"}],"secret_scanning_ai_detection":[],"secret_scanning_non_provider_patterns":[],"secret_scanning_push_protection":[{"status":"disabled"}]}],"source_owner":"","source_repo":"","squash_merge_commit_message":"BLANK","squash_merge_commit_title":"PR_TITLE","ssh_clone_url":"git@github.com:monkescience/testastic.git","svn_url":"https://github.com/monkescience/testastic","template":[],"topics":[],"visibility":"public","vulnerability_alerts":true,"web_commit_signoff_required":false},"sensitive_attributes":[],"private":"eyJzY2hlbWFfdmVyc2lvbiI6IjEifQ=="},{"index_key":"vital","schema_version":1,"attributes":{"allow_auto_merge":true,"allow_merge_commit":false,"allow_rebase_merge":false,"allow_squash_merge":true,"allow_update_branch":false,"archive_on_destroy":null,"archived":false,"auto_init":true,"default_branch":"main","delete_branch_on_merge":true,"description":"","etag":"W/\"2cc5090405034c12f153628293e02ea026cb61994bbc13be46ffd2fce34adb66\"","fork":"false","full_name":"monkescience/vital","git_clone_url":"git://github.com/monkescience/vital.git","gitignore_template":null,"has_discussions":false,"has_downloads":false,"has_issues":true,"has_projects":false,"has_wiki":false,"homepage_url":"","html_url":"https://github.com/monkescience/vital","http_clone_url":"https://github.com/monkescience/vital.git","id":"vital","ignore_vulnerability_alerts_during_read":null,"is_template":false,"license_template":"mit","merge_commit_message":"PR_TITLE","merge_commit_title":"MERGE_MESSAGE","name":"vital","node_id":"R_kgDOPav2Qg","pages":[],"primary_language":"Go","private":false,"repo_id":1034679874,"security_and_analysis":[{"advanced_security":[],"code_security":[],"secret_scanning":[{"status":"disabled"}],"secret_scanning_ai_detection":[],"secret_scanning_non_provider_patterns":[],"secret_scanning_push_protection":[{"status":"disabled"}]}],"source_owner":"","source_repo":"","squash_merge_commit_message":"BLANK","squash_merge_commit_title":"PR_TITLE","ssh_clone_url":"git@github.com:monkescience/vital.git","svn_url":"https://github.com/monkescience/vital","template":[],"topics":[],"visibility":"public","vulnerability_alerts":true,"web_commit_signoff_required":false},"sensitive_attributes":[],"private":"eyJzY2hlbWFfdmVyc2lvbiI6IjEifQ=="}]},{"module":"module.base","mode":"managed","type":"github_repository_ruleset","name":"branch_naming","provider":"provider[\"registry.opentofu.org/integrations/github\"]","instances":[{"index_key":".github","schema_version":1,"attributes":{"bypass_actors":[],"conditions":[{"ref_name":[{"exclude":["~DEFAULT_BRANCH","refs/heads/renovate/*","refs/heads/release-please--*"],"include":["~ALL"]}]}],"enforcement":"active","etag":"W/\"07e6d422d0a06a2357c5a83c3ab05120310cd447806ed024cc68eb737cf8a777\"","id":"11713138","name":"branch-naming","node_id":"RRS_lACqUmVwb3NpdG9yec5DdLp9zgCyunI","repository":".github","rules":[{"branch_name_pattern":[{"name":"","negate":false,"operator":"regex","pattern":"^(feat|fix|chore|docs|refactor|test|ci|build|perf|style|revert)/[a-z0-9-]+$"}],"commit_author_email_pattern":[],"commit_message_pattern":[],"committer_email_pattern":[],"creation":false,"deletion":false,"file_extension_restriction":[],"file_path_restriction":[],"max_file_path_length":[],"max_file_size":[],"merge_queue":[],"non_fast_forward":false,"pull_request":[],"required_code_scanning":[],"required_deployments":[],"required_linear_history":false,"required_signatures":false,"required_status_checks":[],"tag_name_pattern":[],"update":false,"update_allows_fetch_and_merge":false}],"ruleset_id":11713138,"target":"branch"},"sensitive_attributes":[],"private":"eyJzY2hlbWFfdmVyc2lvbiI6IjEifQ==","dependencies":["module.base.github_repository.repository"]},{"index_key":"docs","schema_version":1,"attributes":{"bypass_actors":[],"conditions":[{"ref_name":[{"exclude":["~DEFAULT_BRANCH","refs/heads/renovate/*","refs/heads/release-please--*"],"include":["~ALL"]}]}],"enforcement":"active","etag":"W/\"593dbaabc0057335809eb9ebdea09941020af5975bd232dbd1ce71a40bda19cf\"","id":"11713133","name":"branch-naming","node_id":"RRS_lACqUmVwb3NpdG9yec5CNnvMzgCyum0","repository":"docs","rules":[{"branch_name_pattern":[{"name":"","negate":false,"operator":"regex","pattern":"^(feat|fix|chore|docs|refactor|test|ci|build|perf|style|revert)/[a-z0-9-]+$"}],"commit_author_email_pattern":[],"commit_message_pattern":[],"committer_email_pattern":[],"creation":false,"deletion":false,"file_extension_restriction":[],"file_path_restriction":[],"max_file_path_length":[],"max_file_size":[],"merge_queue":[],"non_fast_forward":false,"pull_request":[],"required_code_scanning":[],"required_deployments":[],"required_linear_history":false,"required_signatures":false,"required_status_checks":[],"tag_name_pattern":[],"update":false,"update_allows_fetch_and_merge":false}],"ruleset_id":11713133,"target":"branch"},"sensitive_attributes":[],"private":"eyJzY2hlbWFfdmVyc2lvbiI6IjEifQ==","dependencies":["module.base.github_repository.repository"]},{"index_key":"gitops","schema_version":1,"attributes":{"bypass_actors":[],"conditions":[{"ref_name":[{"exclude":["~DEFAULT_BRANCH","refs/heads/renovate/*","refs/heads/release-please--*"],"include":["~ALL"]}]}],"enforcement":"active","etag":"W/\"2df8db0c4771cd9ca11081771ab5e5c9a22cbcaa4b9477fe9017f4622f15085b\"","id":"11713139","name":"branch-naming","node_id":"RRS_lACqUmVwb3NpdG9yec47e2cFzgCyunM","repository":"gitops","rules":[{"branch_name_pattern":[{"name":"","negate":false,"operator":"regex","pattern":"^(feat|fix|chore|docs|refactor|test|ci|build|perf|style|revert)/[a-z0-9-]+$"}],"commit_author_email_pattern":[],"commit_message_pattern":[],"committer_email_pattern":[],"creation":false,"deletion":false,"file_extension_restriction":[],"file_path_restriction":[],"max_file_path_length":[],"max_file_size":[],"merge_queue":[],"non_fast_forward":false,"pull_request":[],"required_code_scanning":[],"required_deployments":[],"required_linear_history":false,"required_signatures":false,"required_status_checks":[],"tag_name_pattern":[],"update":false,"update_allows_fetch_and_merge":false}],"ruleset_id":11713139,"target":"branch"},"sensitive_attributes":[],"private":"eyJzY2hlbWFfdmVyc2lvbiI6IjEifQ==","dependencies":["module.base.github_repository.repository"]},{"index_key":"gitops-local","schema_version":1,"attributes":{"bypass_actors":[],"conditions":[{"ref_name":[{"exclude":["~DEFAULT_BRANCH","refs/heads/renovate/*","refs/heads/release-please--*"],"include":["~ALL"]}]}],"enforcement":"active","etag":"W/\"2722b70d40c0d5ffc4a7d7c0b0b83cc27ac7f53ef8bbe4c2a643a10e96fef6d9\"","id":"11713137","name":"branch-naming","node_id":"RRS_lACqUmVwb3NpdG9yec5CcU0izgCyunE","repository":"gitops-local","rules":[{"branch_name_pattern":[{"name":"","negate":false,"operator":"regex","pattern":"^(feat|fix|chore|docs|refactor|test|ci|build|perf|style|revert)/[a-z0-9-]+$"}],"commit_author_email_pattern":[],"commit_message_pattern":[],"committer_email_pattern":[],"creation":false,"deletion":false,"file_extension_restriction":[],"file_path_restriction":[],"max_file_path_length":[],"max_file_size":[],"merge_queue":[],"non_fast_forward":false,"pull_request":[],"required_code_scanning":[],"required_deployments":[],"required_linear_history":false,"required_signatures":false,"required_status_checks":[],"tag_name_pattern":[],"update":false,"update_allows_fetch_and_merge":false}],"ruleset_id":11713137,"target":"branch"},"sensitive_attributes":[],"private":"eyJzY2hlbWFfdmVyc2lvbiI6IjEifQ==","dependencies":["module.base.github_repository.repository"]},{"index_key":"gitops-mixin","schema_version":1,"attributes":{"bypass_actors":[],"conditions":[{"ref_name":[{"exclude":["~DEFAULT_BRANCH","refs/heads/renovate/*","refs/heads/release-please--*"],"include":["~ALL"]}]}],"enforcement":"active","etag":"W/\"984c4ab16078bfeec5f18133b7f0c6100c4f1fff66f30140424bc641a30c3cc3\"","id":"11713140","name":"branch-naming","node_id":"RRS_lACqUmVwb3NpdG9yec5CgduwzgCyunQ","repository":"gitops-mixin","rules":[{"branch_name_pattern":[{"name":"","negate":false,"operator":"regex","pattern":"^(feat|fix|chore|docs|refactor|test|ci|build|perf|style|revert)/[a-z0-9-]+$"}],"commit_author_email_pattern":[],"commit_message_pattern":[],"committer_email_pattern":[],"creation":false,"deletion":false,"file_extension_restriction":[],"file_path_restriction":[],"max_file_path_length":[],"max_file_size":[],"merge_queue":[],"non_fast_forward":false,"pull_request":[],"required_code_scanning":[],"required_deployments":[],"required_linear_history":false,"required_signatures":false,"required_status_checks":[],"tag_name_pattern":[],"update":false,"update_allows_fetch_and_merge":false}],"ruleset_id":11713140,"target":"branch"},"sensitive_attributes":[],"private":"eyJzY2hlbWFfdmVyc2lvbiI6IjEifQ==","dependencies":["module.base.github_repository.repository"]},{"index_key":"iac","schema_version":1,"attributes":{"bypass_actors":[],"conditions":[{"ref_name":[{"exclude":["~DEFAULT_BRANCH","refs/heads/renovate/*","refs/heads/release-please--*"],"include":["~ALL"]}]}],"enforcement":"active","etag":"W/\"f99afabca88e7a7255fa87675682422e7a6338b0f7e88da5e9c1dea6a619a002\"","id":"11713168","name":"branch-naming","node_id":"RRS_lACqUmVwb3NpdG9yec45MFx8zgCyupA","repository":"iac","rules":[{"branch_name_pattern":[{"name":"","negate":false,"operator":"regex","pattern":"^(feat|fix|chore|docs|refactor|test|ci|build|perf|style|revert)/[a-z0-9-]+$"}],"commit_author_email_pattern":[],"commit_message_pattern":[],"committer_email_pattern":[],"creation":false,"deletion":false,"file_extension_restriction":[],"file_path_restriction":[],"max_file_path_length":[],"max_file_size":[],"merge_queue":[],"non_fast_forward":false,"pull_request":[],"required_code_scanning":[],"required_deployments":[],"required_linear_history":false,"required_signatures":false,"required_status_checks":[],"tag_name_pattern":[],"update":false,"update_allows_fetch_and_merge":false}],"ruleset_id":11713168,"target":"branch"},"sensitive_attributes":[],"private":"eyJzY2hlbWFfdmVyc2lvbiI6IjEifQ==","dependencies":["module.base.github_repository.repository"]},{"index_key":"iac-github","schema_version":1,"attributes":{"bypass_actors":[],"conditions":[{"ref_name":[{"exclude":["~DEFAULT_BRANCH","refs/heads/renovate/*","refs/heads/release-please--*"],"include":["~ALL"]}]}],"enforcement":"active","etag":"W/\"051e8436eb0b58b1bd8344fc00c15698c071b0fac32ac1f48df75bc17f298b50\"","id":"11887532","name":"branch-naming","node_id":"RRS_lACqUmVwb3NpdG9yec5DtcWxzgC1Y6w","repository":"iac-github","rules":[{"branch_name_pattern":[{"name":"","negate":false,"operator":"regex","pattern":"^(feat|fix|chore|docs|refactor|test|ci|build|perf|style|revert)/[a-z0-9-]+$"}],"commit_author_email_pattern":[],"commit_message_pattern":[],"committer_email_pattern":[],"creation":false,"deletion":false,"file_extension_restriction":[],"file_path_restriction":[],"max_file_path_length":[],"max_file_size":[],"merge_queue":[],"non_fast_forward":false,"pull_request":[],"required_code_scanning":[],"required_deployments":[],"required_linear_history":false,"required_signatures":false,"required_status_checks":[],"tag_name_pattern":[],"update":false,"update_allows_fetch_and_merge":false}],"ruleset_id":11887532,"target":"branch"},"sensitive_attributes":[],"private":"eyJzY2hlbWFfdmVyc2lvbiI6IjEifQ==","dependencies":["module.base.github_repository.repository"]},{"index_key":"phasor","schema_version":1,"attributes":{"bypass_actors":[],"conditions":[{"ref_name":[{"exclude":["~DEFAULT_BRANCH","refs/heads/renovate/*","refs/heads/release-please--*"],"include":["~ALL"]}]}],"enforcement":"active","etag":"W/\"00c27366af8001debc67e9abb91be64a440ac8fb4e76304e6895956d9ae563dc\"","id":"11713185","name":"branch-naming","node_id":"RRS_lACqUmVwb3NpdG9yec5CUU31zgCyuqE","repository":"phasor","rules":[{"branch_name_pattern":[{"name":"","negate":false,"operator":"regex","pattern":"^(feat|fix|chore|docs|refactor|test|ci|build|perf|style|revert)/[a-z0-9-]+$"}],"commit_author_email_pattern":[],"commit_message_pattern":[],"committer_email_pattern":[],"creation":false,"deletion":false,"file_extension_restriction":[],"file_path_restriction":[],"max_file_path_length":[],"max_file_size":[],"merge_queue":[],"non_fast_forward":false,"pull_request":[],"required_code_scanning":[],"required_deployments":[],"required_linear_history":false,"required_signatures":false,"required_status_checks":[],"tag_name_pattern":[],"update":false,"update_allows_fetch_and_merge":false}],"ruleset_id":11713185,"target":"branch"},"sensitive_attributes":[],"private":"eyJzY2hlbWFfdmVyc2lvbiI6IjEifQ==","dependencies":["module.base.github_repository.repository"]},{"index_key":"phasor-backend","schema_version":1,"attributes":{"bypass_actors":[],"conditions":[{"ref_name":[{"exclude":["~DEFAULT_BRANCH","refs/heads/renovate/*","refs/heads/release-please--*"],"include":["~ALL"]}]}],"enforcement":"active","etag":"W/\"b5fc46d9b2dc3d406ca6880fc0beb1349758a7adce4e1ab184ddf9b940558f67\"","id":"11887490","name":"branch-naming","node_id":"RRS_lACqUmVwb3NpdG9yec5DtcF1zgC1Y4I","repository":"phasor-backend","rules":[{"branch_name_pattern":[{"name":"","negate":false,"operator":"regex","pattern":"^(feat|fix|chore|docs|refactor|test|ci|build|perf|style|revert)/[a-z0-9-]+$"}],"commit_author_email_pattern":[],"commit_message_pattern":[],"committer_email_pattern":[],"creation":false,"deletion":false,"file_extension_restriction":[],"file_path_restriction":[],"max_file_path_length":[],"max_file_size":[],"merge_queue":[],"non_fast_forward":false,"pull_request":[],"required_code_scanning":[],"required_deployments":[],"required_linear_history":false,"required_signatures":false,"required_status_checks":[],"tag_name_pattern":[],"update":false,"update_allows_fetch_and_merge":false}],"ruleset_id":11887490,"target":"branch"},"sensitive_attributes":[],"private":"eyJzY2hlbWFfdmVyc2lvbiI6IjEifQ==","dependencies":["module.base.github_repository.repository"]},{"index_key":"phasor-frontend","schema_version":1,"attributes":{"bypass_actors":[],"conditions":[{"ref_name":[{"exclude":["~DEFAULT_BRANCH","refs/heads/renovate/*","refs/heads/release-please--*"],"include":["~ALL"]}]}],"enforcement":"active","etag":"W/\"d31bceaa7007b86f27c5b41c6f7e986998c81e38aa5d80ffa1964db82b4c6190\"","id":"11887489","name":"branch-naming","node_id":"RRS_lACqUmVwb3NpdG9yec5DtcGAzgC1Y4E","repository":"phasor-frontend","rules":[{"branch_name_pattern":[{"name":"","negate":false,"operator":"regex","pattern":"^(feat|fix|chore|docs|refactor|test|ci|build|perf|style|revert)/[a-z0-9-]+$"}],"commit_author_email_pattern":[],"commit_message_pattern":[],"committer_email_pattern":[],"creation":false,"deletion":false,"file_extension_restriction":[],"file_path_restriction":[],"max_file_path_length":[],"max_file_size":[],"merge_queue":[],"non_fast_forward":false,"pull_request":[],"required_code_scanning":[],"required_deployments":[],"required_linear_history":false,"required_signatures":false,"required_status_checks":[],"tag_name_pattern":[],"update":false,"update_allows_fetch_and_merge":false}],"ruleset_id":11887489,"target":"branch"},"sensitive_attributes":[],"private":"eyJzY2hlbWFfdmVyc2lvbiI6IjEifQ==","dependencies":["module.base.github_repository.repository"]},{"index_key":"reference-service-go","schema_version":1,"attributes":{"bypass_actors":[],"conditions":[{"ref_name":[{"exclude":["~DEFAULT_BRANCH","refs/heads/renovate/*","refs/heads/release-please--*"],"include":["~ALL"]}]}],"enforcement":"active","etag":"W/\"1ef3b3cced51b3e631e57acd42f881675ed8e387e40b5e0510030a5f9dd2caa0\"","id":"11713252","name":"branch-naming","node_id":"RRS_lACqUmVwb3NpdG9yec46uaXlzgCyuuQ","repository":"reference-service-go","rules":[{"branch_name_pattern":[{"name":"","negate":false,"operator":"regex","pattern":"^(feat|fix|chore|docs|refactor|test|ci|build|perf|style|revert)/[a-z0-9-]+$"}],"commit_author_email_pattern":[],"commit_message_pattern":[],"committer_email_pattern":[],"creation":false,"deletion":false,"file_extension_restriction":[],"file_path_restriction":[],"max_file_path_length":[],"max_file_size":[],"merge_queue":[],"non_fast_forward":false,"pull_request":[],"required_code_scanning":[],"required_deployments":[],"required_linear_history":false,"required_signatures":false,"required_status_checks":[],"tag_name_pattern":[],"update":false,"update_allows_fetch_and_merge":false}],"ruleset_id":11713252,"target":"branch"},"sensitive_attributes":[],"private":"eyJzY2hlbWFfdmVyc2lvbiI6IjEifQ==","dependencies":["module.base.github_repository.repository"]},{"index_key":"renovate","schema_version":1,"attributes":{"bypass_actors":[],"conditions":[{"ref_name":[{"exclude":["~DEFAULT_BRANCH","refs/heads/renovate/*","refs/heads/release-please--*"],"include":["~ALL"]}]}],"enforcement":"active","etag":"W/\"094bff185a78225db15bffe372b20a281593095751beb06b6e6be5ba809004f5\"","id":"11713132","name":"branch-naming","node_id":"RRS_lACqUmVwb3NpdG9yec46uly5zgCyumw","repository":"renovate","rules":[{"branch_name_pattern":[{"name":"","negate":false,"operator":"regex","pattern":"^(feat|fix|chore|docs|refactor|test|ci|build|perf|style|revert)/[a-z0-9-]+$"}],"commit_author_email_pattern":[],"commit_message_pattern":[],"committer_email_pattern":[],"creation":false,"deletion":false,"file_extension_restriction":[],"file_path_restriction":[],"max_file_path_length":[],"max_file_size":[],"merge_queue":[],"non_fast_forward":false,"pull_request":[],"required_code_scanning":[],"required_deployments":[],"required_linear_history":false,"required_signatures":false,"required_status_checks":[],"tag_name_pattern":[],"update":false,"update_allows_fetch_and_merge":false}],"ruleset_id":11713132,"target":"branch"},"sensitive_attributes":[],"private":"eyJzY2hlbWFfdmVyc2lvbiI6IjEifQ==","dependencies":["module.base.github_repository.repository"]},{"index_key":"spectra","schema_version":1,"attributes":{"bypass_actors":[],"conditions":[{"ref_name":[{"exclude":["~DEFAULT_BRANCH","refs/heads/renovate/*","refs/heads/release-please--*"],"include":["~ALL"]}]}],"enforcement":"active","etag":"W/\"c08f591e8ed292f1b404955391eedbc71ddab80761139310a28c5772e9c6703b\"","id":"11785112","name":"branch-naming","node_id":"RRS_lACqUmVwb3NpdG9yec5Dk6uZzgCz05g","repository":"spectra","rules":[{"branch_name_pattern":[{"name":"","negate":false,"operator":"regex","pattern":"^(feat|fix|chore|docs|refactor|test|ci|build|perf|style|revert)/[a-z0-9-]+$"}],"commit_author_email_pattern":[],"commit_message_pattern":[],"committer_email_pattern":[],"creation":false,"deletion":false,"file_extension_restriction":[],"file_path_restriction":[],"max_file_path_length":[],"max_file_size":[],"merge_queue":[],"non_fast_forward":false,"pull_request":[],"required_code_scanning":[],"required_deployments":[],"required_linear_history":false,"required_signatures":false,"required_status_checks":[],"tag_name_pattern":[],"update":false,"update_allows_fetch_and_merge":false}],"ruleset_id":11785112,"target":"branch"},"sensitive_attributes":[],"private":"eyJzY2hlbWFfdmVyc2lvbiI6IjEifQ==","dependencies":["module.base.github_repository.repository"]},{"index_key":"testastic","schema_version":1,"attributes":{"bypass_actors":[],"conditions":[{"ref_name":[{"exclude":["~DEFAULT_BRANCH","refs/heads/renovate/*","refs/heads/release-please--*"],"include":["~ALL"]}]}],"enforcement":"active","etag":"W/\"f4732340325c3e3944d7152434851383632c73ed1b1e5d32cedc0021a58b1fe0\"","id":"11713251","name":"branch-naming","node_id":"RRS_lACqUmVwb3NpdG9yec5CfPiSzgCyuuM","repository":"testastic","rules":[{"branch_name_pattern":[{"name":"","negate":false,"operator":"regex","pattern":"^(feat|fix|chore|docs|refactor|test|ci|build|perf|style|revert)/[a-z0-9-]+$"}],"commit_author_email_pattern":[],"commit_message_pattern":[],"committer_email_pattern":[],"creation":false,"deletion":false,"file_extension_restriction":[],"file_path_restriction":[],"max_file_path_length":[],"max_file_size":[],"merge_queue":[],"non_fast_forward":false,"pull_request":[],"required_code_scanning":[],"required_deployments":[],"required_linear_history":false,"required_signatures":false,"required_status_checks":[],"tag_name_pattern":[],"update":false,"update_allows_fetch_and_merge":false}],"ruleset_id":11713251,"target":"branch"},"sensitive_attributes":[],"private":"eyJzY2hlbWFfdmVyc2lvbiI6IjEifQ==","dependencies":["module.base.github_repository.repository"]},{"index_key":"vital","schema_version":1,"attributes":{"bypass_actors":[],"conditions":[{"ref_name":[{"exclude":["~DEFAULT_BRANCH","refs/heads/renovate/*","refs/heads/release-please--*"],"include":["~ALL"]}]}],"enforcement":"active","etag":"W/\"3ce936f32f8839153f5eb916b13da6f49310680d65e21294fccb363fc149bb08\"","id":"11713256","name":"branch-naming","node_id":"RRS_lACqUmVwb3NpdG9yec49q_ZCzgCyuug","repository":"vital","rules":[{"branch_name_pattern":[{"name":"","negate":false,"operator":"regex","pattern":"^(feat|fix|chore|docs|refactor|test|ci|build|perf|style|revert)/[a-z0-9-]+$"}],"commit_author_email_pattern":[],"commit_message_pattern":[],"committer_email_pattern":[],"creation":false,"deletion":false,"file_extension_restriction":[],"file_path_restriction":[],"max_file_path_length":[],"max_file_size":[],"merge_queue":[],"non_fast_forward":false,"pull_request":[],"required_code_scanning":[],"required_deployments":[],"required_linear_history":false,"required_signatures":false,"required_status_checks":[],"tag_name_pattern":[],"update":false,"update_allows_fetch_and_merge":false}],"ruleset_id":11713256,"target":"branch"},"sensitive_attributes":[],"private":"eyJzY2hlbWFfdmVyc2lvbiI6IjEifQ==","dependencies":["module.base.github_repository.repository"]}]},{"module":"module.base","mode":"managed","type":"github_repository_ruleset","name":"branch_protection","provider":"provider[\"registry.opentofu.org/integrations/github\"]","instances":[{"index_key":".github","schema_version":1,"attributes":{"bypass_actors":[{"actor_id":0,"actor_type":"OrganizationAdmin","bypass_mode":"always"}],"conditions":[{"ref_name":[{"exclude":[],"include":["~DEFAULT_BRANCH"]}]}],"enforcement":"active","etag":"W/\"793fc9be6f8a988b7bd6f6df767999af18a3e864cc1df9a3cef7a6109ed410f1\"","id":"11712627","name":"branch-protection","node_id":"RRS_lACqUmVwb3NpdG9yec5DdLp9zgCyuHM","repository":".github","rules":[{"branch_name_pattern":[],"commit_author_email_pattern":[],"commit_message_pattern":[],"committer_email_pattern":[],"creation":false,"deletion":true,"file_extension_restriction":[],"file_path_restriction":[],"max_file_path_length":[],"max_file_size":[],"merge_queue":[],"non_fast_forward":true,"pull_request":[{"dismiss_stale_reviews_on_push":true,"require_code_owner_review":false,"require_last_push_approval":false,"required_approving_review_count":0,"required_review_thread_resolution":true}],"required_code_scanning":[],"required_deployments":[],"required_linear_history":true,"required_signatures":false,"required_status_checks":[],"tag_name_pattern":[],"update":false,"update_allows_fetch_and_merge":false}],"ruleset_id":11712627,"target":"branch"},"sensitive_attributes":[],"private":"eyJzY2hlbWFfdmVyc2lvbiI6IjEifQ==","dependencies":["module.base.github_repository.repository"]},{"index_key":"docs","schema_version":1,"attributes":{"bypass_actors":[{"actor_id":0,"actor_type":"OrganizationAdmin","bypass_mode":"always"}],"conditions":[{"ref_name":[{"exclude":[],"include":["~DEFAULT_BRANCH"]}]}],"enforcement":"active","etag":"W/\"8122e5d4d29fad2a06c83f5db43afe41d7f3ce7e23c5098e5d9111f2a3e84267\"","id":"11712944","name":"branch-protection","node_id":"RRS_lACqUmVwb3NpdG9yec5CNnvMzgCyubA","repository":"docs","rules":[{"branch_name_pattern":[],"commit_author_email_pattern":[],"commit_message_pattern":[],"committer_email_pattern":[],"creation":false,"deletion":true,"file_extension_restriction":[],"file_path_restriction":[],"max_file_path_length":[],"max_file_size":[],"merge_queue":[],"non_fast_forward":true,"pull_request":[{"dismiss_stale_reviews_on_push":true,"require_code_owner_review":false,"require_last_push_approval":false,"required_approving_review_count":0,"required_review_thread_resolution":true}],"required_code_scanning":[],"required_deployments":[],"required_linear_history":true,"required_signatures":false,"required_status_checks":[],"tag_name_pattern":[],"update":false,"update_allows_fetch_and_merge":false}],"ruleset_id":11712944,"target":"branch"},"sensitive_attributes":[],"private":"eyJzY2hlbWFfdmVyc2lvbiI6IjEifQ==","dependencies":["module.base.github_repository.repository"]},{"index_key":"gitops","schema_version":1,"attributes":{"bypass_actors":[{"actor_id":0,"actor_type":"OrganizationAdmin","bypass_mode":"always"}],"conditions":[{"ref_name":[{"exclude":[],"include":["~DEFAULT_BRANCH"]}]}],"enforcement":"active","etag":"W/\"117252cdd716a3c1fd1cb9f999d3dd88c34528a47d88f9deb77fff68fb4f0ceb\"","id":"11712943","name":"branch-protection","node_id":"RRS_lACqUmVwb3NpdG9yec47e2cFzgCyua8","repository":"gitops","rules":[{"branch_name_pattern":[],"commit_author_email_pattern":[],"commit_message_pattern":[],"committer_email_pattern":[],"creation":false,"deletion":true,"file_extension_restriction":[],"file_path_restriction":[],"max_file_path_length":[],"max_file_size":[],"merge_queue":[],"non_fast_forward":true,"pull_request":[{"dismiss_stale_reviews_on_push":true,"require_code_owner_review":false,"require_last_push_approval":false,"required_approving_review_count":0,"required_review_thread_resolution":true}],"required_code_scanning":[],"required_deployments":[],"required_linear_history":true,"required_signatures":false,"required_status_checks":[],"tag_name_pattern":[],"update":false,"update_allows_fetch_and_merge":false}],"ruleset_id":11712943,"target":"branch"},"sensitive_attributes":[],"private":"eyJzY2hlbWFfdmVyc2lvbiI6IjEifQ==","dependencies":["module.base.github_repository.repository"]},{"index_key":"gitops-local","schema_version":1,"attributes":{"bypass_actors":[{"actor_id":0,"actor_type":"OrganizationAdmin","bypass_mode":"always"}],"conditions":[{"ref_name":[{"exclude":[],"include":["~DEFAULT_BRANCH"]}]}],"enforcement":"active","etag":"W/\"812495735315d04140d01c59b5ab7afa11939a17fa39020fa97c02d617ac6f16\"","id":"11713050","name":"branch-protection","node_id":"RRS_lACqUmVwb3NpdG9yec5CcU0izgCyuho","repository":"gitops-local","rules":[{"branch_name_pattern":[],"commit_author_email_pattern":[],"commit_message_pattern":[],"committer_email_pattern":[],"creation":false,"deletion":true,"file_extension_restriction":[],"file_path_restriction":[],"max_file_path_length":[],"max_file_size":[],"merge_queue":[],"non_fast_forward":true,"pull_request":[{"dismiss_stale_reviews_on_push":true,"require_code_owner_review":false,"require_last_push_approval":false,"required_approving_review_count":0,"required_review_thread_resolution":true}],"required_code_scanning":[],"required_deployments":[],"required_linear_history":true,"required_signatures":false,"required_status_checks":[],"tag_name_pattern":[],"update":false,"update_allows_fetch_and_merge":false}],"ruleset_id":11713050,"target":"branch"},"sensitive_attributes":[],"private":"eyJzY2hlbWFfdmVyc2lvbiI6IjEifQ==","dependencies":["module.base.github_repository.repository"]},{"index_key":"gitops-mixin","schema_version":1,"attributes":{"bypass_actors":[{"actor_id":0,"actor_type":"OrganizationAdmin","bypass_mode":"always"}],"conditions":[{"ref_name":[{"exclude":[],"include":["~DEFAULT_BRANCH"]}]}],"enforcement":"active","etag":"W/\"8a4c2ef535c6574eb9e0ab673952c8eb487b0e566ad58d58f254c44d811d085b\"","id":"11713149","name":"branch-protection","node_id":"RRS_lACqUmVwb3NpdG9yec5CgduwzgCyun0","repository":"gitops-mixin","rules":[{"branch_name_pattern":[],"commit_author_email_pattern":[],"commit_message_pattern":[],"committer_email_pattern":[],"creation":false,"deletion":true,"file_extension_restriction":[],"file_path_restriction":[],"max_file_path_length":[],"max_file_size":[],"merge_queue":[],"non_fast_forward":true,"pull_request":[{"dismiss_stale_reviews_on_push":true,"require_code_owner_review":false,"require_last_push_approval":false,"required_approving_review_count":0,"required_review_thread_resolution":true}],"required_code_scanning":[],"required_deployments":[],"required_linear_history":true,"required_signatures":false,"required_status_checks":[],"tag_name_pattern":[],"update":false,"update_allows_fetch_and_merge":false}],"ruleset_id":11713149,"target":"branch"},"sensitive_attributes":[],"private":"eyJzY2hlbWFfdmVyc2lvbiI6IjEifQ==","dependencies":["module.base.github_repository.repository"]},{"index_key":"iac","schema_version":1,"attributes":{"bypass_actors":[{"actor_id":0,"actor_type":"OrganizationAdmin","bypass_mode":"always"}],"conditions":[{"ref_name":[{"exclude":[],"include":["~DEFAULT_BRANCH"]}]}],"enforcement":"active","etag":"W/\"3bb9b140fb810ab01a64d983f293fcb56304dc7da6bb6c9b95ea8459d82be47e\"","id":"11713170","name":"branch-protection","node_id":"RRS_lACqUmVwb3NpdG9yec45MFx8zgCyupI","repository":"iac","rules":[{"branch_name_pattern":[],"commit_author_email_pattern":[],"commit_message_pattern":[],"committer_email_pattern":[],"creation":false,"deletion":true,"file_extension_restriction":[],"file_path_restriction":[],"max_file_path_length":[],"max_file_size":[],"merge_queue":[],"non_fast_forward":true,"pull_request":[{"dismiss_stale_reviews_on_push":true,"require_code_owner_review":false,"require_last_push_approval":false,"required_approving_review_count":0,"required_review_thread_resolution":true}],"required_code_scanning":[],"required_deployments":[],"required_linear_history":true,"required_signatures":false,"required_status_checks":[],"tag_name_pattern":[],"update":false,"update_allows_fetch_and_merge":false}],"ruleset_id":11713170,"target":"branch"},"sensitive_attributes":[],"private":"eyJzY2hlbWFfdmVyc2lvbiI6IjEifQ==","dependencies":["module.base.github_repository.repository"]},{"index_key":"iac-github","schema_version":1,"attributes":{"bypass_actors":[{"actor_id":0,"actor_type":"OrganizationAdmin","bypass_mode":"always"}],"conditions":[{"ref_name":[{"exclude":[],"include":["~DEFAULT_BRANCH"]}]}],"enforcement":"active","etag":"W/\"5825338bcf89740aca0280c295746874acc5d3cef42bd5bd63d1e7faf4d45a15\"","id":"11887531","name":"branch-protection","node_id":"RRS_lACqUmVwb3NpdG9yec5DtcWxzgC1Y6s","repository":"iac-github","rules":[{"branch_name_pattern":[],"commit_author_email_pattern":[],"commit_message_pattern":[],"committer_email_pattern":[],"creation":false,"deletion":true,"file_extension_restriction":[],"file_path_restriction":[],"max_file_path_length":[],"max_file_size":[],"merge_queue":[],"non_fast_forward":true,"pull_request":[{"dismiss_stale_reviews_on_push":true,"require_code_owner_review":false,"require_last_push_approval":false,"required_approving_review_count":0,"required_review_thread_resolution":true}],"required_code_scanning":[],"required_deployments":[],"required_linear_history":true,"required_signatures":false,"required_status_checks":[{"do_not_enforce_on_create":false,"required_check":[{"context":"ci","integration_id":0}],"strict_required_status_checks_policy":false}],"tag_name_pattern":[],"update":false,"update_allows_fetch_and_merge":false}],"ruleset_id":11887531,"target":"branch"},"sensitive_attributes":[],"private":"eyJzY2hlbWFfdmVyc2lvbiI6IjEifQ==","dependencies":["module.base.github_repository.repository"]},{"index_key":"phasor","schema_version":1,"attributes":{"bypass_actors":[{"actor_id":0,"actor_type":"OrganizationAdmin","bypass_mode":"always"}],"conditions":[{"ref_name":[{"exclude":[],"include":["~DEFAULT_BRANCH"]}]}],"enforcement":"active","etag":"W/\"894c0be651dd9d739bd6992baf46e0547d1634df5bbee5d9683e31bec6df45c8\"","id":"11713186","name":"branch-protection","node_id":"RRS_lACqUmVwb3NpdG9yec5CUU31zgCyuqI","repository":"phasor","rules":[{"branch_name_pattern":[],"commit_author_email_pattern":[],"commit_message_pattern":[],"committer_email_pattern":[],"creation":false,"deletion":true,"file_extension_restriction":[],"file_path_restriction":[],"max_file_path_length":[],"max_file_size":[],"merge_queue":[],"non_fast_forward":true,"pull_request":[{"dismiss_stale_reviews_on_push":true,"require_code_owner_review":false,"require_last_push_approval":false,"required_approving_review_count":0,"required_review_thread_resolution":true}],"required_code_scanning":[],"required_deployments":[],"required_linear_history":true,"required_signatures":false,"required_status_checks":[],"tag_name_pattern":[],"update":false,"update_allows_fetch_and_merge":false}],"ruleset_id":11713186,"target":"branch"},"sensitive_attributes":[],"private":"eyJzY2hlbWFfdmVyc2lvbiI6IjEifQ==","dependencies":["module.base.github_repository.repository"]},{"index_key":"phasor-backend","schema_version":1,"attributes":{"bypass_actors":[{"actor_id":0,"actor_type":"OrganizationAdmin","bypass_mode":"always"}],"conditions":[{"ref_name":[{"exclude":[],"include":["~DEFAULT_BRANCH"]}]}],"enforcement":"active","etag":"W/\"c8836b41b21f1c95026409d4999e49ce4f0663856a2a5390ef23d6859f26e038\"","id":"11887497","name":"branch-protection","node_id":"RRS_lACqUmVwb3NpdG9yec5DtcF1zgC1Y4k","repository":"phasor-backend","rules":[{"branch_name_pattern":[],"commit_author_email_pattern":[],"commit_message_pattern":[],"committer_email_pattern":[],"creation":false,"deletion":true,"file_extension_restriction":[],"file_path_restriction":[],"max_file_path_length":[],"max_file_size":[],"merge_queue":[],"non_fast_forward":true,"pull_request":[{"dismiss_stale_reviews_on_push":true,"require_code_owner_review":false,"require_last_push_approval":false,"required_approving_review_count":0,"required_review_thread_resolution":true}],"required_code_scanning":[],"required_deployments":[],"required_linear_history":true,"required_signatures":false,"required_status_checks":[{"do_not_enforce_on_create":false,"required_check":[{"context":"lint","integration_id":0},{"context":"test","integration_id":0}],"strict_required_status_checks_policy":false}],"tag_name_pattern":[],"update":false,"update_allows_fetch_and_merge":false}],"ruleset_id":11887497,"target":"branch"},"sensitive_attributes":[],"private":"eyJzY2hlbWFfdmVyc2lvbiI6IjEifQ==","dependencies":["module.base.github_repository.repository"]},{"index_key":"phasor-frontend","schema_version":1,"attributes":{"bypass_actors":[{"actor_id":0,"actor_type":"OrganizationAdmin","bypass_mode":"always"}],"conditions":[{"ref_name":[{"exclude":[],"include":["~DEFAULT_BRANCH"]}]}],"enforcement":"active","etag":"W/\"4a4dac3ef1f7dc01a38e0abe3f4dfdc883e9309fbe050bc8cf897312fa09f433\"","id":"11887496","name":"branch-protection","node_id":"RRS_lACqUmVwb3NpdG9yec5DtcGAzgC1Y4g","repository":"phasor-frontend","rules":[{"branch_name_pattern":[],"commit_author_email_pattern":[],"commit_message_pattern":[],"committer_email_pattern":[],"creation":false,"deletion":true,"file_extension_restriction":[],"file_path_restriction":[],"max_file_path_length":[],"max_file_size":[],"merge_queue":[],"non_fast_forward":true,"pull_request":[{"dismiss_stale_reviews_on_push":true,"require_code_owner_review":false,"require_last_push_approval":false,"required_approving_review_count":0,"required_review_thread_resolution":true}],"required_code_scanning":[],"required_deployments":[],"required_linear_history":true,"required_signatures":false,"required_status_checks":[{"do_not_enforce_on_create":false,"required_check":[{"context":"lint","integration_id":0},{"context":"test","integration_id":0}],"strict_required_status_checks_policy":false}],"tag_name_pattern":[],"update":false,"update_allows_fetch_and_merge":false}],"ruleset_id":11887496,"target":"branch"},"sensitive_attributes":[],"private":"eyJzY2hlbWFfdmVyc2lvbiI6IjEifQ==","dependencies":["module.base.github_repository.repository"]},{"index_key":"reference-service-go","schema_version":1,"attributes":{"bypass_actors":[{"actor_id":0,"actor_type":"OrganizationAdmin","bypass_mode":"always"}],"conditions":[{"ref_name":[{"exclude":[],"include":["~DEFAULT_BRANCH"]}]}],"enforcement":"active","etag":"W/\"0d8bef58ef9ae22209d2bae79f35584b79460dc9124a86f2373fe6d5f2fc47a5\"","id":"11713253","name":"branch-protection","node_id":"RRS_lACqUmVwb3NpdG9yec46uaXlzgCyuuU","repository":"reference-service-go","rules":[{"branch_name_pattern":[],"commit_author_email_pattern":[],"commit_message_pattern":[],"committer_email_pattern":[],"creation":false,"deletion":true,"file_extension_restriction":[],"file_path_restriction":[],"max_file_path_length":[],"max_file_size":[],"merge_queue":[],"non_fast_forward":true,"pull_request":[{"dismiss_stale_reviews_on_push":true,"require_code_owner_review":false,"require_last_push_approval":false,"required_approving_review_count":0,"required_review_thread_resolution":true}],"required_code_scanning":[],"required_deployments":[],"required_linear_history":true,"required_signatures":false,"required_status_checks":[],"tag_name_pattern":[],"update":false,"update_allows_fetch_and_merge":false}],"ruleset_id":11713253,"target":"branch"},"sensitive_attributes":[],"private":"eyJzY2hlbWFfdmVyc2lvbiI6IjEifQ==","dependencies":["module.base.github_repository.repository"]},{"index_key":"renovate","schema_version":1,"attributes":{"bypass_actors":[{"actor_id":0,"actor_type":"OrganizationAdmin","bypass_mode":"always"}],"conditions":[{"ref_name":[{"exclude":[],"include":["~DEFAULT_BRANCH"]}]}],"enforcement":"active","etag":"W/\"525d124b5f8d1e8eaa4a2f62139cd44ba4a6ed7d9344f4433260965851c37b34\"","id":"11712920","name":"branch-protection","node_id":"RRS_lACqUmVwb3NpdG9yec46uly5zgCyuZg","repository":"renovate","rules":[{"branch_name_pattern":[],"commit_author_email_pattern":[],"commit_message_pattern":[],"committer_email_pattern":[],"creation":false,"deletion":true,"file_extension_restriction":[],"file_path_restriction":[],"max_file_path_length":[],"max_file_size":[],"merge_queue":[],"non_fast_forward":true,"pull_request":[{"dismiss_stale_reviews_on_push":true,"require_code_owner_review":false,"require_last_push_approval":false,"required_approving_review_count":0,"required_review_thread_resolution":true}],"required_code_scanning":[],"required_deployments":[],"required_linear_history":true,"required_signatures":false,"required_status_checks":[],"tag_name_pattern":[],"update":false,"update_allows_fetch_and_merge":false}],"ruleset_id":11712920,"target":"branch"},"sensitive_attributes":[],"private":"eyJzY2hlbWFfdmVyc2lvbiI6IjEifQ==","dependencies":["module.base.github_repository.repository"]},{"index_key":"spectra","schema_version":1,"attributes":{"bypass_actors":[{"actor_id":0,"actor_type":"OrganizationAdmin","bypass_mode":"always"}],"conditions":[{"ref_name":[{"exclude":[],"include":["~DEFAULT_BRANCH"]}]}],"enforcement":"active","etag":"W/\"8d1c3f4739329a225eed0fb1d3d45c6c1bbedfc6868a5642bfb239540155334c\"","id":"11785116","name":"branch-protection","node_id":"RRS_lACqUmVwb3NpdG9yec5Dk6uZzgCz05w","repository":"spectra","rules":[{"branch_name_pattern":[],"commit_author_email_pattern":[],"commit_message_pattern":[],"committer_email_pattern":[],"creation":false,"deletion":true,"file_extension_restriction":[],"file_path_restriction":[],"max_file_path_length":[],"max_file_size":[],"merge_queue":[],"non_fast_forward":true,"pull_request":[{"dismiss_stale_reviews_on_push":true,"require_code_owner_review":false,"require_last_push_approval":false,"required_approving_review_count":0,"required_review_thread_resolution":true}],"required_code_scanning":[],"required_deployments":[],"required_linear_history":true,"required_signatures":false,"required_status_checks":[{"do_not_enforce_on_create":false,"required_check":[{"context":"lint","integration_id":0},{"context":"test","integration_id":0}],"strict_required_status_checks_policy":false}],"tag_name_pattern":[],"update":false,"update_allows_fetch_and_merge":false}],"ruleset_id":11785116,"target":"branch"},"sensitive_attributes":[],"private":"eyJzY2hlbWFfdmVyc2lvbiI6IjEifQ==","dependencies":["module.base.github_repository.repository"]},{"index_key":"testastic","schema_version":1,"attributes":{"bypass_actors":[{"actor_id":0,"actor_type":"OrganizationAdmin","bypass_mode":"always"}],"conditions":[{"ref_name":[{"exclude":[],"include":["~DEFAULT_BRANCH"]}]}],"enforcement":"active","etag":"W/\"722820c5a1e7dea063751c55d306a1f5fda844adf19f8329c7d3d729f08ffec1\"","id":"11713258","name":"branch-protection","node_id":"RRS_lACqUmVwb3NpdG9yec5CfPiSzgCyuuo","repository":"testastic","rules":[{"branch_name_pattern":[],"commit_author_email_pattern":[],"commit_message_pattern":[],"committer_email_pattern":[],"creation":false,"deletion":true,"file_extension_restriction":[],"file_path_restriction":[],"max_file_path_length":[],"max_file_size":[],"merge_queue":[],"non_fast_forward":true,"pull_request":[{"dismiss_stale_reviews_on_push":true,"require_code_owner_review":false,"require_last_push_approval":false,"required_approving_review_count":0,"required_review_thread_resolution":true}],"required_code_scanning":[],"required_deployments":[],"required_linear_history":true,"required_signatures":false,"required_status_checks":[],"tag_name_pattern":[],"update":false,"update_allows_fetch_and_merge":false}],"ruleset_id":11713258,"target":"branch"},"sensitive_attributes":[],"private":"eyJzY2hlbWFfdmVyc2lvbiI6IjEifQ==","dependencies":["module.base.github_repository.repository"]},{"index_key":"vital","schema_version":1,"attributes":{"bypass_actors":[{"actor_id":0,"actor_type":"OrganizationAdmin","bypass_mode":"always"}],"conditions":[{"ref_name":[{"exclude":[],"include":["~DEFAULT_BRANCH"]}]}],"enforcement":"active","etag":"W/\"3e5688aa2ce05d86496db43538c8b35dc1729284a479e5bd1ae0ce8eaead248b\"","id":"11713257","name":"branch-protection","node_id":"RRS_lACqUmVwb3NpdG9yec49q_ZCzgCyuuk","repository":"vital","rules":[{"branch_name_pattern":[],"commit_author_email_pattern":[],"commit_message_pattern":[],"committer_email_pattern":[],"creation":false,"deletion":true,"file_extension_restriction":[],"file_path_restriction":[],"max_file_path_length":[],"max_file_size":[],"merge_queue":[],"non_fast_forward":true,"pull_request":[{"dismiss_stale_reviews_on_push":true,"require_code_owner_review":false,"require_last_push_approval":false,"required_approving_review_count":0,"required_review_thread_resolution":true}],"required_code_scanning":[],"required_deployments":[],"required_linear_history":true,"required_signatures":false,"required_status_checks":[],"tag_name_pattern":[],"update":false,"update_allows_fetch_and_merge":false}],"ruleset_id":11713257,"target":"branch"},"sensitive_attributes":[],"private":"eyJzY2hlbWFfdmVyc2lvbiI6IjEifQ==","dependencies":["module.base.github_repository.repository"]}]},{"module":"module.base","mode":"managed","type":"github_repository_ruleset","name":"conventional_commits","provider":"provider[\"registry.opentofu.org/integrations/github\"]","instances":[{"index_key":".github","schema_version":1,"attributes":{"bypass_actors":[{"actor_id":0,"actor_type":"OrganizationAdmin","bypass_mode":"always"}],"conditions":[{"ref_name":[{"exclude":[],"include":["~DEFAULT_BRANCH"]}]}],"enforcement":"active","etag":"W/\"3a5a2062e106b5a3e71ae81e492a7c35f0732d3b3eb71f046a0fd492a34c7c1c\"","id":"11713142","name":"conventional-commits","node_id":"RRS_lACqUmVwb3NpdG9yec5DdLp9zgCyunY","repository":".github","rules":[{"branch_name_pattern":[],"commit_author_email_pattern":[],"commit_message_pattern":[{"name":"","negate":false,"operator":"starts_with","pattern":"(feat|fix|docs|style|refactor|test|chore|build|ci|perf|revert)(\\(.+\\))?:"}],"committer_email_pattern":[],"creation":false,"deletion":false,"file_extension_restriction":[],"file_path_restriction":[],"max_file_path_length":[],"max_file_size":[],"merge_queue":[],"non_fast_forward":false,"pull_request":[],"required_code_scanning":[],"required_deployments":[],"required_linear_history":false,"required_signatures":false,"required_status_checks":[],"tag_name_pattern":[],"update":false,"update_allows_fetch_and_merge":false}],"ruleset_id":11713142,"target":"branch"},"sensitive_attributes":[],"private":"eyJzY2hlbWFfdmVyc2lvbiI6IjEifQ==","dependencies":["module.base.github_repository.repository"]},{"index_key":"docs","schema_version":1,"attributes":{"bypass_actors":[{"actor_id":0,"actor_type":"OrganizationAdmin","bypass_mode":"always"}],"conditions":[{"ref_name":[{"exclude":[],"include":["~DEFAULT_BRANCH"]}]}],"enforcement":"active","etag":"W/\"c9daf014f700eef6d05970b23f7a7226c665f033a859f926a2b8758bb9b3da0c\"","id":"11713146","name":"conventional-commits","node_id":"RRS_lACqUmVwb3NpdG9yec5CNnvMzgCyuno","repository":"docs","rules":[{"branch_name_pattern":[],"commit_author_email_pattern":[],"commit_message_pattern":[{"name":"","negate":false,"operator":"starts_with","pattern":"(feat|fix|docs|style|refactor|test|chore|build|ci|perf|revert)(\\(.+\\))?:"}],"committer_email_pattern":[],"creation":false,"deletion":false,"file_extension_restriction":[],"file_path_restriction":[],"max_file_path_length":[],"max_file_size":[],"merge_queue":[],"non_fast_forward":false,"pull_request":[],"required_code_scanning":[],"required_deployments":[],"required_linear_history":false,"required_signatures":false,"required_status_checks":[],"tag_name_pattern":[],"update":false,"update_allows_fetch_and_merge":false}],"ruleset_id":11713146,"target":"branch"},"sensitive_attributes":[],"private":"eyJzY2hlbWFfdmVyc2lvbiI6IjEifQ==","dependencies":["module.base.github_repository.repository"]},{"index_key":"gitops","schema_version":1,"attributes":{"bypass_actors":[{"actor_id":0,"actor_type":"OrganizationAdmin","bypass_mode":"always"}],"conditions":[{"ref_name":[{"exclude":[],"include":["~DEFAULT_BRANCH"]}]}],"enforcement":"active","etag":"W/\"c748b3799dec1918f3e2043a7fd05c0e2a10ded8963be5f19197f988d15d5b13\"","id":"11713134","name":"conventional-commits","node_id":"RRS_lACqUmVwb3NpdG9yec47e2cFzgCyum4","repository":"gitops","rules":[{"branch_name_pattern":[],"commit_author_email_pattern":[],"commit_message_pattern":[{"name":"","negate":false,"operator":"starts_with","pattern":"(feat|fix|docs|style|refactor|test|chore|build|ci|perf|revert)(\\(.+\\))?:"}],"committer_email_pattern":[],"creation":false,"deletion":false,"file_extension_restriction":[],"file_path_restriction":[],"max_file_path_length":[],"max_file_size":[],"merge_queue":[],"non_fast_forward":false,"pull_request":[],"required_code_scanning":[],"required_deployments":[],"required_linear_history":false,"required_signatures":false,"required_status_checks":[],"tag_name_pattern":[],"update":false,"update_allows_fetch_and_merge":false}],"ruleset_id":11713134,"target":"branch"},"sensitive_attributes":[],"private":"eyJzY2hlbWFfdmVyc2lvbiI6IjEifQ==","dependencies":["module.base.github_repository.repository"]},{"index_key":"gitops-local","schema_version":1,"attributes":{"bypass_actors":[{"actor_id":0,"actor_type":"OrganizationAdmin","bypass_mode":"always"}],"conditions":[{"ref_name":[{"exclude":[],"include":["~DEFAULT_BRANCH"]}]}],"enforcement":"active","etag":"W/\"3101535895d1af0250224c8ecf195f091f60de089c1321b21a7a71d46be082e8\"","id":"11713143","name":"conventional-commits","node_id":"RRS_lACqUmVwb3NpdG9yec5CcU0izgCyunc","repository":"gitops-local","rules":[{"branch_name_pattern":[],"commit_author_email_pattern":[],"commit_message_pattern":[{"name":"","negate":false,"operator":"starts_with","pattern":"(feat|fix|docs|style|refactor|test|chore|build|ci|perf|revert)(\\(.+\\))?:"}],"committer_email_pattern":[],"creation":false,"deletion":false,"file_extension_restriction":[],"file_path_restriction":[],"max_file_path_length":[],"max_file_size":[],"merge_queue":[],"non_fast_forward":false,"pull_request":[],"required_code_scanning":[],"required_deployments":[],"required_linear_history":false,"required_signatures":false,"required_status_checks":[],"tag_name_pattern":[],"update":false,"update_allows_fetch_and_merge":false}],"ruleset_id":11713143,"target":"branch"},"sensitive_attributes":[],"private":"eyJzY2hlbWFfdmVyc2lvbiI6IjEifQ==","dependencies":["module.base.github_repository.repository"]},{"index_key":"gitops-mixin","schema_version":1,"attributes":{"bypass_actors":[{"actor_id":0,"actor_type":"OrganizationAdmin","bypass_mode":"always"}],"conditions":[{"ref_name":[{"exclude":[],"include":["~DEFAULT_BRANCH"]}]}],"enforcement":"active","etag":"W/\"a513cda078b5baf9c6fb33ed1d14db6bcee47269c12600d9a15afbf863bd5808\"","id":"11713145","name":"conventional-commits","node_id":"RRS_lACqUmVwb3NpdG9yec5CgduwzgCyunk","repository":"gitops-mixin","rules":[{"branch_name_pattern":[],"commit_author_email_pattern":[],"commit_message_pattern":[{"name":"","negate":false,"operator":"starts_with","pattern":"(feat|fix|docs|style|refactor|test|chore|build|ci|perf|revert)(\\(.+\\))?:"}],"committer_email_pattern":[],"creation":false,"deletion":false,"file_extension_restriction":[],"file_path_restriction":[],"max_file_path_length":[],"max_file_size":[],"merge_queue":[],"non_fast_forward":false,"pull_request":[],"required_code_scanning":[],"required_deployments":[],"required_linear_history":false,"required_signatures":false,"required_status_checks":[],"tag_name_pattern":[],"update":false,"update_allows_fetch_and_merge":false}],"ruleset_id":11713145,"target":"branch"},"sensitive_attributes":[],"private":"eyJzY2hlbWFfdmVyc2lvbiI6IjEifQ==","dependencies":["module.base.github_repository.repository"]},{"index_key":"iac","schema_version":1,"attributes":{"bypass_actors":[{"actor_id":0,"actor_type":"OrganizationAdmin","bypass_mode":"always"}],"conditions":[{"ref_name":[{"exclude":[],"include":["~DEFAULT_BRANCH"]}]}],"enforcement":"active","etag":"W/\"ffea4dd6afc7e6ff419904f23b8babb182c9d438ba3588f76c80c7c9569df28a\"","id":"11713169","name":"conventional-commits","node_id":"RRS_lACqUmVwb3NpdG9yec45MFx8zgCyupE","repository":"iac","rules":[{"branch_name_pattern":[],"commit_author_email_pattern":[],"commit_message_pattern":[{"name":"","negate":false,"operator":"starts_with","pattern":"(feat|fix|docs|style|refactor|test|chore|build|ci|perf|revert)(\\(.+\\))?:"}],"committer_email_pattern":[],"creation":false,"deletion":false,"file_extension_restriction":[],"file_path_restriction":[],"max_file_path_length":[],"max_file_size":[],"merge_queue":[],"non_fast_forward":false,"pull_request":[],"required_code_scanning":[],"required_deployments":[],"required_linear_history":false,"required_signatures":false,"required_status_checks":[],"tag_name_pattern":[],"update":false,"update_allows_fetch_and_merge":false}],"ruleset_id":11713169,"target":"branch"},"sensitive_attributes":[],"private":"eyJzY2hlbWFfdmVyc2lvbiI6IjEifQ==","dependencies":["module.base.github_repository.repository"]},{"index_key":"iac-github","schema_version":1,"attributes":{"bypass_actors":[{"actor_id":0,"actor_type":"OrganizationAdmin","bypass_mode":"always"}],"conditions":[{"ref_name":[{"exclude":[],"include":["~DEFAULT_BRANCH"]}]}],"enforcement":"active","etag":"W/\"a807faf305224ae7c1f03ef96ec3c785c8244c2acf3735d355ddfb8f98f1f7db\"","id":"11887533","name":"conventional-commits","node_id":"RRS_lACqUmVwb3NpdG9yec5DtcWxzgC1Y60","repository":"iac-github","rules":[{"branch_name_pattern":[],"commit_author_email_pattern":[],"commit_message_pattern":[{"name":"","negate":false,"operator":"starts_with","pattern":"(feat|fix|docs|style|refactor|test|chore|build|ci|perf|revert)(\\(.+\\))?:"}],"committer_email_pattern":[],"creation":false,"deletion":false,"file_extension_restriction":[],"file_path_restriction":[],"max_file_path_length":[],"max_file_size":[],"merge_queue":[],"non_fast_forward":false,"pull_request":[],"required_code_scanning":[],"required_deployments":[],"required_linear_history":false,"required_signatures":false,"required_status_checks":[],"tag_name_pattern":[],"update":false,"update_allows_fetch_and_merge":false}],"ruleset_id":11887533,"target":"branch"},"sensitive_attributes":[],"private":"eyJzY2hlbWFfdmVyc2lvbiI6IjEifQ==","dependencies":["module.base.github_repository.repository"]},{"index_key":"phasor","schema_version":1,"attributes":{"bypass_actors":[{"actor_id":0,"actor_type":"OrganizationAdmin","bypass_mode":"always"}],"conditions":[{"ref_name":[{"exclude":[],"include":["~DEFAULT_BRANCH"]}]}],"enforcement":"active","etag":"W/\"e7fdb348388b32844344881a953cd7d9b6a492f4c00a4de7262f42208b3ebb3a\"","id":"11713184","name":"conventional-commits","node_id":"RRS_lACqUmVwb3NpdG9yec5CUU31zgCyuqA","repository":"phasor","rules":[{"branch_name_pattern":[],"commit_author_email_pattern":[],"commit_message_pattern":[{"name":"","negate":false,"operator":"starts_with","pattern":"(feat|fix|docs|style|refactor|test|chore|build|ci|perf|revert)(\\(.+\\))?:"}],"committer_email_pattern":[],"creation":false,"deletion":false,"file_extension_restriction":[],"file_path_restriction":[],"max_file_path_length":[],"max_file_size":[],"merge_queue":[],"non_fast_forward":false,"pull_request":[],"required_code_scanning":[],"required_deployments":[],"required_linear_history":false,"required_signatures":false,"required_status_checks":[],"tag_name_pattern":[],"update":false,"update_allows_fetch_and_merge":false}],"ruleset_id":11713184,"target":"branch"},"sensitive_attributes":[],"private":"eyJzY2hlbWFfdmVyc2lvbiI6IjEifQ==","dependencies":["module.base.github_repository.repository"]},{"index_key":"phasor-backend","schema_version":1,"attributes":{"bypass_actors":[{"actor_id":0,"actor_type":"OrganizationAdmin","bypass_mode":"always"}],"conditions":[{"ref_name":[{"exclude":[],"include":["~DEFAULT_BRANCH"]}]}],"enforcement":"active","etag":"W/\"f90477a63528e3ec0c634dd8158e8e6d300ecb30c0a557d068350159fe5e4a4f\"","id":"11887493","name":"conventional-commits","node_id":"RRS_lACqUmVwb3NpdG9yec5DtcF1zgC1Y4U","repository":"phasor-backend","rules":[{"branch_name_pattern":[],"commit_author_email_pattern":[],"commit_message_pattern":[{"name":"","negate":false,"operator":"starts_with","pattern":"(feat|fix|docs|style|refactor|test|chore|build|ci|perf|revert)(\\(.+\\))?:"}],"committer_email_pattern":[],"creation":false,"deletion":false,"file_extension_restriction":[],"file_path_restriction":[],"max_file_path_length":[],"max_file_size":[],"merge_queue":[],"non_fast_forward":false,"pull_request":[],"required_code_scanning":[],"required_deployments":[],"required_linear_history":false,"required_signatures":false,"required_status_checks":[],"tag_name_pattern":[],"update":false,"update_allows_fetch_and_merge":false}],"ruleset_id":11887493,"target":"branch"},"sensitive_attributes":[],"private":"eyJzY2hlbWFfdmVyc2lvbiI6IjEifQ==","dependencies":["module.base.github_repository.repository"]},{"index_key":"phasor-frontend","schema_version":1,"attributes":{"bypass_actors":[{"actor_id":0,"actor_type":"OrganizationAdmin","bypass_mode":"always"}],"conditions":[{"ref_name":[{"exclude":[],"include":["~DEFAULT_BRANCH"]}]}],"enforcement":"active","etag":"W/\"3d25970759a6b3523e4f8fd2bb2532d1d7fe577868f6d7e00f13f8d62477b6c3\"","id":"11887494","name":"conventional-commits","node_id":"RRS_lACqUmVwb3NpdG9yec5DtcGAzgC1Y4Y","repository":"phasor-frontend","rules":[{"branch_name_pattern":[],"commit_author_email_pattern":[],"commit_message_pattern":[{"name":"","negate":false,"operator":"starts_with","pattern":"(feat|fix|docs|style|refactor|test|chore|build|ci|perf|revert)(\\(.+\\))?:"}],"committer_email_pattern":[],"creation":false,"deletion":false,"file_extension_restriction":[],"file_path_restriction":[],"max_file_path_length":[],"max_file_size":[],"merge_queue":[],"non_fast_forward":false,"pull_request":[],"required_code_scanning":[],"required_deployments":[],"required_linear_history":false,"required_signatures":false,"required_status_checks":[],"tag_name_pattern":[],"update":false,"update_allows_fetch_and_merge":false}],"ruleset_id":11887494,"target":"branch"},"sensitive_attributes":[],"private":"eyJzY2hlbWFfdmVyc2lvbiI6IjEifQ==","dependencies":["module.base.github_repository.repository"]},{"index_key":"reference-service-go","schema_version":1,"attributes":{"bypass_actors":[{"actor_id":0,"actor_type":"OrganizationAdmin","bypass_mode":"always"}],"conditions":[{"ref_name":[{"exclude":[],"include":["~DEFAULT_BRANCH"]}]}],"enforcement":"active","etag":"W/\"2e82eac7ff19a7cfbab8c96510e9e0d3966b2d35217e8ceb9e663012a839ae0f\"","id":"11713249","name":"conventional-commits","node_id":"RRS_lACqUmVwb3NpdG9yec46uaXlzgCyuuE","repository":"reference-service-go","rules":[{"branch_name_pattern":[],"commit_author_email_pattern":[],"commit_message_pattern":[{"name":"","negate":false,"operator":"starts_with","pattern":"(feat|fix|docs|style|refactor|test|chore|build|ci|perf|revert)(\\(.+\\))?:"}],"committer_email_pattern":[],"creation":false,"deletion":false,"file_extension_restriction":[],"file_path_restriction":[],"max_file_path_length":[],"max_file_size":[],"merge_queue":[],"non_fast_forward":false,"pull_request":[],"required_code_scanning":[],"required_deployments":[],"required_linear_history":false,"required_signatures":false,"required_status_checks":[],"tag_name_pattern":[],"update":false,"update_allows_fetch_and_merge":false}],"ruleset_id":11713249,"target":"branch"},"sensitive_attributes":[],"private":"eyJzY2hlbWFfdmVyc2lvbiI6IjEifQ==","dependencies":["module.base.github_repository.repository"]},{"index_key":"renovate","schema_version":1,"attributes":{"bypass_actors":[{"actor_id":0,"actor_type":"OrganizationAdmin","bypass_mode":"always"}],"conditions":[{"ref_name":[{"exclude":[],"include":["~DEFAULT_BRANCH"]}]}],"enforcement":"active","etag":"W/\"2d6a509abedf54109b19e4f877e1e7a6be6c56c432666663b4d87dbe724b24ee\"","id":"11713136","name":"conventional-commits","node_id":"RRS_lACqUmVwb3NpdG9yec46uly5zgCyunA","repository":"renovate","rules":[{"branch_name_pattern":[],"commit_author_email_pattern":[],"commit_message_pattern":[{"name":"","negate":false,"operator":"starts_with","pattern":"(feat|fix|docs|style|refactor|test|chore|build|ci|perf|revert)(\\(.+\\))?:"}],"committer_email_pattern":[],"creation":false,"deletion":false,"file_extension_restriction":[],"file_path_restriction":[],"max_file_path_length":[],"max_file_size":[],"merge_queue":[],"non_fast_forward":false,"pull_request":[],"required_code_scanning":[],"required_deployments":[],"required_linear_history":false,"required_signatures":false,"required_status_checks":[],"tag_name_pattern":[],"update":false,"update_allows_fetch_and_merge":false}],"ruleset_id":11713136,"target":"branch"},"sensitive_attributes":[],"private":"eyJzY2hlbWFfdmVyc2lvbiI6IjEifQ==","dependencies":["module.base.github_repository.repository"]},{"index_key":"spectra","schema_version":1,"attributes":{"bypass_actors":[{"actor_id":0,"actor_type":"OrganizationAdmin","bypass_mode":"always"}],"conditions":[{"ref_name":[{"exclude":[],"include":["~DEFAULT_BRANCH"]}]}],"enforcement":"active","etag":"W/\"688e14c4adc84809cfcb598ff7cc4b6c81e0fc662504532bdffe2fbe8f075a39\"","id":"11785114","name":"conventional-commits","node_id":"RRS_lACqUmVwb3NpdG9yec5Dk6uZzgCz05o","repository":"spectra","rules":[{"branch_name_pattern":[],"commit_author_email_pattern":[],"commit_message_pattern":[{"name":"","negate":false,"operator":"starts_with","pattern":"(feat|fix|docs|style|refactor|test|chore|build|ci|perf|revert)(\\(.+\\))?:"}],"committer_email_pattern":[],"creation":false,"deletion":false,"file_extension_restriction":[],"file_path_restriction":[],"max_file_path_length":[],"max_file_size":[],"merge_queue":[],"non_fast_forward":false,"pull_request":[],"required_code_scanning":[],"required_deployments":[],"required_linear_history":false,"required_signatures":false,"required_status_checks":[],"tag_name_pattern":[],"update":false,"update_allows_fetch_and_merge":false}],"ruleset_id":11785114,"target":"branch"},"sensitive_attributes":[],"private":"eyJzY2hlbWFfdmVyc2lvbiI6IjEifQ==","dependencies":["module.base.github_repository.repository"]},{"index_key":"testastic","schema_version":1,"attributes":{"bypass_actors":[{"actor_id":0,"actor_type":"OrganizationAdmin","bypass_mode":"always"}],"conditions":[{"ref_name":[{"exclude":[],"include":["~DEFAULT_BRANCH"]}]}],"enforcement":"active","etag":"W/\"221746f3f51d097ea37be7cd9690bb44bfc293063784a57fc30acda5cadc7712\"","id":"11713255","name":"conventional-commits","node_id":"RRS_lACqUmVwb3NpdG9yec5CfPiSzgCyuuc","repository":"testastic","rules":[{"branch_name_pattern":[],"commit_author_email_pattern":[],"commit_message_pattern":[{"name":"","negate":false,"operator":"starts_with","pattern":"(feat|fix|docs|style|refactor|test|chore|build|ci|perf|revert)(\\(.+\\))?:"}],"committer_email_pattern":[],"creation":false,"deletion":false,"file_extension_restriction":[],"file_path_restriction":[],"max_file_path_length":[],"max_file_size":[],"merge_queue":[],"non_fast_forward":false,"pull_request":[],"required_code_scanning":[],"required_deployments":[],"required_linear_history":false,"required_signatures":false,"required_status_checks":[],"tag_name_pattern":[],"update":false,"update_allows_fetch_and_merge":false}],"ruleset_id":11713255,"target":"branch"},"sensitive_attributes":[],"private":"eyJzY2hlbWFfdmVyc2lvbiI6IjEifQ==","dependencies":["module.base.github_repository.repository"]},{"index_key":"vital","schema_version":1,"attributes":{"bypass_actors":[{"actor_id":0,"actor_type":"OrganizationAdmin","bypass_mode":"always"}],"conditions":[{"ref_name":[{"exclude":[],"include":["~DEFAULT_BRANCH"]}]}],"enforcement":"active","etag":"W/\"89ef30efd79cff8d78693ccfffbfb44dc45d522cc9af8dbb007c00922456403d\"","id":"11713254","name":"conventional-commits","node_id":"RRS_lACqUmVwb3NpdG9yec49q_ZCzgCyuuY","repository":"vital","rules":[{"branch_name_pattern":[],"commit_author_email_pattern":[],"commit_message_pattern":[{"name":"","negate":false,"operator":"starts_with","pattern":"(feat|fix|docs|style|refactor|test|chore|build|ci|perf|revert)(\\(.+\\))?:"}],"committer_email_pattern":[],"creation":false,"deletion":false,"file_extension_restriction":[],"file_path_restriction":[],"max_file_path_length":[],"max_file_size":[],"merge_queue":[],"non_fast_forward":false,"pull_request":[],"required_code_scanning":[],"required_deployments":[],"required_linear_history":false,"required_signatures":false,"required_status_checks":[],"tag_name_pattern":[],"update":false,"update_allows_fetch_and_merge":false}],"ruleset_id":11713254,"target":"branch"},"sensitive_attributes":[],"private":"eyJzY2hlbWFfdmVyc2lvbiI6IjEifQ==","dependencies":["module.base.github_repository.repository"]}]}],"check_results":null}
